
Microsoft Visual Studio Solution File, Format Version 12.00
# Visual Studio 14
VisualStudioVersion = 14.0.24720.0
MinimumVisualStudioVersion = 10.0.40219.1
Project("{FAE04EC0-301F-11D3-BF4B-00C04F79EFBC}") = "PPTS.Web.MVC.Library.Test", "PPTS.Web.MVC.Library.Test.csproj", "{1C540EFD-025C-4557-A7B1-9CA4C07987C8}"
	ProjectSection(ProjectDependencies) = postProject
		{0414177E-283E-4E91-8032-37228B715F16} = {0414177E-283E-4E91-8032-37228B715F16}
		{3AC762A7-49D7-4CCD-AB46-62FE9F88A766} = {3AC762A7-49D7-4CCD-AB46-62FE9F88A766}
	EndProjectSection
EndProject
Project("{FAE04EC0-301F-11D3-BF4B-00C04F79EFBC}") = "PPTS.Data.Common", "..\..\PPTS.Data.Common\PPTS.Data.Common.csproj", "{0414177E-283E-4E91-8032-37228B715F16}"
EndProject
Project("{FAE04EC0-301F-11D3-BF4B-00C04F79EFBC}") = "PPTS.Web.MVC.Library", "..\..\PPTS.Web.MVC.Library\PPTS.Web.MVC.Library.csproj", "{3AC762A7-49D7-4CCD-AB46-62FE9F88A766}"
	ProjectSection(ProjectDependencies) = postProject
		{0414177E-283E-4E91-8032-37228B715F16} = {0414177E-283E-4E91-8032-37228B715F16}
	EndProjectSection
EndProject
Global
	GlobalSection(SolutionConfigurationPlatforms) = preSolution
		Debug|Any CPU = Debug|Any CPU
		Release|Any CPU = Release|Any CPU
	EndGlobalSection
	GlobalSection(ProjectConfigurationPlatforms) = postSolution
		{1C540EFD-025C-4557-A7B1-9CA4C07987C8}.Debug|Any CPU.ActiveCfg = Debug|Any CPU
		{1C540EFD-025C-4557-A7B1-9CA4C07987C8}.Debug|Any CPU.Build.0 = Debug|Any CPU
		{1C540EFD-025C-4557-A7B1-9CA4C07987C8}.Release|Any CPU.ActiveCfg = Release|Any CPU
		{1C540EFD-025C-4557-A7B1-9CA4C07987C8}.Release|Any CPU.Build.0 = Release|Any CPU
		{0414177E-283E-4E91-8032-37228B715F16}.Debug|Any CPU.ActiveCfg = Debug|Any CPU
		{0414177E-283E-4E91-8032-37228B715F16}.Debug|Any CPU.Build.0 = Debug|Any CPU
		{0414177E-283E-4E91-8032-37228B715F16}.Release|Any CPU.ActiveCfg = Release|Any CPU
		{0414177E-283E-4E91-8032-37228B715F16}.Release|Any CPU.Build.0 = Release|Any CPU
		{3AC762A7-49D7-4CCD-AB46-62FE9F88A766}.Debug|Any CPU.ActiveCfg = Debug|Any CPU
		{3AC762A7-49D7-4CCD-AB46-62FE9F88A766}.Debug|Any CPU.Build.0 = Debug|Any CPU
		{3AC762A7-49D7-4CCD-AB46-62FE9F88A766}.Release|Any CPU.ActiveCfg = Release|Any CPU
		{3AC762A7-49D7-4CCD-AB46-62FE9F88A766}.Release|Any CPU.Build.0 = Release|Any CPU
	EndGlobalSection
	GlobalSection(SolutionProperties) = preSolution
		HideSolutionNode = FALSE
	EndGlobalSection
	GlobalSection(TeamFoundationVersionControl) = preSolution
		SccNumberOfProjects = 4
		SccEnterpriseProvider = {4CA58AB2-18FA-4F8D-95D4-32DDF27D184C}
		SccTeamFoundationServer = http://10.1.56.70:8080/tfs/pptsv2.0
		SccLocalPath0 = .
		SccProjectUniqueName1 = PPTS.Web.MVC.Library.Test.csproj
		SccLocalPath1 = .
		SccProjectUniqueName2 = ..\\..\\PPTS.Data.Common\\PPTS.Data.Common.csproj
		SccProjectName2 = ../../PPTS.Data.Common
		SccLocalPath2 = ..\\..\\PPTS.Data.Common
		SccProjectUniqueName3 = ..\\..\\PPTS.Web.MVC.Library\\PPTS.Web.MVC.Library.csproj
		SccProjectName3 = ../../PPTS.Web.MVC.Library
		SccLocalPath3 = ..\\..\\PPTS.Web.MVC.Library
	EndGlobalSection
EndGlobal
