
Microsoft Visual Studio Solution File, Format Version 12.00
# Visual Studio 14
VisualStudioVersion = 14.0.24720.0
MinimumVisualStudioVersion = 10.0.40219.1
Project("{FAE04EC0-301F-11D3-BF4B-00C04F79EFBC}") = "PPTS.Contracts.UnionPay", "..\..\PPTSFramework\PPTS.Contracts.UnionPay\PPTS.Contracts.UnionPay.csproj", "{4EF8FEDB-ECFC-407B-877B-1B2A4982D6B3}"
EndProject
Project("{FAE04EC0-301F-11D3-BF4B-00C04F79EFBC}") = "PPTS.Services.UnionPay", "PPTS.Services.UnionPay.csproj", "{EFCA1F0E-FA10-49F5-82A6-CEA71907977A}"
EndProject
Project("{2150E333-8FDC-42A3-9474-1A3956D46DE8}") = "Data", "Data", "{A4C2EEFE-506E-48FD-A6C9-3F4A51E2D93F}"
EndProject
Project("{2150E333-8FDC-42A3-9474-1A3956D46DE8}") = "MCS", "MCS", "{1843B017-52FD-4E95-B0BA-E8851B41C81F}"
EndProject
Project("{FAE04EC0-301F-11D3-BF4B-00C04F79EFBC}") = "MCS.Library.WcfExtensions", "..\..\Framework\MCS.Library.WcfExtensions\MCS.Library.WcfExtensions.csproj", "{F4819ABF-3CD4-4158-BF86-8FE4D3F6A7A6}"
EndProject
Project("{FAE04EC0-301F-11D3-BF4B-00C04F79EFBC}") = "PPTS.Data.Customers.Entities", "..\..\PPTSFramework\PPTS.Data.Customers.Entities\PPTS.Data.Customers.Entities.csproj", "{33E530F9-6028-4884-BF6A-4F01CCAF4A84}"
EndProject
Project("{FAE04EC0-301F-11D3-BF4B-00C04F79EFBC}") = "MCS.Library", "..\..\Framework\MCS.Library\MCS.Library.csproj", "{4077B0B7-062A-4F6D-8A45-A180A2ED3215}"
EndProject
Project("{FAE04EC0-301F-11D3-BF4B-00C04F79EFBC}") = "PPTS.Data.Customers", "..\..\PPTSFramework\PPTS.Data.Customers\PPTS.Data.Customers.csproj", "{96802A24-2E16-4B0E-83BE-AC8A54E19155}"
EndProject
Project("{2150E333-8FDC-42A3-9474-1A3956D46DE8}") = "services.Test", "services.Test", "{577B29CD-8D18-4E37-8A97-996284B6D985}"
EndProject
Project("{2150E333-8FDC-42A3-9474-1A3956D46DE8}") = "Contracts", "Contracts", "{1F97612E-D8B4-4DB2-8C1A-B5CC7FCF5128}"
EndProject
Project("{FAE04EC0-301F-11D3-BF4B-00C04F79EFBC}") = "PPTS.Contracts.Proxies", "..\..\PPTSFramework\PPTS.Contracts.Proxies\PPTS.Contracts.Proxies.csproj", "{BBA0226B-81A6-4684-AA60-14133456E9CC}"
EndProject
Project("{FAE04EC0-301F-11D3-BF4B-00C04F79EFBC}") = "PPTS.Contracts.Proxies.Test", "..\..\PPTSFramework\TestProjects\PPTS.Contracts.Proxies.Test\PPTS.Contracts.Proxies.Test.csproj", "{202258C1-7ACA-46D3-ACB8-831F949A4ECC}"
EndProject
Project("{FAE04EC0-301F-11D3-BF4B-00C04F79EFBC}") = "PPTS.Data.Common", "..\..\PPTSFramework\PPTS.Data.Common\PPTS.Data.Common.csproj", "{0414177E-283E-4E91-8032-37228B715F16}"
EndProject
Global
	GlobalSection(SolutionConfigurationPlatforms) = preSolution
		Debug|Any CPU = Debug|Any CPU
		Debug|x64 = Debug|x64
		Debug|x86 = Debug|x86
		DELUXEWORKSTEST|Any CPU = DELUXEWORKSTEST|Any CPU
		DELUXEWORKSTEST|x64 = DELUXEWORKSTEST|x64
		DELUXEWORKSTEST|x86 = DELUXEWORKSTEST|x86
		Release|Any CPU = Release|Any CPU
		Release|x64 = Release|x64
		Release|x86 = Release|x86
	EndGlobalSection
	GlobalSection(ProjectConfigurationPlatforms) = postSolution
		{4EF8FEDB-ECFC-407B-877B-1B2A4982D6B3}.Debug|Any CPU.ActiveCfg = Debug|Any CPU
		{4EF8FEDB-ECFC-407B-877B-1B2A4982D6B3}.Debug|Any CPU.Build.0 = Debug|Any CPU
		{4EF8FEDB-ECFC-407B-877B-1B2A4982D6B3}.Debug|x64.ActiveCfg = Debug|Any CPU
		{4EF8FEDB-ECFC-407B-877B-1B2A4982D6B3}.Debug|x64.Build.0 = Debug|Any CPU
		{4EF8FEDB-ECFC-407B-877B-1B2A4982D6B3}.Debug|x86.ActiveCfg = Debug|Any CPU
		{4EF8FEDB-ECFC-407B-877B-1B2A4982D6B3}.Debug|x86.Build.0 = Debug|Any CPU
		{4EF8FEDB-ECFC-407B-877B-1B2A4982D6B3}.DELUXEWORKSTEST|Any CPU.ActiveCfg = Debug|Any CPU
		{4EF8FEDB-ECFC-407B-877B-1B2A4982D6B3}.DELUXEWORKSTEST|Any CPU.Build.0 = Debug|Any CPU
		{4EF8FEDB-ECFC-407B-877B-1B2A4982D6B3}.DELUXEWORKSTEST|x64.ActiveCfg = Debug|Any CPU
		{4EF8FEDB-ECFC-407B-877B-1B2A4982D6B3}.DELUXEWORKSTEST|x64.Build.0 = Debug|Any CPU
		{4EF8FEDB-ECFC-407B-877B-1B2A4982D6B3}.DELUXEWORKSTEST|x86.ActiveCfg = Debug|Any CPU
		{4EF8FEDB-ECFC-407B-877B-1B2A4982D6B3}.DELUXEWORKSTEST|x86.Build.0 = Debug|Any CPU
		{4EF8FEDB-ECFC-407B-877B-1B2A4982D6B3}.Release|Any CPU.ActiveCfg = Release|Any CPU
		{4EF8FEDB-ECFC-407B-877B-1B2A4982D6B3}.Release|Any CPU.Build.0 = Release|Any CPU
		{4EF8FEDB-ECFC-407B-877B-1B2A4982D6B3}.Release|x64.ActiveCfg = Release|Any CPU
		{4EF8FEDB-ECFC-407B-877B-1B2A4982D6B3}.Release|x64.Build.0 = Release|Any CPU
		{4EF8FEDB-ECFC-407B-877B-1B2A4982D6B3}.Release|x86.ActiveCfg = Release|Any CPU
		{4EF8FEDB-ECFC-407B-877B-1B2A4982D6B3}.Release|x86.Build.0 = Release|Any CPU
		{EFCA1F0E-FA10-49F5-82A6-CEA71907977A}.Debug|Any CPU.ActiveCfg = Debug|Any CPU
		{EFCA1F0E-FA10-49F5-82A6-CEA71907977A}.Debug|Any CPU.Build.0 = Debug|Any CPU
		{EFCA1F0E-FA10-49F5-82A6-CEA71907977A}.Debug|x64.ActiveCfg = Debug|Any CPU
		{EFCA1F0E-FA10-49F5-82A6-CEA71907977A}.Debug|x64.Build.0 = Debug|Any CPU
		{EFCA1F0E-FA10-49F5-82A6-CEA71907977A}.Debug|x86.ActiveCfg = Debug|Any CPU
		{EFCA1F0E-FA10-49F5-82A6-CEA71907977A}.Debug|x86.Build.0 = Debug|Any CPU
		{EFCA1F0E-FA10-49F5-82A6-CEA71907977A}.DELUXEWORKSTEST|Any CPU.ActiveCfg = Debug|Any CPU
		{EFCA1F0E-FA10-49F5-82A6-CEA71907977A}.DELUXEWORKSTEST|Any CPU.Build.0 = Debug|Any CPU
		{EFCA1F0E-FA10-49F5-82A6-CEA71907977A}.DELUXEWORKSTEST|x64.ActiveCfg = Debug|Any CPU
		{EFCA1F0E-FA10-49F5-82A6-CEA71907977A}.DELUXEWORKSTEST|x64.Build.0 = Debug|Any CPU
		{EFCA1F0E-FA10-49F5-82A6-CEA71907977A}.DELUXEWORKSTEST|x86.ActiveCfg = Debug|Any CPU
		{EFCA1F0E-FA10-49F5-82A6-CEA71907977A}.DELUXEWORKSTEST|x86.Build.0 = Debug|Any CPU
		{EFCA1F0E-FA10-49F5-82A6-CEA71907977A}.Release|Any CPU.ActiveCfg = Release|Any CPU
		{EFCA1F0E-FA10-49F5-82A6-CEA71907977A}.Release|Any CPU.Build.0 = Release|Any CPU
		{EFCA1F0E-FA10-49F5-82A6-CEA71907977A}.Release|x64.ActiveCfg = Release|Any CPU
		{EFCA1F0E-FA10-49F5-82A6-CEA71907977A}.Release|x64.Build.0 = Release|Any CPU
		{EFCA1F0E-FA10-49F5-82A6-CEA71907977A}.Release|x86.ActiveCfg = Release|Any CPU
		{EFCA1F0E-FA10-49F5-82A6-CEA71907977A}.Release|x86.Build.0 = Release|Any CPU
		{F4819ABF-3CD4-4158-BF86-8FE4D3F6A7A6}.Debug|Any CPU.ActiveCfg = Debug|Any CPU
		{F4819ABF-3CD4-4158-BF86-8FE4D3F6A7A6}.Debug|Any CPU.Build.0 = Debug|Any CPU
		{F4819ABF-3CD4-4158-BF86-8FE4D3F6A7A6}.Debug|x64.ActiveCfg = Debug|Any CPU
		{F4819ABF-3CD4-4158-BF86-8FE4D3F6A7A6}.Debug|x64.Build.0 = Debug|Any CPU
		{F4819ABF-3CD4-4158-BF86-8FE4D3F6A7A6}.Debug|x86.ActiveCfg = Debug|Any CPU
		{F4819ABF-3CD4-4158-BF86-8FE4D3F6A7A6}.Debug|x86.Build.0 = Debug|Any CPU
		{F4819ABF-3CD4-4158-BF86-8FE4D3F6A7A6}.DELUXEWORKSTEST|Any CPU.ActiveCfg = Debug|Any CPU
		{F4819ABF-3CD4-4158-BF86-8FE4D3F6A7A6}.DELUXEWORKSTEST|Any CPU.Build.0 = Debug|Any CPU
		{F4819ABF-3CD4-4158-BF86-8FE4D3F6A7A6}.DELUXEWORKSTEST|x64.ActiveCfg = Debug|Any CPU
		{F4819ABF-3CD4-4158-BF86-8FE4D3F6A7A6}.DELUXEWORKSTEST|x64.Build.0 = Debug|Any CPU
		{F4819ABF-3CD4-4158-BF86-8FE4D3F6A7A6}.DELUXEWORKSTEST|x86.ActiveCfg = Debug|Any CPU
		{F4819ABF-3CD4-4158-BF86-8FE4D3F6A7A6}.DELUXEWORKSTEST|x86.Build.0 = Debug|Any CPU
		{F4819ABF-3CD4-4158-BF86-8FE4D3F6A7A6}.Release|Any CPU.ActiveCfg = Release|Any CPU
		{F4819ABF-3CD4-4158-BF86-8FE4D3F6A7A6}.Release|Any CPU.Build.0 = Release|Any CPU
		{F4819ABF-3CD4-4158-BF86-8FE4D3F6A7A6}.Release|x64.ActiveCfg = Release|Any CPU
		{F4819ABF-3CD4-4158-BF86-8FE4D3F6A7A6}.Release|x64.Build.0 = Release|Any CPU
		{F4819ABF-3CD4-4158-BF86-8FE4D3F6A7A6}.Release|x86.ActiveCfg = Release|Any CPU
		{F4819ABF-3CD4-4158-BF86-8FE4D3F6A7A6}.Release|x86.Build.0 = Release|Any CPU
		{33E530F9-6028-4884-BF6A-4F01CCAF4A84}.Debug|Any CPU.ActiveCfg = Debug|Any CPU
		{33E530F9-6028-4884-BF6A-4F01CCAF4A84}.Debug|Any CPU.Build.0 = Debug|Any CPU
		{33E530F9-6028-4884-BF6A-4F01CCAF4A84}.Debug|x64.ActiveCfg = Debug|Any CPU
		{33E530F9-6028-4884-BF6A-4F01CCAF4A84}.Debug|x64.Build.0 = Debug|Any CPU
		{33E530F9-6028-4884-BF6A-4F01CCAF4A84}.Debug|x86.ActiveCfg = Debug|Any CPU
		{33E530F9-6028-4884-BF6A-4F01CCAF4A84}.Debug|x86.Build.0 = Debug|Any CPU
		{33E530F9-6028-4884-BF6A-4F01CCAF4A84}.DELUXEWORKSTEST|Any CPU.ActiveCfg = Debug|Any CPU
		{33E530F9-6028-4884-BF6A-4F01CCAF4A84}.DELUXEWORKSTEST|Any CPU.Build.0 = Debug|Any CPU
		{33E530F9-6028-4884-BF6A-4F01CCAF4A84}.DELUXEWORKSTEST|x64.ActiveCfg = Debug|Any CPU
		{33E530F9-6028-4884-BF6A-4F01CCAF4A84}.DELUXEWORKSTEST|x64.Build.0 = Debug|Any CPU
		{33E530F9-6028-4884-BF6A-4F01CCAF4A84}.DELUXEWORKSTEST|x86.ActiveCfg = Debug|Any CPU
		{33E530F9-6028-4884-BF6A-4F01CCAF4A84}.DELUXEWORKSTEST|x86.Build.0 = Debug|Any CPU
		{33E530F9-6028-4884-BF6A-4F01CCAF4A84}.Release|Any CPU.ActiveCfg = Release|Any CPU
		{33E530F9-6028-4884-BF6A-4F01CCAF4A84}.Release|Any CPU.Build.0 = Release|Any CPU
		{33E530F9-6028-4884-BF6A-4F01CCAF4A84}.Release|x64.ActiveCfg = Release|Any CPU
		{33E530F9-6028-4884-BF6A-4F01CCAF4A84}.Release|x64.Build.0 = Release|Any CPU
		{33E530F9-6028-4884-BF6A-4F01CCAF4A84}.Release|x86.ActiveCfg = Release|Any CPU
		{33E530F9-6028-4884-BF6A-4F01CCAF4A84}.Release|x86.Build.0 = Release|Any CPU
		{4077B0B7-062A-4F6D-8A45-A180A2ED3215}.Debug|Any CPU.ActiveCfg = Debug|Any CPU
		{4077B0B7-062A-4F6D-8A45-A180A2ED3215}.Debug|Any CPU.Build.0 = Debug|Any CPU
		{4077B0B7-062A-4F6D-8A45-A180A2ED3215}.Debug|x64.ActiveCfg = Debug|x64
		{4077B0B7-062A-4F6D-8A45-A180A2ED3215}.Debug|x64.Build.0 = Debug|x64
		{4077B0B7-062A-4F6D-8A45-A180A2ED3215}.Debug|x86.ActiveCfg = Debug|x86
		{4077B0B7-062A-4F6D-8A45-A180A2ED3215}.Debug|x86.Build.0 = Debug|x86
		{4077B0B7-062A-4F6D-8A45-A180A2ED3215}.DELUXEWORKSTEST|Any CPU.ActiveCfg = DELUXEWORKSTEST|Any CPU
		{4077B0B7-062A-4F6D-8A45-A180A2ED3215}.DELUXEWORKSTEST|Any CPU.Build.0 = DELUXEWORKSTEST|Any CPU
		{4077B0B7-062A-4F6D-8A45-A180A2ED3215}.DELUXEWORKSTEST|x64.ActiveCfg = DELUXEWORKSTEST|x64
		{4077B0B7-062A-4F6D-8A45-A180A2ED3215}.DELUXEWORKSTEST|x64.Build.0 = DELUXEWORKSTEST|x64
		{4077B0B7-062A-4F6D-8A45-A180A2ED3215}.DELUXEWORKSTEST|x86.ActiveCfg = DELUXEWORKSTEST|x86
		{4077B0B7-062A-4F6D-8A45-A180A2ED3215}.DELUXEWORKSTEST|x86.Build.0 = DELUXEWORKSTEST|x86
		{4077B0B7-062A-4F6D-8A45-A180A2ED3215}.Release|Any CPU.ActiveCfg = Release|Any CPU
		{4077B0B7-062A-4F6D-8A45-A180A2ED3215}.Release|Any CPU.Build.0 = Release|Any CPU
		{4077B0B7-062A-4F6D-8A45-A180A2ED3215}.Release|x64.ActiveCfg = Release|x64
		{4077B0B7-062A-4F6D-8A45-A180A2ED3215}.Release|x64.Build.0 = Release|x64
		{4077B0B7-062A-4F6D-8A45-A180A2ED3215}.Release|x86.ActiveCfg = Release|x86
		{4077B0B7-062A-4F6D-8A45-A180A2ED3215}.Release|x86.Build.0 = Release|x86
		{96802A24-2E16-4B0E-83BE-AC8A54E19155}.Debug|Any CPU.ActiveCfg = Debug|Any CPU
		{96802A24-2E16-4B0E-83BE-AC8A54E19155}.Debug|Any CPU.Build.0 = Debug|Any CPU
		{96802A24-2E16-4B0E-83BE-AC8A54E19155}.Debug|x64.ActiveCfg = Debug|Any CPU
		{96802A24-2E16-4B0E-83BE-AC8A54E19155}.Debug|x64.Build.0 = Debug|Any CPU
		{96802A24-2E16-4B0E-83BE-AC8A54E19155}.Debug|x86.ActiveCfg = Debug|Any CPU
		{96802A24-2E16-4B0E-83BE-AC8A54E19155}.Debug|x86.Build.0 = Debug|Any CPU
		{96802A24-2E16-4B0E-83BE-AC8A54E19155}.DELUXEWORKSTEST|Any CPU.ActiveCfg = Debug|Any CPU
		{96802A24-2E16-4B0E-83BE-AC8A54E19155}.DELUXEWORKSTEST|Any CPU.Build.0 = Debug|Any CPU
		{96802A24-2E16-4B0E-83BE-AC8A54E19155}.DELUXEWORKSTEST|x64.ActiveCfg = Debug|Any CPU
		{96802A24-2E16-4B0E-83BE-AC8A54E19155}.DELUXEWORKSTEST|x64.Build.0 = Debug|Any CPU
		{96802A24-2E16-4B0E-83BE-AC8A54E19155}.DELUXEWORKSTEST|x86.ActiveCfg = Debug|Any CPU
		{96802A24-2E16-4B0E-83BE-AC8A54E19155}.DELUXEWORKSTEST|x86.Build.0 = Debug|Any CPU
		{96802A24-2E16-4B0E-83BE-AC8A54E19155}.Release|Any CPU.ActiveCfg = Release|Any CPU
		{96802A24-2E16-4B0E-83BE-AC8A54E19155}.Release|Any CPU.Build.0 = Release|Any CPU
		{96802A24-2E16-4B0E-83BE-AC8A54E19155}.Release|x64.ActiveCfg = Release|Any CPU
		{96802A24-2E16-4B0E-83BE-AC8A54E19155}.Release|x64.Build.0 = Release|Any CPU
		{96802A24-2E16-4B0E-83BE-AC8A54E19155}.Release|x86.ActiveCfg = Release|Any CPU
		{96802A24-2E16-4B0E-83BE-AC8A54E19155}.Release|x86.Build.0 = Release|Any CPU
		{BBA0226B-81A6-4684-AA60-14133456E9CC}.Debug|Any CPU.ActiveCfg = Debug|Any CPU
		{BBA0226B-81A6-4684-AA60-14133456E9CC}.Debug|Any CPU.Build.0 = Debug|Any CPU
		{BBA0226B-81A6-4684-AA60-14133456E9CC}.Debug|x64.ActiveCfg = Debug|Any CPU
		{BBA0226B-81A6-4684-AA60-14133456E9CC}.Debug|x64.Build.0 = Debug|Any CPU
		{BBA0226B-81A6-4684-AA60-14133456E9CC}.Debug|x86.ActiveCfg = Debug|Any CPU
		{BBA0226B-81A6-4684-AA60-14133456E9CC}.Debug|x86.Build.0 = Debug|Any CPU
		{BBA0226B-81A6-4684-AA60-14133456E9CC}.DELUXEWORKSTEST|Any CPU.ActiveCfg = Debug|Any CPU
		{BBA0226B-81A6-4684-AA60-14133456E9CC}.DELUXEWORKSTEST|Any CPU.Build.0 = Debug|Any CPU
		{BBA0226B-81A6-4684-AA60-14133456E9CC}.DELUXEWORKSTEST|x64.ActiveCfg = Debug|Any CPU
		{BBA0226B-81A6-4684-AA60-14133456E9CC}.DELUXEWORKSTEST|x64.Build.0 = Debug|Any CPU
		{BBA0226B-81A6-4684-AA60-14133456E9CC}.DELUXEWORKSTEST|x86.ActiveCfg = Debug|Any CPU
		{BBA0226B-81A6-4684-AA60-14133456E9CC}.DELUXEWORKSTEST|x86.Build.0 = Debug|Any CPU
		{BBA0226B-81A6-4684-AA60-14133456E9CC}.Release|Any CPU.ActiveCfg = Release|Any CPU
		{BBA0226B-81A6-4684-AA60-14133456E9CC}.Release|Any CPU.Build.0 = Release|Any CPU
		{BBA0226B-81A6-4684-AA60-14133456E9CC}.Release|x64.ActiveCfg = Release|Any CPU
		{BBA0226B-81A6-4684-AA60-14133456E9CC}.Release|x64.Build.0 = Release|Any CPU
		{BBA0226B-81A6-4684-AA60-14133456E9CC}.Release|x86.ActiveCfg = Release|Any CPU
		{BBA0226B-81A6-4684-AA60-14133456E9CC}.Release|x86.Build.0 = Release|Any CPU
		{202258C1-7ACA-46D3-ACB8-831F949A4ECC}.Debug|Any CPU.ActiveCfg = Debug|Any CPU
		{202258C1-7ACA-46D3-ACB8-831F949A4ECC}.Debug|Any CPU.Build.0 = Debug|Any CPU
		{202258C1-7ACA-46D3-ACB8-831F949A4ECC}.Debug|x64.ActiveCfg = Debug|Any CPU
		{202258C1-7ACA-46D3-ACB8-831F949A4ECC}.Debug|x64.Build.0 = Debug|Any CPU
		{202258C1-7ACA-46D3-ACB8-831F949A4ECC}.Debug|x86.ActiveCfg = Debug|Any CPU
		{202258C1-7ACA-46D3-ACB8-831F949A4ECC}.Debug|x86.Build.0 = Debug|Any CPU
		{202258C1-7ACA-46D3-ACB8-831F949A4ECC}.DELUXEWORKSTEST|Any CPU.ActiveCfg = Debug|Any CPU
		{202258C1-7ACA-46D3-ACB8-831F949A4ECC}.DELUXEWORKSTEST|Any CPU.Build.0 = Debug|Any CPU
		{202258C1-7ACA-46D3-ACB8-831F949A4ECC}.DELUXEWORKSTEST|x64.ActiveCfg = Debug|Any CPU
		{202258C1-7ACA-46D3-ACB8-831F949A4ECC}.DELUXEWORKSTEST|x64.Build.0 = Debug|Any CPU
		{202258C1-7ACA-46D3-ACB8-831F949A4ECC}.DELUXEWORKSTEST|x86.ActiveCfg = Debug|Any CPU
		{202258C1-7ACA-46D3-ACB8-831F949A4ECC}.DELUXEWORKSTEST|x86.Build.0 = Debug|Any CPU
		{202258C1-7ACA-46D3-ACB8-831F949A4ECC}.Release|Any CPU.ActiveCfg = Release|Any CPU
		{202258C1-7ACA-46D3-ACB8-831F949A4ECC}.Release|Any CPU.Build.0 = Release|Any CPU
		{202258C1-7ACA-46D3-ACB8-831F949A4ECC}.Release|x64.ActiveCfg = Release|Any CPU
		{202258C1-7ACA-46D3-ACB8-831F949A4ECC}.Release|x64.Build.0 = Release|Any CPU
		{202258C1-7ACA-46D3-ACB8-831F949A4ECC}.Release|x86.ActiveCfg = Release|Any CPU
		{202258C1-7ACA-46D3-ACB8-831F949A4ECC}.Release|x86.Build.0 = Release|Any CPU
		{0414177E-283E-4E91-8032-37228B715F16}.Debug|Any CPU.ActiveCfg = Debug|Any CPU
		{0414177E-283E-4E91-8032-37228B715F16}.Debug|Any CPU.Build.0 = Debug|Any CPU
		{0414177E-283E-4E91-8032-37228B715F16}.Debug|x64.ActiveCfg = Debug|Any CPU
		{0414177E-283E-4E91-8032-37228B715F16}.Debug|x64.Build.0 = Debug|Any CPU
		{0414177E-283E-4E91-8032-37228B715F16}.Debug|x86.ActiveCfg = Debug|Any CPU
		{0414177E-283E-4E91-8032-37228B715F16}.Debug|x86.Build.0 = Debug|Any CPU
		{0414177E-283E-4E91-8032-37228B715F16}.DELUXEWORKSTEST|Any CPU.ActiveCfg = Debug|Any CPU
		{0414177E-283E-4E91-8032-37228B715F16}.DELUXEWORKSTEST|Any CPU.Build.0 = Debug|Any CPU
		{0414177E-283E-4E91-8032-37228B715F16}.DELUXEWORKSTEST|x64.ActiveCfg = Debug|Any CPU
		{0414177E-283E-4E91-8032-37228B715F16}.DELUXEWORKSTEST|x64.Build.0 = Debug|Any CPU
		{0414177E-283E-4E91-8032-37228B715F16}.DELUXEWORKSTEST|x86.ActiveCfg = Debug|Any CPU
		{0414177E-283E-4E91-8032-37228B715F16}.DELUXEWORKSTEST|x86.Build.0 = Debug|Any CPU
		{0414177E-283E-4E91-8032-37228B715F16}.Release|Any CPU.ActiveCfg = Release|Any CPU
		{0414177E-283E-4E91-8032-37228B715F16}.Release|Any CPU.Build.0 = Release|Any CPU
		{0414177E-283E-4E91-8032-37228B715F16}.Release|x64.ActiveCfg = Release|Any CPU
		{0414177E-283E-4E91-8032-37228B715F16}.Release|x64.Build.0 = Release|Any CPU
		{0414177E-283E-4E91-8032-37228B715F16}.Release|x86.ActiveCfg = Release|Any CPU
		{0414177E-283E-4E91-8032-37228B715F16}.Release|x86.Build.0 = Release|Any CPU
	EndGlobalSection
	GlobalSection(SolutionProperties) = preSolution
		HideSolutionNode = FALSE
	EndGlobalSection
	GlobalSection(NestedProjects) = preSolution
		{4EF8FEDB-ECFC-407B-877B-1B2A4982D6B3} = {1F97612E-D8B4-4DB2-8C1A-B5CC7FCF5128}
		{F4819ABF-3CD4-4158-BF86-8FE4D3F6A7A6} = {1843B017-52FD-4E95-B0BA-E8851B41C81F}
		{33E530F9-6028-4884-BF6A-4F01CCAF4A84} = {A4C2EEFE-506E-48FD-A6C9-3F4A51E2D93F}
		{4077B0B7-062A-4F6D-8A45-A180A2ED3215} = {1843B017-52FD-4E95-B0BA-E8851B41C81F}
		{96802A24-2E16-4B0E-83BE-AC8A54E19155} = {A4C2EEFE-506E-48FD-A6C9-3F4A51E2D93F}
		{BBA0226B-81A6-4684-AA60-14133456E9CC} = {1F97612E-D8B4-4DB2-8C1A-B5CC7FCF5128}
		{202258C1-7ACA-46D3-ACB8-831F949A4ECC} = {577B29CD-8D18-4E37-8A97-996284B6D985}
		{0414177E-283E-4E91-8032-37228B715F16} = {A4C2EEFE-506E-48FD-A6C9-3F4A51E2D93F}
	EndGlobalSection
	GlobalSection(TeamFoundationVersionControl) = preSolution
		SccNumberOfProjects = 10
		SccEnterpriseProvider = {4CA58AB2-18FA-4F8D-95D4-32DDF27D184C}
		SccTeamFoundationServer = http://10.1.56.70:8080/tfs/pptsv2.0
		SccLocalPath0 = .
		SccProjectUniqueName1 = ..\\..\\Framework\\MCS.Library.WcfExtensions\\MCS.Library.WcfExtensions.csproj
		SccProjectTopLevelParentUniqueName1 = PPTS.Services.UnionPay.sln
		SccProjectName1 = ../../Framework/MCS.Library.WcfExtensions
		SccLocalPath1 = ..\\..\\Framework\\MCS.Library.WcfExtensions
		SccProjectUniqueName2 = ..\\..\\PPTSFramework\\PPTS.Data.Customers.Entities\\PPTS.Data.Customers.Entities.csproj
		SccProjectTopLevelParentUniqueName2 = PPTS.Services.UnionPay.sln
		SccProjectName2 = ../../PPTSFramework/PPTS.Data.Customers.Entities
		SccLocalPath2 = ..\\..\\PPTSFramework\\PPTS.Data.Customers.Entities
		SccProjectUniqueName3 = ..\\..\\Framework\\MCS.Library\\MCS.Library.csproj
		SccProjectTopLevelParentUniqueName3 = PPTS.Services.UnionPay.sln
		SccProjectName3 = ../../Framework/MCS.Library
		SccLocalPath3 = ..\\..\\Framework\\MCS.Library
		SccProjectUniqueName4 = ..\\..\\PPTSFramework\\PPTS.Data.Customers\\PPTS.Data.Customers.csproj
		SccProjectTopLevelParentUniqueName4 = PPTS.Services.UnionPay.sln
		SccProjectName4 = ../../PPTSFramework/PPTS.Data.Customers
		SccLocalPath4 = ..\\..\\PPTSFramework\\PPTS.Data.Customers
		SccProjectUniqueName5 = ..\\..\\PPTSFramework\\PPTS.Contracts.Proxies\\PPTS.Contracts.Proxies.csproj
		SccProjectTopLevelParentUniqueName5 = PPTS.Services.UnionPay.sln
		SccProjectName5 = ../../PPTSFramework/PPTS.Contracts.Proxies
		SccLocalPath5 = ..\\..\\PPTSFramework\\PPTS.Contracts.Proxies
		SccProjectUniqueName6 = ..\\..\\PPTSFramework\\PPTS.Contracts.UnionPay\\PPTS.Contracts.UnionPay.csproj
		SccProjectTopLevelParentUniqueName6 = PPTS.Services.UnionPay.sln
		SccProjectName6 = ../../PPTSFramework/PPTS.Contracts.UnionPay
		SccLocalPath6 = ..\\..\\PPTSFramework\\PPTS.Contracts.UnionPay
		SccProjectUniqueName7 = PPTS.Services.UnionPay.csproj
		SccLocalPath7 = .
		SccProjectUniqueName8 = ..\\..\\PPTSFramework\\TestProjects\\PPTS.Contracts.Proxies.Test\\PPTS.Contracts.Proxies.Test.csproj
		SccProjectTopLevelParentUniqueName8 = PPTS.Services.UnionPay.sln
		SccProjectName8 = ../../PPTSFramework/TestProjects/PPTS.Contracts.Proxies.Test
		SccLocalPath8 = ..\\..\\PPTSFramework\\TestProjects\\PPTS.Contracts.Proxies.Test
		SccProjectUniqueName9 = ..\\..\\PPTSFramework\\PPTS.Data.Common\\PPTS.Data.Common.csproj
		SccProjectTopLevelParentUniqueName9 = PPTS.Services.UnionPay.sln
		SccProjectName9 = ../../PPTSFramework/PPTS.Data.Common
		SccLocalPath9 = ..\\..\\PPTSFramework\\PPTS.Data.Common
	EndGlobalSection
EndGlobal
