
Microsoft Visual Studio Solution File, Format Version 12.00
# Visual Studio 14
VisualStudioVersion = 14.0.24720.0
MinimumVisualStudioVersion = 10.0.40219.1
Project("{00D1A9C2-B5F0-4AF3-8072-F6C62B433612}") = "PPTS.Data.Customers.DB", "PPTS.Data.Customers.DB\PPTS.Data.Customers.DB.sqlproj", "{5CC11C64-4F2F-4360-92BE-C357161A24AD}"
EndProject
Project("{00D1A9C2-B5F0-4AF3-8072-F6C62B433612}") = "PPTS.Data.Orders.DB", "PPTS.Data.Orders.DB\PPTS.Data.Orders.DB.sqlproj", "{D40ADA13-F5F5-484E-9B13-715F58C18C72}"
EndProject
Project("{00D1A9C2-B5F0-4AF3-8072-F6C62B433612}") = "PPTS.Data.Products.DB", "PPTS.Data.Products.DB\PPTS.Data.Products.DB.sqlproj", "{5F4B0CAC-76BA-4758-81B3-05A9B705BDDF}"
EndProject
Project("{00D1A9C2-B5F0-4AF3-8072-F6C62B433612}") = "PPTS.Data.Common.DB", "PPTS.Data.Common.DB\PPTS.Data.Common.DB.sqlproj", "{17340F2E-3BFB-4E75-B7DD-797E39A4ECC8}"
EndProject
Project("{00D1A9C2-B5F0-4AF3-8072-F6C62B433612}") = "PPTS.Data.Search.DB", "PPTS.Data.Search.DB\PPTS.Data.Search.DB.sqlproj", "{57340F2E-3BFB-4E75-B7DD-797E39A4ECC8}"
EndProject
Global
	GlobalSection(SolutionConfigurationPlatforms) = preSolution
		Debug|Any CPU = Debug|Any CPU
		Release|Any CPU = Release|Any CPU
	EndGlobalSection
	GlobalSection(ProjectConfigurationPlatforms) = postSolution
		{5CC11C64-4F2F-4360-92BE-C357161A24AD}.Debug|Any CPU.ActiveCfg = Debug|Any CPU
		{5CC11C64-4F2F-4360-92BE-C357161A24AD}.Debug|Any CPU.Build.0 = Debug|Any CPU
		{5CC11C64-4F2F-4360-92BE-C357161A24AD}.Debug|Any CPU.Deploy.0 = Debug|Any CPU
		{5CC11C64-4F2F-4360-92BE-C357161A24AD}.Release|Any CPU.ActiveCfg = Release|Any CPU
		{5CC11C64-4F2F-4360-92BE-C357161A24AD}.Release|Any CPU.Build.0 = Release|Any CPU
		{5CC11C64-4F2F-4360-92BE-C357161A24AD}.Release|Any CPU.Deploy.0 = Release|Any CPU
		{D40ADA13-F5F5-484E-9B13-715F58C18C72}.Debug|Any CPU.ActiveCfg = Debug|Any CPU
		{D40ADA13-F5F5-484E-9B13-715F58C18C72}.Debug|Any CPU.Build.0 = Debug|Any CPU
		{D40ADA13-F5F5-484E-9B13-715F58C18C72}.Debug|Any CPU.Deploy.0 = Debug|Any CPU
		{D40ADA13-F5F5-484E-9B13-715F58C18C72}.Release|Any CPU.ActiveCfg = Release|Any CPU
		{D40ADA13-F5F5-484E-9B13-715F58C18C72}.Release|Any CPU.Build.0 = Release|Any CPU
		{D40ADA13-F5F5-484E-9B13-715F58C18C72}.Release|Any CPU.Deploy.0 = Release|Any CPU
		{5F4B0CAC-76BA-4758-81B3-05A9B705BDDF}.Debug|Any CPU.ActiveCfg = Debug|Any CPU
		{5F4B0CAC-76BA-4758-81B3-05A9B705BDDF}.Debug|Any CPU.Build.0 = Debug|Any CPU
		{5F4B0CAC-76BA-4758-81B3-05A9B705BDDF}.Debug|Any CPU.Deploy.0 = Debug|Any CPU
		{5F4B0CAC-76BA-4758-81B3-05A9B705BDDF}.Release|Any CPU.ActiveCfg = Release|Any CPU
		{5F4B0CAC-76BA-4758-81B3-05A9B705BDDF}.Release|Any CPU.Build.0 = Release|Any CPU
		{5F4B0CAC-76BA-4758-81B3-05A9B705BDDF}.Release|Any CPU.Deploy.0 = Release|Any CPU
		{17340F2E-3BFB-4E75-B7DD-797E39A4ECC8}.Debug|Any CPU.ActiveCfg = Debug|Any CPU
		{17340F2E-3BFB-4E75-B7DD-797E39A4ECC8}.Debug|Any CPU.Build.0 = Debug|Any CPU
		{17340F2E-3BFB-4E75-B7DD-797E39A4ECC8}.Debug|Any CPU.Deploy.0 = Debug|Any CPU
		{17340F2E-3BFB-4E75-B7DD-797E39A4ECC8}.Release|Any CPU.ActiveCfg = Release|Any CPU
		{17340F2E-3BFB-4E75-B7DD-797E39A4ECC8}.Release|Any CPU.Build.0 = Release|Any CPU
		{17340F2E-3BFB-4E75-B7DD-797E39A4ECC8}.Release|Any CPU.Deploy.0 = Release|Any CPU
		{57340F2E-3BFB-4E75-B7DD-797E39A4ECC8}.Debug|Any CPU.ActiveCfg = Debug|Any CPU
		{57340F2E-3BFB-4E75-B7DD-797E39A4ECC8}.Debug|Any CPU.Build.0 = Debug|Any CPU
		{57340F2E-3BFB-4E75-B7DD-797E39A4ECC8}.Debug|Any CPU.Deploy.0 = Debug|Any CPU
		{57340F2E-3BFB-4E75-B7DD-797E39A4ECC8}.Release|Any CPU.ActiveCfg = Release|Any CPU
		{57340F2E-3BFB-4E75-B7DD-797E39A4ECC8}.Release|Any CPU.Build.0 = Release|Any CPU
		{57340F2E-3BFB-4E75-B7DD-797E39A4ECC8}.Release|Any CPU.Deploy.0 = Release|Any CPU
	EndGlobalSection
	GlobalSection(SolutionProperties) = preSolution
		HideSolutionNode = FALSE
	EndGlobalSection
	GlobalSection(TeamFoundationVersionControl) = preSolution
		SccNumberOfProjects = 6
		SccEnterpriseProvider = {4CA58AB2-18FA-4F8D-95D4-32DDF27D184C}
		SccTeamFoundationServer = http://10.1.56.70:8080/tfs/pptsv2.0
		SccLocalPath0 = .
		SccProjectUniqueName1 = PPTS.Data.Customers.DB\\PPTS.Data.Customers.DB.sqlproj
		SccProjectName1 = PPTS.Data.Customers.DB
		SccLocalPath1 = PPTS.Data.Customers.DB
		SccProjectUniqueName2 = PPTS.Data.Orders.DB\\PPTS.Data.Orders.DB.sqlproj
		SccProjectName2 = PPTS.Data.Orders.DB
		SccLocalPath2 = PPTS.Data.Orders.DB
		SccProjectUniqueName3 = PPTS.Data.Products.DB\\PPTS.Data.Products.DB.sqlproj
		SccProjectName3 = PPTS.Data.Products.DB
		SccLocalPath3 = PPTS.Data.Products.DB
		SccProjectUniqueName4 = PPTS.Data.Common.DB\\PPTS.Data.Common.DB.sqlproj
		SccProjectName4 = PPTS.Data.Common.DB
		SccLocalPath4 = PPTS.Data.Common.DB
		SccProjectUniqueName5 = PPTS.Data.Search.DB\\PPTS.Data.Search.DB.sqlproj
		SccProjectName5 = PPTS.Data.Search.DB
		SccLocalPath5 = PPTS.Data.Search.DB
	EndGlobalSection
EndGlobal
