
Microsoft Visual Studio Solution File, Format Version 12.00
# Visual Studio 14
VisualStudioVersion = 14.0.25123.0
MinimumVisualStudioVersion = 10.0.40219.1
Project("{FAE04EC0-301F-11D3-BF4B-00C04F79EFBC}") = "PPTS.Portal", "PPTS.Portal.csproj", "{CF87C51B-3D83-4C79-8FDD-FF5FC6D5C869}"
EndProject
Project("{FAE04EC0-301F-11D3-BF4B-00C04F79EFBC}") = "PPTS.WebAPI.Customers", "..\PPTS.WebAPI.Customers\PPTS.WebAPI.Customers.csproj", "{CE7CE1AF-FBD4-4187-9091-211E51BC1517}"
EndProject
Project("{FAE04EC0-301F-11D3-BF4B-00C04F79EFBC}") = "MCS.Library.Data", "..\..\Framework\MCS.Library.Data\MCS.Library.Data.csproj", "{4313DE1E-738F-477D-B7FD-B237E9116670}"
EndProject
Project("{FAE04EC0-301F-11D3-BF4B-00C04F79EFBC}") = "PPTS.Data.Customers", "..\..\PPTSFramework\PPTS.Data.Customers\PPTS.Data.Customers.csproj", "{96802A24-2E16-4B0E-83BE-AC8A54E19155}"
EndProject
Project("{FAE04EC0-301F-11D3-BF4B-00C04F79EFBC}") = "PPTS.Data.Products", "..\..\PPTSFramework\PPTS.Data.Products\PPTS.Data.Products.csproj", "{FC0E93D0-1D5C-4BDC-95CA-D77052D2F9D2}"
EndProject
Project("{FAE04EC0-301F-11D3-BF4B-00C04F79EFBC}") = "PPTS.Web.Component", "..\PPTS.Web.Component\PPTS.Web.Component.csproj", "{D40DC48B-6186-4DCF-8693-3CDB8F7F8245}"
EndProject
Global
	GlobalSection(SolutionConfigurationPlatforms) = preSolution
		Debug|Any CPU = Debug|Any CPU
		DELUXEWORKSTEST|Any CPU = DELUXEWORKSTEST|Any CPU
		Release|Any CPU = Release|Any CPU
	EndGlobalSection
	GlobalSection(ProjectConfigurationPlatforms) = postSolution
		{CF87C51B-3D83-4C79-8FDD-FF5FC6D5C869}.Debug|Any CPU.ActiveCfg = Debug|Any CPU
		{CF87C51B-3D83-4C79-8FDD-FF5FC6D5C869}.Debug|Any CPU.Build.0 = Debug|Any CPU
		{CF87C51B-3D83-4C79-8FDD-FF5FC6D5C869}.DELUXEWORKSTEST|Any CPU.ActiveCfg = Debug|Any CPU
		{CF87C51B-3D83-4C79-8FDD-FF5FC6D5C869}.DELUXEWORKSTEST|Any CPU.Build.0 = Debug|Any CPU
		{CF87C51B-3D83-4C79-8FDD-FF5FC6D5C869}.Release|Any CPU.ActiveCfg = Release|Any CPU
		{CF87C51B-3D83-4C79-8FDD-FF5FC6D5C869}.Release|Any CPU.Build.0 = Release|Any CPU
		{CE7CE1AF-FBD4-4187-9091-211E51BC1517}.Debug|Any CPU.ActiveCfg = Debug|Any CPU
		{CE7CE1AF-FBD4-4187-9091-211E51BC1517}.Debug|Any CPU.Build.0 = Debug|Any CPU
		{CE7CE1AF-FBD4-4187-9091-211E51BC1517}.DELUXEWORKSTEST|Any CPU.ActiveCfg = Debug|Any CPU
		{CE7CE1AF-FBD4-4187-9091-211E51BC1517}.DELUXEWORKSTEST|Any CPU.Build.0 = Debug|Any CPU
		{CE7CE1AF-FBD4-4187-9091-211E51BC1517}.Release|Any CPU.ActiveCfg = Release|Any CPU
		{CE7CE1AF-FBD4-4187-9091-211E51BC1517}.Release|Any CPU.Build.0 = Release|Any CPU
		{4313DE1E-738F-477D-B7FD-B237E9116670}.Debug|Any CPU.ActiveCfg = Debug|Any CPU
		{4313DE1E-738F-477D-B7FD-B237E9116670}.Debug|Any CPU.Build.0 = Debug|Any CPU
		{4313DE1E-738F-477D-B7FD-B237E9116670}.DELUXEWORKSTEST|Any CPU.ActiveCfg = DELUXEWORKSTEST|Any CPU
		{4313DE1E-738F-477D-B7FD-B237E9116670}.DELUXEWORKSTEST|Any CPU.Build.0 = DELUXEWORKSTEST|Any CPU
		{4313DE1E-738F-477D-B7FD-B237E9116670}.Release|Any CPU.ActiveCfg = Release|Any CPU
		{4313DE1E-738F-477D-B7FD-B237E9116670}.Release|Any CPU.Build.0 = Release|Any CPU
		{96802A24-2E16-4B0E-83BE-AC8A54E19155}.Debug|Any CPU.ActiveCfg = Debug|Any CPU
		{96802A24-2E16-4B0E-83BE-AC8A54E19155}.Debug|Any CPU.Build.0 = Debug|Any CPU
		{96802A24-2E16-4B0E-83BE-AC8A54E19155}.DELUXEWORKSTEST|Any CPU.ActiveCfg = Debug|Any CPU
		{96802A24-2E16-4B0E-83BE-AC8A54E19155}.DELUXEWORKSTEST|Any CPU.Build.0 = Debug|Any CPU
		{96802A24-2E16-4B0E-83BE-AC8A54E19155}.Release|Any CPU.ActiveCfg = Release|Any CPU
		{96802A24-2E16-4B0E-83BE-AC8A54E19155}.Release|Any CPU.Build.0 = Release|Any CPU
		{FC0E93D0-1D5C-4BDC-95CA-D77052D2F9D2}.Debug|Any CPU.ActiveCfg = Debug|Any CPU
		{FC0E93D0-1D5C-4BDC-95CA-D77052D2F9D2}.Debug|Any CPU.Build.0 = Debug|Any CPU
		{FC0E93D0-1D5C-4BDC-95CA-D77052D2F9D2}.DELUXEWORKSTEST|Any CPU.ActiveCfg = Debug|Any CPU
		{FC0E93D0-1D5C-4BDC-95CA-D77052D2F9D2}.DELUXEWORKSTEST|Any CPU.Build.0 = Debug|Any CPU
		{FC0E93D0-1D5C-4BDC-95CA-D77052D2F9D2}.Release|Any CPU.ActiveCfg = Release|Any CPU
		{FC0E93D0-1D5C-4BDC-95CA-D77052D2F9D2}.Release|Any CPU.Build.0 = Release|Any CPU
		{D40DC48B-6186-4DCF-8693-3CDB8F7F8245}.Debug|Any CPU.ActiveCfg = Debug|Any CPU
		{D40DC48B-6186-4DCF-8693-3CDB8F7F8245}.Debug|Any CPU.Build.0 = Debug|Any CPU
		{D40DC48B-6186-4DCF-8693-3CDB8F7F8245}.DELUXEWORKSTEST|Any CPU.ActiveCfg = Debug|Any CPU
		{D40DC48B-6186-4DCF-8693-3CDB8F7F8245}.DELUXEWORKSTEST|Any CPU.Build.0 = Debug|Any CPU
		{D40DC48B-6186-4DCF-8693-3CDB8F7F8245}.Release|Any CPU.ActiveCfg = Release|Any CPU
		{D40DC48B-6186-4DCF-8693-3CDB8F7F8245}.Release|Any CPU.Build.0 = Release|Any CPU
	EndGlobalSection
	GlobalSection(SolutionProperties) = preSolution
		HideSolutionNode = FALSE
	EndGlobalSection
	GlobalSection(TeamFoundationVersionControl) = preSolution
		SccNumberOfProjects = 7
		SccEnterpriseProvider = {4CA58AB2-18FA-4F8D-95D4-32DDF27D184C}
		SccTeamFoundationServer = http://10.1.56.70:8080/tfs/pptsv2.0
		SccLocalPath0 = .
		SccProjectUniqueName1 = PPTS.Portal.csproj
		SccLocalPath1 = .
		SccProjectUniqueName2 = ..\\PPTS.WebAPI.Customers\\PPTS.WebAPI.Customers.csproj
		SccProjectName2 = ../PPTS.WebAPI.Customers
		SccLocalPath2 = ..\\PPTS.WebAPI.Customers
		SccProjectUniqueName3 = ..\\..\\Framework\\MCS.Library.Data\\MCS.Library.Data.csproj
		SccProjectName3 = ../../Framework/MCS.Library.Data
		SccLocalPath3 = ..\\..\\Framework\\MCS.Library.Data
		SccProjectUniqueName4 = ..\\..\\PPTSFramework\\PPTS.Data.Customers\\PPTS.Data.Customers.csproj
		SccProjectName4 = ../../PPTSFramework/PPTS.Data.Customers
		SccLocalPath4 = ..\\..\\PPTSFramework\\PPTS.Data.Customers
		SccProjectUniqueName5 = ..\\..\\PPTSFramework\\PPTS.Data.Products\\PPTS.Data.Products.csproj
		SccProjectName5 = ../../PPTSFramework/PPTS.Data.Products
		SccLocalPath5 = ..\\..\\PPTSFramework\\PPTS.Data.Products
		SccProjectUniqueName6 = ..\\PPTS.Web.Component\\PPTS.Web.Component.csproj
		SccProjectName6 = ../PPTS.Web.Component
		SccLocalPath6 = ..\\PPTS.Web.Component
	EndGlobalSection
EndGlobal
