
Microsoft Visual Studio Solution File, Format Version 12.00
# Visual Studio 14
VisualStudioVersion = 14.0.24720.0
MinimumVisualStudioVersion = 10.0.40219.1
Project("{2150E333-8FDC-42A3-9474-1A3956D46DE8}") = "Test", "Test", "{948678E0-8A6C-46C9-841F-92E5DB65E8A5}"
EndProject
Project("{FAE04EC0-301F-11D3-BF4B-00C04F79EFBC}") = "PPTS.ExtServices.CTI", "PPTS.ExtServices.CTI.csproj", "{2BDB003E-6769-43F6-B417-95A7D61F0D7A}"
EndProject
Project("{2150E333-8FDC-42A3-9474-1A3956D46DE8}") = "Data", "Data", "{39070015-7848-427E-8563-5BEB7472CAF0}"
EndProject
Project("{2150E333-8FDC-42A3-9474-1A3956D46DE8}") = "MCS", "MCS", "{8515483D-4FEF-407F-8BCB-B18068394A0E}"
EndProject
Project("{FAE04EC0-301F-11D3-BF4B-00C04F79EFBC}") = "PPTS.Data.Common", "..\..\PPTSFramework\PPTS.Data.Common\PPTS.Data.Common.csproj", "{0414177E-283E-4E91-8032-37228B715F16}"
EndProject
Project("{FAE04EC0-301F-11D3-BF4B-00C04F79EFBC}") = "PPTS.Data.Common.Entities", "..\..\PPTSFramework\PPTS.Data.Common.Entities\PPTS.Data.Common.Entities.csproj", "{FAE1D0A1-6BF2-47A1-8C62-109F00A15E86}"
EndProject
Project("{FAE04EC0-301F-11D3-BF4B-00C04F79EFBC}") = "PPTS.Data.Customers", "..\..\PPTSFramework\PPTS.Data.Customers\PPTS.Data.Customers.csproj", "{96802A24-2E16-4B0E-83BE-AC8A54E19155}"
EndProject
Project("{FAE04EC0-301F-11D3-BF4B-00C04F79EFBC}") = "PPTS.Data.Customers.Entities", "..\..\PPTSFramework\PPTS.Data.Customers.Entities\PPTS.Data.Customers.Entities.csproj", "{33E530F9-6028-4884-BF6A-4F01CCAF4A84}"
EndProject
Project("{FAE04EC0-301F-11D3-BF4B-00C04F79EFBC}") = "MCS.Library", "..\..\Framework\MCS.Library\MCS.Library.csproj", "{4077B0B7-062A-4F6D-8A45-A180A2ED3215}"
EndProject
Project("{FAE04EC0-301F-11D3-BF4B-00C04F79EFBC}") = "MCS.Library.Data", "..\..\Framework\MCS.Library.Data\MCS.Library.Data.csproj", "{4313DE1E-738F-477D-B7FD-B237E9116670}"
EndProject
Project("{FAE04EC0-301F-11D3-BF4B-00C04F79EFBC}") = "MCS.Library.OGUPermission", "..\..\Framework\MCS.Library.OGUPermission\MCS.Library.OGUPermission.csproj", "{6EA98729-9A07-4D1F-B389-07C6B9D43B1D}"
EndProject
Project("{FAE04EC0-301F-11D3-BF4B-00C04F79EFBC}") = "PPTS.ExtServices.CTI.Test", "..\..\PPTSWebAPITest\PPTS.ExtServices.CTI.Test\PPTS.ExtServices.CTI.Test.csproj", "{3B54B0E0-4A4C-482D-8BC6-DC694EDF898D}"
EndProject
Global
	GlobalSection(SolutionConfigurationPlatforms) = preSolution
		Debug|Any CPU = Debug|Any CPU
		Debug|x64 = Debug|x64
		Debug|x86 = Debug|x86
		DELUXEWORKSTEST|Any CPU = DELUXEWORKSTEST|Any CPU
		DELUXEWORKSTEST|x64 = DELUXEWORKSTEST|x64
		DELUXEWORKSTEST|x86 = DELUXEWORKSTEST|x86
		Release|Any CPU = Release|Any CPU
		Release|x64 = Release|x64
		Release|x86 = Release|x86
	EndGlobalSection
	GlobalSection(ProjectConfigurationPlatforms) = postSolution
		{2BDB003E-6769-43F6-B417-95A7D61F0D7A}.Debug|Any CPU.ActiveCfg = Debug|Any CPU
		{2BDB003E-6769-43F6-B417-95A7D61F0D7A}.Debug|Any CPU.Build.0 = Debug|Any CPU
		{2BDB003E-6769-43F6-B417-95A7D61F0D7A}.Debug|x64.ActiveCfg = Debug|Any CPU
		{2BDB003E-6769-43F6-B417-95A7D61F0D7A}.Debug|x64.Build.0 = Debug|Any CPU
		{2BDB003E-6769-43F6-B417-95A7D61F0D7A}.Debug|x86.ActiveCfg = Debug|Any CPU
		{2BDB003E-6769-43F6-B417-95A7D61F0D7A}.Debug|x86.Build.0 = Debug|Any CPU
		{2BDB003E-6769-43F6-B417-95A7D61F0D7A}.DELUXEWORKSTEST|Any CPU.ActiveCfg = Debug|Any CPU
		{2BDB003E-6769-43F6-B417-95A7D61F0D7A}.DELUXEWORKSTEST|Any CPU.Build.0 = Debug|Any CPU
		{2BDB003E-6769-43F6-B417-95A7D61F0D7A}.DELUXEWORKSTEST|x64.ActiveCfg = Debug|Any CPU
		{2BDB003E-6769-43F6-B417-95A7D61F0D7A}.DELUXEWORKSTEST|x64.Build.0 = Debug|Any CPU
		{2BDB003E-6769-43F6-B417-95A7D61F0D7A}.DELUXEWORKSTEST|x86.ActiveCfg = Debug|Any CPU
		{2BDB003E-6769-43F6-B417-95A7D61F0D7A}.DELUXEWORKSTEST|x86.Build.0 = Debug|Any CPU
		{2BDB003E-6769-43F6-B417-95A7D61F0D7A}.Release|Any CPU.ActiveCfg = Release|Any CPU
		{2BDB003E-6769-43F6-B417-95A7D61F0D7A}.Release|Any CPU.Build.0 = Release|Any CPU
		{2BDB003E-6769-43F6-B417-95A7D61F0D7A}.Release|x64.ActiveCfg = Release|Any CPU
		{2BDB003E-6769-43F6-B417-95A7D61F0D7A}.Release|x64.Build.0 = Release|Any CPU
		{2BDB003E-6769-43F6-B417-95A7D61F0D7A}.Release|x86.ActiveCfg = Release|Any CPU
		{2BDB003E-6769-43F6-B417-95A7D61F0D7A}.Release|x86.Build.0 = Release|Any CPU
		{0414177E-283E-4E91-8032-37228B715F16}.Debug|Any CPU.ActiveCfg = Debug|Any CPU
		{0414177E-283E-4E91-8032-37228B715F16}.Debug|Any CPU.Build.0 = Debug|Any CPU
		{0414177E-283E-4E91-8032-37228B715F16}.Debug|x64.ActiveCfg = Debug|Any CPU
		{0414177E-283E-4E91-8032-37228B715F16}.Debug|x64.Build.0 = Debug|Any CPU
		{0414177E-283E-4E91-8032-37228B715F16}.Debug|x86.ActiveCfg = Debug|Any CPU
		{0414177E-283E-4E91-8032-37228B715F16}.Debug|x86.Build.0 = Debug|Any CPU
		{0414177E-283E-4E91-8032-37228B715F16}.DELUXEWORKSTEST|Any CPU.ActiveCfg = Debug|Any CPU
		{0414177E-283E-4E91-8032-37228B715F16}.DELUXEWORKSTEST|Any CPU.Build.0 = Debug|Any CPU
		{0414177E-283E-4E91-8032-37228B715F16}.DELUXEWORKSTEST|x64.ActiveCfg = Debug|Any CPU
		{0414177E-283E-4E91-8032-37228B715F16}.DELUXEWORKSTEST|x64.Build.0 = Debug|Any CPU
		{0414177E-283E-4E91-8032-37228B715F16}.DELUXEWORKSTEST|x86.ActiveCfg = Debug|Any CPU
		{0414177E-283E-4E91-8032-37228B715F16}.DELUXEWORKSTEST|x86.Build.0 = Debug|Any CPU
		{0414177E-283E-4E91-8032-37228B715F16}.Release|Any CPU.ActiveCfg = Release|Any CPU
		{0414177E-283E-4E91-8032-37228B715F16}.Release|Any CPU.Build.0 = Release|Any CPU
		{0414177E-283E-4E91-8032-37228B715F16}.Release|x64.ActiveCfg = Release|Any CPU
		{0414177E-283E-4E91-8032-37228B715F16}.Release|x64.Build.0 = Release|Any CPU
		{0414177E-283E-4E91-8032-37228B715F16}.Release|x86.ActiveCfg = Release|Any CPU
		{0414177E-283E-4E91-8032-37228B715F16}.Release|x86.Build.0 = Release|Any CPU
		{FAE1D0A1-6BF2-47A1-8C62-109F00A15E86}.Debug|Any CPU.ActiveCfg = Debug|Any CPU
		{FAE1D0A1-6BF2-47A1-8C62-109F00A15E86}.Debug|Any CPU.Build.0 = Debug|Any CPU
		{FAE1D0A1-6BF2-47A1-8C62-109F00A15E86}.Debug|x64.ActiveCfg = Debug|Any CPU
		{FAE1D0A1-6BF2-47A1-8C62-109F00A15E86}.Debug|x64.Build.0 = Debug|Any CPU
		{FAE1D0A1-6BF2-47A1-8C62-109F00A15E86}.Debug|x86.ActiveCfg = Debug|Any CPU
		{FAE1D0A1-6BF2-47A1-8C62-109F00A15E86}.Debug|x86.Build.0 = Debug|Any CPU
		{FAE1D0A1-6BF2-47A1-8C62-109F00A15E86}.DELUXEWORKSTEST|Any CPU.ActiveCfg = Debug|Any CPU
		{FAE1D0A1-6BF2-47A1-8C62-109F00A15E86}.DELUXEWORKSTEST|Any CPU.Build.0 = Debug|Any CPU
		{FAE1D0A1-6BF2-47A1-8C62-109F00A15E86}.DELUXEWORKSTEST|x64.ActiveCfg = Debug|Any CPU
		{FAE1D0A1-6BF2-47A1-8C62-109F00A15E86}.DELUXEWORKSTEST|x64.Build.0 = Debug|Any CPU
		{FAE1D0A1-6BF2-47A1-8C62-109F00A15E86}.DELUXEWORKSTEST|x86.ActiveCfg = Debug|Any CPU
		{FAE1D0A1-6BF2-47A1-8C62-109F00A15E86}.DELUXEWORKSTEST|x86.Build.0 = Debug|Any CPU
		{FAE1D0A1-6BF2-47A1-8C62-109F00A15E86}.Release|Any CPU.ActiveCfg = Release|Any CPU
		{FAE1D0A1-6BF2-47A1-8C62-109F00A15E86}.Release|Any CPU.Build.0 = Release|Any CPU
		{FAE1D0A1-6BF2-47A1-8C62-109F00A15E86}.Release|x64.ActiveCfg = Release|Any CPU
		{FAE1D0A1-6BF2-47A1-8C62-109F00A15E86}.Release|x64.Build.0 = Release|Any CPU
		{FAE1D0A1-6BF2-47A1-8C62-109F00A15E86}.Release|x86.ActiveCfg = Release|Any CPU
		{FAE1D0A1-6BF2-47A1-8C62-109F00A15E86}.Release|x86.Build.0 = Release|Any CPU
		{96802A24-2E16-4B0E-83BE-AC8A54E19155}.Debug|Any CPU.ActiveCfg = Debug|Any CPU
		{96802A24-2E16-4B0E-83BE-AC8A54E19155}.Debug|Any CPU.Build.0 = Debug|Any CPU
		{96802A24-2E16-4B0E-83BE-AC8A54E19155}.Debug|x64.ActiveCfg = Debug|Any CPU
		{96802A24-2E16-4B0E-83BE-AC8A54E19155}.Debug|x64.Build.0 = Debug|Any CPU
		{96802A24-2E16-4B0E-83BE-AC8A54E19155}.Debug|x86.ActiveCfg = Debug|Any CPU
		{96802A24-2E16-4B0E-83BE-AC8A54E19155}.Debug|x86.Build.0 = Debug|Any CPU
		{96802A24-2E16-4B0E-83BE-AC8A54E19155}.DELUXEWORKSTEST|Any CPU.ActiveCfg = Debug|Any CPU
		{96802A24-2E16-4B0E-83BE-AC8A54E19155}.DELUXEWORKSTEST|Any CPU.Build.0 = Debug|Any CPU
		{96802A24-2E16-4B0E-83BE-AC8A54E19155}.DELUXEWORKSTEST|x64.ActiveCfg = Debug|Any CPU
		{96802A24-2E16-4B0E-83BE-AC8A54E19155}.DELUXEWORKSTEST|x64.Build.0 = Debug|Any CPU
		{96802A24-2E16-4B0E-83BE-AC8A54E19155}.DELUXEWORKSTEST|x86.ActiveCfg = Debug|Any CPU
		{96802A24-2E16-4B0E-83BE-AC8A54E19155}.DELUXEWORKSTEST|x86.Build.0 = Debug|Any CPU
		{96802A24-2E16-4B0E-83BE-AC8A54E19155}.Release|Any CPU.ActiveCfg = Release|Any CPU
		{96802A24-2E16-4B0E-83BE-AC8A54E19155}.Release|Any CPU.Build.0 = Release|Any CPU
		{96802A24-2E16-4B0E-83BE-AC8A54E19155}.Release|x64.ActiveCfg = Release|Any CPU
		{96802A24-2E16-4B0E-83BE-AC8A54E19155}.Release|x64.Build.0 = Release|Any CPU
		{96802A24-2E16-4B0E-83BE-AC8A54E19155}.Release|x86.ActiveCfg = Release|Any CPU
		{96802A24-2E16-4B0E-83BE-AC8A54E19155}.Release|x86.Build.0 = Release|Any CPU
		{33E530F9-6028-4884-BF6A-4F01CCAF4A84}.Debug|Any CPU.ActiveCfg = Debug|Any CPU
		{33E530F9-6028-4884-BF6A-4F01CCAF4A84}.Debug|Any CPU.Build.0 = Debug|Any CPU
		{33E530F9-6028-4884-BF6A-4F01CCAF4A84}.Debug|x64.ActiveCfg = Debug|Any CPU
		{33E530F9-6028-4884-BF6A-4F01CCAF4A84}.Debug|x64.Build.0 = Debug|Any CPU
		{33E530F9-6028-4884-BF6A-4F01CCAF4A84}.Debug|x86.ActiveCfg = Debug|Any CPU
		{33E530F9-6028-4884-BF6A-4F01CCAF4A84}.Debug|x86.Build.0 = Debug|Any CPU
		{33E530F9-6028-4884-BF6A-4F01CCAF4A84}.DELUXEWORKSTEST|Any CPU.ActiveCfg = Debug|Any CPU
		{33E530F9-6028-4884-BF6A-4F01CCAF4A84}.DELUXEWORKSTEST|Any CPU.Build.0 = Debug|Any CPU
		{33E530F9-6028-4884-BF6A-4F01CCAF4A84}.DELUXEWORKSTEST|x64.ActiveCfg = Debug|Any CPU
		{33E530F9-6028-4884-BF6A-4F01CCAF4A84}.DELUXEWORKSTEST|x64.Build.0 = Debug|Any CPU
		{33E530F9-6028-4884-BF6A-4F01CCAF4A84}.DELUXEWORKSTEST|x86.ActiveCfg = Debug|Any CPU
		{33E530F9-6028-4884-BF6A-4F01CCAF4A84}.DELUXEWORKSTEST|x86.Build.0 = Debug|Any CPU
		{33E530F9-6028-4884-BF6A-4F01CCAF4A84}.Release|Any CPU.ActiveCfg = Release|Any CPU
		{33E530F9-6028-4884-BF6A-4F01CCAF4A84}.Release|Any CPU.Build.0 = Release|Any CPU
		{33E530F9-6028-4884-BF6A-4F01CCAF4A84}.Release|x64.ActiveCfg = Release|Any CPU
		{33E530F9-6028-4884-BF6A-4F01CCAF4A84}.Release|x64.Build.0 = Release|Any CPU
		{33E530F9-6028-4884-BF6A-4F01CCAF4A84}.Release|x86.ActiveCfg = Release|Any CPU
		{33E530F9-6028-4884-BF6A-4F01CCAF4A84}.Release|x86.Build.0 = Release|Any CPU
		{4077B0B7-062A-4F6D-8A45-A180A2ED3215}.Debug|Any CPU.ActiveCfg = Debug|Any CPU
		{4077B0B7-062A-4F6D-8A45-A180A2ED3215}.Debug|Any CPU.Build.0 = Debug|Any CPU
		{4077B0B7-062A-4F6D-8A45-A180A2ED3215}.Debug|x64.ActiveCfg = Debug|x64
		{4077B0B7-062A-4F6D-8A45-A180A2ED3215}.Debug|x64.Build.0 = Debug|x64
		{4077B0B7-062A-4F6D-8A45-A180A2ED3215}.Debug|x86.ActiveCfg = Debug|x86
		{4077B0B7-062A-4F6D-8A45-A180A2ED3215}.Debug|x86.Build.0 = Debug|x86
		{4077B0B7-062A-4F6D-8A45-A180A2ED3215}.DELUXEWORKSTEST|Any CPU.ActiveCfg = DELUXEWORKSTEST|Any CPU
		{4077B0B7-062A-4F6D-8A45-A180A2ED3215}.DELUXEWORKSTEST|Any CPU.Build.0 = DELUXEWORKSTEST|Any CPU
		{4077B0B7-062A-4F6D-8A45-A180A2ED3215}.DELUXEWORKSTEST|x64.ActiveCfg = DELUXEWORKSTEST|x64
		{4077B0B7-062A-4F6D-8A45-A180A2ED3215}.DELUXEWORKSTEST|x64.Build.0 = DELUXEWORKSTEST|x64
		{4077B0B7-062A-4F6D-8A45-A180A2ED3215}.DELUXEWORKSTEST|x86.ActiveCfg = DELUXEWORKSTEST|x86
		{4077B0B7-062A-4F6D-8A45-A180A2ED3215}.DELUXEWORKSTEST|x86.Build.0 = DELUXEWORKSTEST|x86
		{4077B0B7-062A-4F6D-8A45-A180A2ED3215}.Release|Any CPU.ActiveCfg = Release|Any CPU
		{4077B0B7-062A-4F6D-8A45-A180A2ED3215}.Release|Any CPU.Build.0 = Release|Any CPU
		{4077B0B7-062A-4F6D-8A45-A180A2ED3215}.Release|x64.ActiveCfg = Release|x64
		{4077B0B7-062A-4F6D-8A45-A180A2ED3215}.Release|x64.Build.0 = Release|x64
		{4077B0B7-062A-4F6D-8A45-A180A2ED3215}.Release|x86.ActiveCfg = Release|x86
		{4077B0B7-062A-4F6D-8A45-A180A2ED3215}.Release|x86.Build.0 = Release|x86
		{4313DE1E-738F-477D-B7FD-B237E9116670}.Debug|Any CPU.ActiveCfg = Debug|Any CPU
		{4313DE1E-738F-477D-B7FD-B237E9116670}.Debug|Any CPU.Build.0 = Debug|Any CPU
		{4313DE1E-738F-477D-B7FD-B237E9116670}.Debug|x64.ActiveCfg = Debug|Any CPU
		{4313DE1E-738F-477D-B7FD-B237E9116670}.Debug|x64.Build.0 = Debug|Any CPU
		{4313DE1E-738F-477D-B7FD-B237E9116670}.Debug|x86.ActiveCfg = Debug|Any CPU
		{4313DE1E-738F-477D-B7FD-B237E9116670}.Debug|x86.Build.0 = Debug|Any CPU
		{4313DE1E-738F-477D-B7FD-B237E9116670}.DELUXEWORKSTEST|Any CPU.ActiveCfg = DELUXEWORKSTEST|Any CPU
		{4313DE1E-738F-477D-B7FD-B237E9116670}.DELUXEWORKSTEST|Any CPU.Build.0 = DELUXEWORKSTEST|Any CPU
		{4313DE1E-738F-477D-B7FD-B237E9116670}.DELUXEWORKSTEST|x64.ActiveCfg = DELUXEWORKSTEST|Any CPU
		{4313DE1E-738F-477D-B7FD-B237E9116670}.DELUXEWORKSTEST|x64.Build.0 = DELUXEWORKSTEST|Any CPU
		{4313DE1E-738F-477D-B7FD-B237E9116670}.DELUXEWORKSTEST|x86.ActiveCfg = DELUXEWORKSTEST|Any CPU
		{4313DE1E-738F-477D-B7FD-B237E9116670}.DELUXEWORKSTEST|x86.Build.0 = DELUXEWORKSTEST|Any CPU
		{4313DE1E-738F-477D-B7FD-B237E9116670}.Release|Any CPU.ActiveCfg = Release|Any CPU
		{4313DE1E-738F-477D-B7FD-B237E9116670}.Release|Any CPU.Build.0 = Release|Any CPU
		{4313DE1E-738F-477D-B7FD-B237E9116670}.Release|x64.ActiveCfg = Release|Any CPU
		{4313DE1E-738F-477D-B7FD-B237E9116670}.Release|x64.Build.0 = Release|Any CPU
		{4313DE1E-738F-477D-B7FD-B237E9116670}.Release|x86.ActiveCfg = Release|Any CPU
		{4313DE1E-738F-477D-B7FD-B237E9116670}.Release|x86.Build.0 = Release|Any CPU
		{6EA98729-9A07-4D1F-B389-07C6B9D43B1D}.Debug|Any CPU.ActiveCfg = Debug|Any CPU
		{6EA98729-9A07-4D1F-B389-07C6B9D43B1D}.Debug|Any CPU.Build.0 = Debug|Any CPU
		{6EA98729-9A07-4D1F-B389-07C6B9D43B1D}.Debug|x64.ActiveCfg = Debug|Any CPU
		{6EA98729-9A07-4D1F-B389-07C6B9D43B1D}.Debug|x64.Build.0 = Debug|Any CPU
		{6EA98729-9A07-4D1F-B389-07C6B9D43B1D}.Debug|x86.ActiveCfg = Debug|Any CPU
		{6EA98729-9A07-4D1F-B389-07C6B9D43B1D}.Debug|x86.Build.0 = Debug|Any CPU
		{6EA98729-9A07-4D1F-B389-07C6B9D43B1D}.DELUXEWORKSTEST|Any CPU.ActiveCfg = DELUXEWORKSTEST|Any CPU
		{6EA98729-9A07-4D1F-B389-07C6B9D43B1D}.DELUXEWORKSTEST|Any CPU.Build.0 = DELUXEWORKSTEST|Any CPU
		{6EA98729-9A07-4D1F-B389-07C6B9D43B1D}.DELUXEWORKSTEST|x64.ActiveCfg = DELUXEWORKSTEST|Any CPU
		{6EA98729-9A07-4D1F-B389-07C6B9D43B1D}.DELUXEWORKSTEST|x64.Build.0 = DELUXEWORKSTEST|Any CPU
		{6EA98729-9A07-4D1F-B389-07C6B9D43B1D}.DELUXEWORKSTEST|x86.ActiveCfg = DELUXEWORKSTEST|Any CPU
		{6EA98729-9A07-4D1F-B389-07C6B9D43B1D}.DELUXEWORKSTEST|x86.Build.0 = DELUXEWORKSTEST|Any CPU
		{6EA98729-9A07-4D1F-B389-07C6B9D43B1D}.Release|Any CPU.ActiveCfg = Release|Any CPU
		{6EA98729-9A07-4D1F-B389-07C6B9D43B1D}.Release|Any CPU.Build.0 = Release|Any CPU
		{6EA98729-9A07-4D1F-B389-07C6B9D43B1D}.Release|x64.ActiveCfg = Release|Any CPU
		{6EA98729-9A07-4D1F-B389-07C6B9D43B1D}.Release|x64.Build.0 = Release|Any CPU
		{6EA98729-9A07-4D1F-B389-07C6B9D43B1D}.Release|x86.ActiveCfg = Release|Any CPU
		{6EA98729-9A07-4D1F-B389-07C6B9D43B1D}.Release|x86.Build.0 = Release|Any CPU
		{3B54B0E0-4A4C-482D-8BC6-DC694EDF898D}.Debug|Any CPU.ActiveCfg = Debug|Any CPU
		{3B54B0E0-4A4C-482D-8BC6-DC694EDF898D}.Debug|Any CPU.Build.0 = Debug|Any CPU
		{3B54B0E0-4A4C-482D-8BC6-DC694EDF898D}.Debug|x64.ActiveCfg = Debug|Any CPU
		{3B54B0E0-4A4C-482D-8BC6-DC694EDF898D}.Debug|x64.Build.0 = Debug|Any CPU
		{3B54B0E0-4A4C-482D-8BC6-DC694EDF898D}.Debug|x86.ActiveCfg = Debug|Any CPU
		{3B54B0E0-4A4C-482D-8BC6-DC694EDF898D}.Debug|x86.Build.0 = Debug|Any CPU
		{3B54B0E0-4A4C-482D-8BC6-DC694EDF898D}.DELUXEWORKSTEST|Any CPU.ActiveCfg = Debug|Any CPU
		{3B54B0E0-4A4C-482D-8BC6-DC694EDF898D}.DELUXEWORKSTEST|Any CPU.Build.0 = Debug|Any CPU
		{3B54B0E0-4A4C-482D-8BC6-DC694EDF898D}.DELUXEWORKSTEST|x64.ActiveCfg = Debug|Any CPU
		{3B54B0E0-4A4C-482D-8BC6-DC694EDF898D}.DELUXEWORKSTEST|x64.Build.0 = Debug|Any CPU
		{3B54B0E0-4A4C-482D-8BC6-DC694EDF898D}.DELUXEWORKSTEST|x86.ActiveCfg = Debug|Any CPU
		{3B54B0E0-4A4C-482D-8BC6-DC694EDF898D}.DELUXEWORKSTEST|x86.Build.0 = Debug|Any CPU
		{3B54B0E0-4A4C-482D-8BC6-DC694EDF898D}.Release|Any CPU.ActiveCfg = Release|Any CPU
		{3B54B0E0-4A4C-482D-8BC6-DC694EDF898D}.Release|Any CPU.Build.0 = Release|Any CPU
		{3B54B0E0-4A4C-482D-8BC6-DC694EDF898D}.Release|x64.ActiveCfg = Release|Any CPU
		{3B54B0E0-4A4C-482D-8BC6-DC694EDF898D}.Release|x64.Build.0 = Release|Any CPU
		{3B54B0E0-4A4C-482D-8BC6-DC694EDF898D}.Release|x86.ActiveCfg = Release|Any CPU
		{3B54B0E0-4A4C-482D-8BC6-DC694EDF898D}.Release|x86.Build.0 = Release|Any CPU
	EndGlobalSection
	GlobalSection(SolutionProperties) = preSolution
		HideSolutionNode = FALSE
	EndGlobalSection
	GlobalSection(NestedProjects) = preSolution
		{0414177E-283E-4E91-8032-37228B715F16} = {39070015-7848-427E-8563-5BEB7472CAF0}
		{FAE1D0A1-6BF2-47A1-8C62-109F00A15E86} = {39070015-7848-427E-8563-5BEB7472CAF0}
		{96802A24-2E16-4B0E-83BE-AC8A54E19155} = {39070015-7848-427E-8563-5BEB7472CAF0}
		{33E530F9-6028-4884-BF6A-4F01CCAF4A84} = {39070015-7848-427E-8563-5BEB7472CAF0}
		{4077B0B7-062A-4F6D-8A45-A180A2ED3215} = {8515483D-4FEF-407F-8BCB-B18068394A0E}
		{4313DE1E-738F-477D-B7FD-B237E9116670} = {8515483D-4FEF-407F-8BCB-B18068394A0E}
		{6EA98729-9A07-4D1F-B389-07C6B9D43B1D} = {8515483D-4FEF-407F-8BCB-B18068394A0E}
		{3B54B0E0-4A4C-482D-8BC6-DC694EDF898D} = {948678E0-8A6C-46C9-841F-92E5DB65E8A5}
	EndGlobalSection
	GlobalSection(TeamFoundationVersionControl) = preSolution
		SccNumberOfProjects = 10
		SccEnterpriseProvider = {4CA58AB2-18FA-4F8D-95D4-32DDF27D184C}
		SccTeamFoundationServer = http://10.1.56.70:8080/tfs/pptsv2.0
		SccLocalPath0 = .
		SccProjectUniqueName1 = ..\\..\\PPTSFramework\\PPTS.Data.Common\\PPTS.Data.Common.csproj
		SccProjectTopLevelParentUniqueName1 = PPTS.ExtServices.CTI.sln
		SccProjectName1 = ../../PPTSFramework/PPTS.Data.Common
		SccLocalPath1 = ..\\..\\PPTSFramework\\PPTS.Data.Common
		SccProjectUniqueName2 = ..\\..\\PPTSFramework\\PPTS.Data.Common.Entities\\PPTS.Data.Common.Entities.csproj
		SccProjectTopLevelParentUniqueName2 = PPTS.ExtServices.CTI.sln
		SccProjectName2 = ../../PPTSFramework/PPTS.Data.Common.Entities
		SccLocalPath2 = ..\\..\\PPTSFramework\\PPTS.Data.Common.Entities
		SccProjectUniqueName3 = ..\\..\\PPTSFramework\\PPTS.Data.Customers\\PPTS.Data.Customers.csproj
		SccProjectTopLevelParentUniqueName3 = PPTS.ExtServices.CTI.sln
		SccProjectName3 = ../../PPTSFramework/PPTS.Data.Customers
		SccLocalPath3 = ..\\..\\PPTSFramework\\PPTS.Data.Customers
		SccProjectUniqueName4 = ..\\..\\PPTSFramework\\PPTS.Data.Customers.Entities\\PPTS.Data.Customers.Entities.csproj
		SccProjectTopLevelParentUniqueName4 = PPTS.ExtServices.CTI.sln
		SccProjectName4 = ../../PPTSFramework/PPTS.Data.Customers.Entities
		SccLocalPath4 = ..\\..\\PPTSFramework\\PPTS.Data.Customers.Entities
		SccProjectUniqueName5 = ..\\..\\Framework\\MCS.Library\\MCS.Library.csproj
		SccProjectTopLevelParentUniqueName5 = PPTS.ExtServices.CTI.sln
		SccProjectName5 = ../../Framework/MCS.Library
		SccLocalPath5 = ..\\..\\Framework\\MCS.Library
		SccProjectUniqueName6 = ..\\..\\Framework\\MCS.Library.Data\\MCS.Library.Data.csproj
		SccProjectTopLevelParentUniqueName6 = PPTS.ExtServices.CTI.sln
		SccProjectName6 = ../../Framework/MCS.Library.Data
		SccLocalPath6 = ..\\..\\Framework\\MCS.Library.Data
		SccProjectUniqueName7 = ..\\..\\Framework\\MCS.Library.OGUPermission\\MCS.Library.OGUPermission.csproj
		SccProjectTopLevelParentUniqueName7 = PPTS.ExtServices.CTI.sln
		SccProjectName7 = ../../Framework/MCS.Library.OGUPermission
		SccLocalPath7 = ..\\..\\Framework\\MCS.Library.OGUPermission
		SccProjectUniqueName8 = ..\\..\\PPTSWebAPITest\\PPTS.ExtServices.CTI.Test\\PPTS.ExtServices.CTI.Test.csproj
		SccProjectTopLevelParentUniqueName8 = PPTS.ExtServices.CTI.sln
		SccProjectName8 = ../../PPTSWebAPITest/PPTS.ExtServices.CTI.Test
		SccLocalPath8 = ..\\..\\PPTSWebAPITest\\PPTS.ExtServices.CTI.Test
		SccProjectUniqueName9 = PPTS.ExtServices.CTI.csproj
		SccLocalPath9 = .
	EndGlobalSection
EndGlobal
