
Microsoft Visual Studio Solution File, Format Version 12.00
# Visual Studio 14
VisualStudioVersion = 14.0.25123.0
MinimumVisualStudioVersion = 10.0.40219.1
Project("{FAE04EC0-301F-11D3-BF4B-00C04F79EFBC}") = "MCS.Library.P", "..\..\MCS.Library\MCS.Library.P.csproj", "{4077B0B7-062A-4F6D-8A45-A180A2ED3215}"
EndProject
Project("{FAE04EC0-301F-11D3-BF4B-00C04F79EFBC}") = "MCS.Library.Data.P", "..\..\MCS.Library.Data\MCS.Library.Data.P.csproj", "{4313DE1E-738F-477D-B7FD-B237E9116670}"
EndProject
Project("{FAE04EC0-301F-11D3-BF4B-00C04F79EFBC}") = "MCS.Library.Compression.P", "..\..\MCS.Library.Compression\MCS.Library.Compression.P.csproj", "{51F28E9A-9A90-44C2-91D0-9CBB291EA93F}"
EndProject
Project("{FAE04EC0-301F-11D3-BF4B-00C04F79EFBC}") = "MCS.Library.Office.P", "..\..\MCS.Library.Office\MCS.Library.Office.P.csproj", "{EA421112-C6BF-40B6-9222-5E6F4989B4A9}"
EndProject
Project("{FAE04EC0-301F-11D3-BF4B-00C04F79EFBC}") = "MCS.Library.Office.OpenXml.Excel.P", "..\..\MCS.Library.Office.OpenXml.Excel\MCS.Library.Office.OpenXml.Excel.P.csproj", "{69A1E346-A9A4-49A3-B9B0-CAA03BCE8A62}"
EndProject
Project("{FAE04EC0-301F-11D3-BF4B-00C04F79EFBC}") = "MCS.Library.OGUPermission.P", "..\..\MCS.Library.OGUPermission\MCS.Library.OGUPermission.P.csproj", "{6EA98729-9A07-4D1F-B389-07C6B9D43B1D}"
EndProject
Project("{FAE04EC0-301F-11D3-BF4B-00C04F79EFBC}") = "MCS.Web.Library.Script.Json.P", "..\..\MCS.Web.Library.Script.Json\MCS.Web.Library.Script.Json.P.csproj", "{78CD90D6-129A-401C-8396-E7AD8996219E}"
EndProject
Project("{FAE04EC0-301F-11D3-BF4B-00C04F79EFBC}") = "MCS.Library.Passport.P", "..\..\MCS.Library.Passport\MCS.Library.Passport.P.csproj", "{2B974479-EB50-46D1-A812-58BB45447D65}"
EndProject
Project("{FAE04EC0-301F-11D3-BF4B-00C04F79EFBC}") = "MCS.Library.ADHelper.P", "..\..\MCS.Library.ADHelper\MCS.Library.ADHelper.P.csproj", "{2B0E10EE-F7E1-468B-84C0-ABD17A3A7319}"
EndProject
Project("{FAE04EC0-301F-11D3-BF4B-00C04F79EFBC}") = "MCS.Web.Responsive.Library.P", "..\..\MCS.Web.Responsive.Library\MCS.Web.Responsive.Library.P.csproj", "{31B6A252-182E-48C0-8D6A-56E3C2DD856F}"
EndProject
Project("{FAE04EC0-301F-11D3-BF4B-00C04F79EFBC}") = "MCS.Library.SOA.DataObjects.Schemas.Client.P", "..\..\MCS.Library.SOA.DataObjects.Schemas.Client\MCS.Library.SOA.DataObjects.Schemas.Client.P.csproj", "{E06BFB86-31B4-44CD-8976-901EB7DD1AA9}"
EndProject
Project("{FAE04EC0-301F-11D3-BF4B-00C04F79EFBC}") = "MCS.Library.SOA.DataObjects.Security.AUClient.P", "..\..\MCS.Library.SOA.DataObjects.Security.AUClient\MCS.Library.SOA.DataObjects.Security.AUClient.P.csproj", "{46C6FA8C-3E0F-4BC8-8B4D-68AB9A7C69AF}"
EndProject
Project("{FAE04EC0-301F-11D3-BF4B-00C04F79EFBC}") = "MCS.Library.WcfExtensions.P", "..\..\MCS.Library.WcfExtensions\MCS.Library.WcfExtensions.P.csproj", "{F4819ABF-3CD4-4158-BF86-8FE4D3F6A7A6}"
EndProject
Project("{FAE04EC0-301F-11D3-BF4B-00C04F79EFBC}") = "MCS.Library.SOA.DataObjects.P", "..\..\MCS.Library.SOA.DataObjects\MCS.Library.SOA.DataObjects.P.csproj", "{7905642F-4630-4D16-AF40-CB1FB70D516F}"
EndProject
Project("{FAE04EC0-301F-11D3-BF4B-00C04F79EFBC}") = "ProcessSerializationPerformance.Test.P", "ProcessSerializationPerformance.Test.P.csproj", "{52DC8F09-0267-4F33-A19B-F5D75C2A70D8}"
EndProject
Project("{2150E333-8FDC-42A3-9474-1A3956D46DE8}") = "Solution Items", "Solution Items", "{A40A8F3D-A617-4D37-AEC6-BE9AF24C98EC}"
	ProjectSection(SolutionItems) = preProject
		Performance1.psess = Performance1.psess
	EndProjectSection
EndProject
Global
	GlobalSection(Performance) = preSolution
		HasPerformanceSessions = true
	EndGlobalSection
	GlobalSection(SolutionConfigurationPlatforms) = preSolution
		Debug|Any CPU = Debug|Any CPU
		Debug|x64 = Debug|x64
		Debug|x86 = Debug|x86
		DELUXEWORKSTEST|Any CPU = DELUXEWORKSTEST|Any CPU
		DELUXEWORKSTEST|x64 = DELUXEWORKSTEST|x64
		DELUXEWORKSTEST|x86 = DELUXEWORKSTEST|x86
		Release|Any CPU = Release|Any CPU
		Release|x64 = Release|x64
		Release|x86 = Release|x86
	EndGlobalSection
	GlobalSection(ProjectConfigurationPlatforms) = postSolution
		{4077B0B7-062A-4F6D-8A45-A180A2ED3215}.Debug|Any CPU.ActiveCfg = Debug|Any CPU
		{4077B0B7-062A-4F6D-8A45-A180A2ED3215}.Debug|Any CPU.Build.0 = Debug|Any CPU
		{4077B0B7-062A-4F6D-8A45-A180A2ED3215}.Debug|x64.ActiveCfg = Debug|x64
		{4077B0B7-062A-4F6D-8A45-A180A2ED3215}.Debug|x64.Build.0 = Debug|x64
		{4077B0B7-062A-4F6D-8A45-A180A2ED3215}.Debug|x86.ActiveCfg = Debug|x86
		{4077B0B7-062A-4F6D-8A45-A180A2ED3215}.Debug|x86.Build.0 = Debug|x86
		{4077B0B7-062A-4F6D-8A45-A180A2ED3215}.DELUXEWORKSTEST|Any CPU.ActiveCfg = DELUXEWORKSTEST|Any CPU
		{4077B0B7-062A-4F6D-8A45-A180A2ED3215}.DELUXEWORKSTEST|Any CPU.Build.0 = DELUXEWORKSTEST|Any CPU
		{4077B0B7-062A-4F6D-8A45-A180A2ED3215}.DELUXEWORKSTEST|x64.ActiveCfg = DELUXEWORKSTEST|x64
		{4077B0B7-062A-4F6D-8A45-A180A2ED3215}.DELUXEWORKSTEST|x64.Build.0 = DELUXEWORKSTEST|x64
		{4077B0B7-062A-4F6D-8A45-A180A2ED3215}.DELUXEWORKSTEST|x86.ActiveCfg = DELUXEWORKSTEST|x86
		{4077B0B7-062A-4F6D-8A45-A180A2ED3215}.DELUXEWORKSTEST|x86.Build.0 = DELUXEWORKSTEST|x86
		{4077B0B7-062A-4F6D-8A45-A180A2ED3215}.Release|Any CPU.ActiveCfg = Release|Any CPU
		{4077B0B7-062A-4F6D-8A45-A180A2ED3215}.Release|Any CPU.Build.0 = Release|Any CPU
		{4077B0B7-062A-4F6D-8A45-A180A2ED3215}.Release|x64.ActiveCfg = Release|x64
		{4077B0B7-062A-4F6D-8A45-A180A2ED3215}.Release|x64.Build.0 = Release|x64
		{4077B0B7-062A-4F6D-8A45-A180A2ED3215}.Release|x86.ActiveCfg = Release|x86
		{4077B0B7-062A-4F6D-8A45-A180A2ED3215}.Release|x86.Build.0 = Release|x86
		{4313DE1E-738F-477D-B7FD-B237E9116670}.Debug|Any CPU.ActiveCfg = Debug|Any CPU
		{4313DE1E-738F-477D-B7FD-B237E9116670}.Debug|Any CPU.Build.0 = Debug|Any CPU
		{4313DE1E-738F-477D-B7FD-B237E9116670}.Debug|x64.ActiveCfg = Debug|Any CPU
		{4313DE1E-738F-477D-B7FD-B237E9116670}.Debug|x64.Build.0 = Debug|Any CPU
		{4313DE1E-738F-477D-B7FD-B237E9116670}.Debug|x86.ActiveCfg = Debug|Any CPU
		{4313DE1E-738F-477D-B7FD-B237E9116670}.Debug|x86.Build.0 = Debug|Any CPU
		{4313DE1E-738F-477D-B7FD-B237E9116670}.DELUXEWORKSTEST|Any CPU.ActiveCfg = DELUXEWORKSTEST|Any CPU
		{4313DE1E-738F-477D-B7FD-B237E9116670}.DELUXEWORKSTEST|Any CPU.Build.0 = DELUXEWORKSTEST|Any CPU
		{4313DE1E-738F-477D-B7FD-B237E9116670}.DELUXEWORKSTEST|x64.ActiveCfg = DELUXEWORKSTEST|Any CPU
		{4313DE1E-738F-477D-B7FD-B237E9116670}.DELUXEWORKSTEST|x64.Build.0 = DELUXEWORKSTEST|Any CPU
		{4313DE1E-738F-477D-B7FD-B237E9116670}.DELUXEWORKSTEST|x86.ActiveCfg = DELUXEWORKSTEST|Any CPU
		{4313DE1E-738F-477D-B7FD-B237E9116670}.DELUXEWORKSTEST|x86.Build.0 = DELUXEWORKSTEST|Any CPU
		{4313DE1E-738F-477D-B7FD-B237E9116670}.Release|Any CPU.ActiveCfg = Release|Any CPU
		{4313DE1E-738F-477D-B7FD-B237E9116670}.Release|Any CPU.Build.0 = Release|Any CPU
		{4313DE1E-738F-477D-B7FD-B237E9116670}.Release|x64.ActiveCfg = Release|Any CPU
		{4313DE1E-738F-477D-B7FD-B237E9116670}.Release|x64.Build.0 = Release|Any CPU
		{4313DE1E-738F-477D-B7FD-B237E9116670}.Release|x86.ActiveCfg = Release|Any CPU
		{4313DE1E-738F-477D-B7FD-B237E9116670}.Release|x86.Build.0 = Release|Any CPU
		{51F28E9A-9A90-44C2-91D0-9CBB291EA93F}.Debug|Any CPU.ActiveCfg = Debug|Any CPU
		{51F28E9A-9A90-44C2-91D0-9CBB291EA93F}.Debug|Any CPU.Build.0 = Debug|Any CPU
		{51F28E9A-9A90-44C2-91D0-9CBB291EA93F}.Debug|x64.ActiveCfg = Debug|Any CPU
		{51F28E9A-9A90-44C2-91D0-9CBB291EA93F}.Debug|x64.Build.0 = Debug|Any CPU
		{51F28E9A-9A90-44C2-91D0-9CBB291EA93F}.Debug|x86.ActiveCfg = Debug|Any CPU
		{51F28E9A-9A90-44C2-91D0-9CBB291EA93F}.Debug|x86.Build.0 = Debug|Any CPU
		{51F28E9A-9A90-44C2-91D0-9CBB291EA93F}.DELUXEWORKSTEST|Any CPU.ActiveCfg = Debug|Any CPU
		{51F28E9A-9A90-44C2-91D0-9CBB291EA93F}.DELUXEWORKSTEST|Any CPU.Build.0 = Debug|Any CPU
		{51F28E9A-9A90-44C2-91D0-9CBB291EA93F}.DELUXEWORKSTEST|x64.ActiveCfg = Debug|Any CPU
		{51F28E9A-9A90-44C2-91D0-9CBB291EA93F}.DELUXEWORKSTEST|x64.Build.0 = Debug|Any CPU
		{51F28E9A-9A90-44C2-91D0-9CBB291EA93F}.DELUXEWORKSTEST|x86.ActiveCfg = Debug|Any CPU
		{51F28E9A-9A90-44C2-91D0-9CBB291EA93F}.DELUXEWORKSTEST|x86.Build.0 = Debug|Any CPU
		{51F28E9A-9A90-44C2-91D0-9CBB291EA93F}.Release|Any CPU.ActiveCfg = Release|Any CPU
		{51F28E9A-9A90-44C2-91D0-9CBB291EA93F}.Release|Any CPU.Build.0 = Release|Any CPU
		{51F28E9A-9A90-44C2-91D0-9CBB291EA93F}.Release|x64.ActiveCfg = Release|Any CPU
		{51F28E9A-9A90-44C2-91D0-9CBB291EA93F}.Release|x64.Build.0 = Release|Any CPU
		{51F28E9A-9A90-44C2-91D0-9CBB291EA93F}.Release|x86.ActiveCfg = Release|Any CPU
		{51F28E9A-9A90-44C2-91D0-9CBB291EA93F}.Release|x86.Build.0 = Release|Any CPU
		{EA421112-C6BF-40B6-9222-5E6F4989B4A9}.Debug|Any CPU.ActiveCfg = Debug|Any CPU
		{EA421112-C6BF-40B6-9222-5E6F4989B4A9}.Debug|Any CPU.Build.0 = Debug|Any CPU
		{EA421112-C6BF-40B6-9222-5E6F4989B4A9}.Debug|x64.ActiveCfg = Debug|Any CPU
		{EA421112-C6BF-40B6-9222-5E6F4989B4A9}.Debug|x64.Build.0 = Debug|Any CPU
		{EA421112-C6BF-40B6-9222-5E6F4989B4A9}.Debug|x86.ActiveCfg = Debug|Any CPU
		{EA421112-C6BF-40B6-9222-5E6F4989B4A9}.Debug|x86.Build.0 = Debug|Any CPU
		{EA421112-C6BF-40B6-9222-5E6F4989B4A9}.DELUXEWORKSTEST|Any CPU.ActiveCfg = Debug|Any CPU
		{EA421112-C6BF-40B6-9222-5E6F4989B4A9}.DELUXEWORKSTEST|Any CPU.Build.0 = Debug|Any CPU
		{EA421112-C6BF-40B6-9222-5E6F4989B4A9}.DELUXEWORKSTEST|x64.ActiveCfg = Debug|Any CPU
		{EA421112-C6BF-40B6-9222-5E6F4989B4A9}.DELUXEWORKSTEST|x64.Build.0 = Debug|Any CPU
		{EA421112-C6BF-40B6-9222-5E6F4989B4A9}.DELUXEWORKSTEST|x86.ActiveCfg = Debug|Any CPU
		{EA421112-C6BF-40B6-9222-5E6F4989B4A9}.DELUXEWORKSTEST|x86.Build.0 = Debug|Any CPU
		{EA421112-C6BF-40B6-9222-5E6F4989B4A9}.Release|Any CPU.ActiveCfg = Release|Any CPU
		{EA421112-C6BF-40B6-9222-5E6F4989B4A9}.Release|Any CPU.Build.0 = Release|Any CPU
		{EA421112-C6BF-40B6-9222-5E6F4989B4A9}.Release|x64.ActiveCfg = Release|Any CPU
		{EA421112-C6BF-40B6-9222-5E6F4989B4A9}.Release|x64.Build.0 = Release|Any CPU
		{EA421112-C6BF-40B6-9222-5E6F4989B4A9}.Release|x86.ActiveCfg = Release|Any CPU
		{EA421112-C6BF-40B6-9222-5E6F4989B4A9}.Release|x86.Build.0 = Release|Any CPU
		{69A1E346-A9A4-49A3-B9B0-CAA03BCE8A62}.Debug|Any CPU.ActiveCfg = Debug|Any CPU
		{69A1E346-A9A4-49A3-B9B0-CAA03BCE8A62}.Debug|Any CPU.Build.0 = Debug|Any CPU
		{69A1E346-A9A4-49A3-B9B0-CAA03BCE8A62}.Debug|x64.ActiveCfg = Debug|Any CPU
		{69A1E346-A9A4-49A3-B9B0-CAA03BCE8A62}.Debug|x64.Build.0 = Debug|Any CPU
		{69A1E346-A9A4-49A3-B9B0-CAA03BCE8A62}.Debug|x86.ActiveCfg = Debug|Any CPU
		{69A1E346-A9A4-49A3-B9B0-CAA03BCE8A62}.Debug|x86.Build.0 = Debug|Any CPU
		{69A1E346-A9A4-49A3-B9B0-CAA03BCE8A62}.DELUXEWORKSTEST|Any CPU.ActiveCfg = Debug|Any CPU
		{69A1E346-A9A4-49A3-B9B0-CAA03BCE8A62}.DELUXEWORKSTEST|Any CPU.Build.0 = Debug|Any CPU
		{69A1E346-A9A4-49A3-B9B0-CAA03BCE8A62}.DELUXEWORKSTEST|x64.ActiveCfg = Debug|Any CPU
		{69A1E346-A9A4-49A3-B9B0-CAA03BCE8A62}.DELUXEWORKSTEST|x64.Build.0 = Debug|Any CPU
		{69A1E346-A9A4-49A3-B9B0-CAA03BCE8A62}.DELUXEWORKSTEST|x86.ActiveCfg = Debug|Any CPU
		{69A1E346-A9A4-49A3-B9B0-CAA03BCE8A62}.DELUXEWORKSTEST|x86.Build.0 = Debug|Any CPU
		{69A1E346-A9A4-49A3-B9B0-CAA03BCE8A62}.Release|Any CPU.ActiveCfg = Release|Any CPU
		{69A1E346-A9A4-49A3-B9B0-CAA03BCE8A62}.Release|Any CPU.Build.0 = Release|Any CPU
		{69A1E346-A9A4-49A3-B9B0-CAA03BCE8A62}.Release|x64.ActiveCfg = Release|Any CPU
		{69A1E346-A9A4-49A3-B9B0-CAA03BCE8A62}.Release|x64.Build.0 = Release|Any CPU
		{69A1E346-A9A4-49A3-B9B0-CAA03BCE8A62}.Release|x86.ActiveCfg = Release|Any CPU
		{69A1E346-A9A4-49A3-B9B0-CAA03BCE8A62}.Release|x86.Build.0 = Release|Any CPU
		{6EA98729-9A07-4D1F-B389-07C6B9D43B1D}.Debug|Any CPU.ActiveCfg = Debug|Any CPU
		{6EA98729-9A07-4D1F-B389-07C6B9D43B1D}.Debug|Any CPU.Build.0 = Debug|Any CPU
		{6EA98729-9A07-4D1F-B389-07C6B9D43B1D}.Debug|x64.ActiveCfg = Debug|Any CPU
		{6EA98729-9A07-4D1F-B389-07C6B9D43B1D}.Debug|x64.Build.0 = Debug|Any CPU
		{6EA98729-9A07-4D1F-B389-07C6B9D43B1D}.Debug|x86.ActiveCfg = Debug|Any CPU
		{6EA98729-9A07-4D1F-B389-07C6B9D43B1D}.Debug|x86.Build.0 = Debug|Any CPU
		{6EA98729-9A07-4D1F-B389-07C6B9D43B1D}.DELUXEWORKSTEST|Any CPU.ActiveCfg = DELUXEWORKSTEST|Any CPU
		{6EA98729-9A07-4D1F-B389-07C6B9D43B1D}.DELUXEWORKSTEST|Any CPU.Build.0 = DELUXEWORKSTEST|Any CPU
		{6EA98729-9A07-4D1F-B389-07C6B9D43B1D}.DELUXEWORKSTEST|x64.ActiveCfg = DELUXEWORKSTEST|Any CPU
		{6EA98729-9A07-4D1F-B389-07C6B9D43B1D}.DELUXEWORKSTEST|x64.Build.0 = DELUXEWORKSTEST|Any CPU
		{6EA98729-9A07-4D1F-B389-07C6B9D43B1D}.DELUXEWORKSTEST|x86.ActiveCfg = DELUXEWORKSTEST|Any CPU
		{6EA98729-9A07-4D1F-B389-07C6B9D43B1D}.DELUXEWORKSTEST|x86.Build.0 = DELUXEWORKSTEST|Any CPU
		{6EA98729-9A07-4D1F-B389-07C6B9D43B1D}.Release|Any CPU.ActiveCfg = Release|Any CPU
		{6EA98729-9A07-4D1F-B389-07C6B9D43B1D}.Release|Any CPU.Build.0 = Release|Any CPU
		{6EA98729-9A07-4D1F-B389-07C6B9D43B1D}.Release|x64.ActiveCfg = Release|Any CPU
		{6EA98729-9A07-4D1F-B389-07C6B9D43B1D}.Release|x64.Build.0 = Release|Any CPU
		{6EA98729-9A07-4D1F-B389-07C6B9D43B1D}.Release|x86.ActiveCfg = Release|Any CPU
		{6EA98729-9A07-4D1F-B389-07C6B9D43B1D}.Release|x86.Build.0 = Release|Any CPU
		{78CD90D6-129A-401C-8396-E7AD8996219E}.Debug|Any CPU.ActiveCfg = Debug|Any CPU
		{78CD90D6-129A-401C-8396-E7AD8996219E}.Debug|Any CPU.Build.0 = Debug|Any CPU
		{78CD90D6-129A-401C-8396-E7AD8996219E}.Debug|x64.ActiveCfg = Debug|Any CPU
		{78CD90D6-129A-401C-8396-E7AD8996219E}.Debug|x64.Build.0 = Debug|Any CPU
		{78CD90D6-129A-401C-8396-E7AD8996219E}.Debug|x86.ActiveCfg = Debug|Any CPU
		{78CD90D6-129A-401C-8396-E7AD8996219E}.Debug|x86.Build.0 = Debug|Any CPU
		{78CD90D6-129A-401C-8396-E7AD8996219E}.DELUXEWORKSTEST|Any CPU.ActiveCfg = Debug|Any CPU
		{78CD90D6-129A-401C-8396-E7AD8996219E}.DELUXEWORKSTEST|Any CPU.Build.0 = Debug|Any CPU
		{78CD90D6-129A-401C-8396-E7AD8996219E}.DELUXEWORKSTEST|x64.ActiveCfg = Debug|Any CPU
		{78CD90D6-129A-401C-8396-E7AD8996219E}.DELUXEWORKSTEST|x64.Build.0 = Debug|Any CPU
		{78CD90D6-129A-401C-8396-E7AD8996219E}.DELUXEWORKSTEST|x86.ActiveCfg = Debug|Any CPU
		{78CD90D6-129A-401C-8396-E7AD8996219E}.DELUXEWORKSTEST|x86.Build.0 = Debug|Any CPU
		{78CD90D6-129A-401C-8396-E7AD8996219E}.Release|Any CPU.ActiveCfg = Release|Any CPU
		{78CD90D6-129A-401C-8396-E7AD8996219E}.Release|Any CPU.Build.0 = Release|Any CPU
		{78CD90D6-129A-401C-8396-E7AD8996219E}.Release|x64.ActiveCfg = Release|Any CPU
		{78CD90D6-129A-401C-8396-E7AD8996219E}.Release|x64.Build.0 = Release|Any CPU
		{78CD90D6-129A-401C-8396-E7AD8996219E}.Release|x86.ActiveCfg = Release|Any CPU
		{78CD90D6-129A-401C-8396-E7AD8996219E}.Release|x86.Build.0 = Release|Any CPU
		{2B974479-EB50-46D1-A812-58BB45447D65}.Debug|Any CPU.ActiveCfg = Debug|Any CPU
		{2B974479-EB50-46D1-A812-58BB45447D65}.Debug|Any CPU.Build.0 = Debug|Any CPU
		{2B974479-EB50-46D1-A812-58BB45447D65}.Debug|x64.ActiveCfg = Debug|Any CPU
		{2B974479-EB50-46D1-A812-58BB45447D65}.Debug|x64.Build.0 = Debug|Any CPU
		{2B974479-EB50-46D1-A812-58BB45447D65}.Debug|x86.ActiveCfg = Debug|Any CPU
		{2B974479-EB50-46D1-A812-58BB45447D65}.Debug|x86.Build.0 = Debug|Any CPU
		{2B974479-EB50-46D1-A812-58BB45447D65}.DELUXEWORKSTEST|Any CPU.ActiveCfg = DELUXEWORKSTEST|Any CPU
		{2B974479-EB50-46D1-A812-58BB45447D65}.DELUXEWORKSTEST|Any CPU.Build.0 = DELUXEWORKSTEST|Any CPU
		{2B974479-EB50-46D1-A812-58BB45447D65}.DELUXEWORKSTEST|x64.ActiveCfg = DELUXEWORKSTEST|Any CPU
		{2B974479-EB50-46D1-A812-58BB45447D65}.DELUXEWORKSTEST|x64.Build.0 = DELUXEWORKSTEST|Any CPU
		{2B974479-EB50-46D1-A812-58BB45447D65}.DELUXEWORKSTEST|x86.ActiveCfg = DELUXEWORKSTEST|Any CPU
		{2B974479-EB50-46D1-A812-58BB45447D65}.DELUXEWORKSTEST|x86.Build.0 = DELUXEWORKSTEST|Any CPU
		{2B974479-EB50-46D1-A812-58BB45447D65}.Release|Any CPU.ActiveCfg = Release|Any CPU
		{2B974479-EB50-46D1-A812-58BB45447D65}.Release|Any CPU.Build.0 = Release|Any CPU
		{2B974479-EB50-46D1-A812-58BB45447D65}.Release|x64.ActiveCfg = Release|Any CPU
		{2B974479-EB50-46D1-A812-58BB45447D65}.Release|x64.Build.0 = Release|Any CPU
		{2B974479-EB50-46D1-A812-58BB45447D65}.Release|x86.ActiveCfg = Release|Any CPU
		{2B974479-EB50-46D1-A812-58BB45447D65}.Release|x86.Build.0 = Release|Any CPU
		{2B0E10EE-F7E1-468B-84C0-ABD17A3A7319}.Debug|Any CPU.ActiveCfg = Debug|Any CPU
		{2B0E10EE-F7E1-468B-84C0-ABD17A3A7319}.Debug|Any CPU.Build.0 = Debug|Any CPU
		{2B0E10EE-F7E1-468B-84C0-ABD17A3A7319}.Debug|x64.ActiveCfg = Debug|Any CPU
		{2B0E10EE-F7E1-468B-84C0-ABD17A3A7319}.Debug|x64.Build.0 = Debug|Any CPU
		{2B0E10EE-F7E1-468B-84C0-ABD17A3A7319}.Debug|x86.ActiveCfg = Debug|Any CPU
		{2B0E10EE-F7E1-468B-84C0-ABD17A3A7319}.Debug|x86.Build.0 = Debug|Any CPU
		{2B0E10EE-F7E1-468B-84C0-ABD17A3A7319}.DELUXEWORKSTEST|Any CPU.ActiveCfg = Debug|Any CPU
		{2B0E10EE-F7E1-468B-84C0-ABD17A3A7319}.DELUXEWORKSTEST|Any CPU.Build.0 = Debug|Any CPU
		{2B0E10EE-F7E1-468B-84C0-ABD17A3A7319}.DELUXEWORKSTEST|x64.ActiveCfg = Debug|Any CPU
		{2B0E10EE-F7E1-468B-84C0-ABD17A3A7319}.DELUXEWORKSTEST|x64.Build.0 = Debug|Any CPU
		{2B0E10EE-F7E1-468B-84C0-ABD17A3A7319}.DELUXEWORKSTEST|x86.ActiveCfg = Debug|Any CPU
		{2B0E10EE-F7E1-468B-84C0-ABD17A3A7319}.DELUXEWORKSTEST|x86.Build.0 = Debug|Any CPU
		{2B0E10EE-F7E1-468B-84C0-ABD17A3A7319}.Release|Any CPU.ActiveCfg = Release|Any CPU
		{2B0E10EE-F7E1-468B-84C0-ABD17A3A7319}.Release|Any CPU.Build.0 = Release|Any CPU
		{2B0E10EE-F7E1-468B-84C0-ABD17A3A7319}.Release|x64.ActiveCfg = Release|Any CPU
		{2B0E10EE-F7E1-468B-84C0-ABD17A3A7319}.Release|x64.Build.0 = Release|Any CPU
		{2B0E10EE-F7E1-468B-84C0-ABD17A3A7319}.Release|x86.ActiveCfg = Release|Any CPU
		{2B0E10EE-F7E1-468B-84C0-ABD17A3A7319}.Release|x86.Build.0 = Release|Any CPU
		{31B6A252-182E-48C0-8D6A-56E3C2DD856F}.Debug|Any CPU.ActiveCfg = Debug|Any CPU
		{31B6A252-182E-48C0-8D6A-56E3C2DD856F}.Debug|Any CPU.Build.0 = Debug|Any CPU
		{31B6A252-182E-48C0-8D6A-56E3C2DD856F}.Debug|x64.ActiveCfg = Debug|Any CPU
		{31B6A252-182E-48C0-8D6A-56E3C2DD856F}.Debug|x64.Build.0 = Debug|Any CPU
		{31B6A252-182E-48C0-8D6A-56E3C2DD856F}.Debug|x86.ActiveCfg = Debug|Any CPU
		{31B6A252-182E-48C0-8D6A-56E3C2DD856F}.Debug|x86.Build.0 = Debug|Any CPU
		{31B6A252-182E-48C0-8D6A-56E3C2DD856F}.DELUXEWORKSTEST|Any CPU.ActiveCfg = Debug|Any CPU
		{31B6A252-182E-48C0-8D6A-56E3C2DD856F}.DELUXEWORKSTEST|Any CPU.Build.0 = Debug|Any CPU
		{31B6A252-182E-48C0-8D6A-56E3C2DD856F}.DELUXEWORKSTEST|x64.ActiveCfg = Debug|Any CPU
		{31B6A252-182E-48C0-8D6A-56E3C2DD856F}.DELUXEWORKSTEST|x64.Build.0 = Debug|Any CPU
		{31B6A252-182E-48C0-8D6A-56E3C2DD856F}.DELUXEWORKSTEST|x86.ActiveCfg = Debug|Any CPU
		{31B6A252-182E-48C0-8D6A-56E3C2DD856F}.DELUXEWORKSTEST|x86.Build.0 = Debug|Any CPU
		{31B6A252-182E-48C0-8D6A-56E3C2DD856F}.Release|Any CPU.ActiveCfg = Release|Any CPU
		{31B6A252-182E-48C0-8D6A-56E3C2DD856F}.Release|Any CPU.Build.0 = Release|Any CPU
		{31B6A252-182E-48C0-8D6A-56E3C2DD856F}.Release|x64.ActiveCfg = Release|Any CPU
		{31B6A252-182E-48C0-8D6A-56E3C2DD856F}.Release|x64.Build.0 = Release|Any CPU
		{31B6A252-182E-48C0-8D6A-56E3C2DD856F}.Release|x86.ActiveCfg = Release|Any CPU
		{31B6A252-182E-48C0-8D6A-56E3C2DD856F}.Release|x86.Build.0 = Release|Any CPU
		{E06BFB86-31B4-44CD-8976-901EB7DD1AA9}.Debug|Any CPU.ActiveCfg = Debug|Any CPU
		{E06BFB86-31B4-44CD-8976-901EB7DD1AA9}.Debug|Any CPU.Build.0 = Debug|Any CPU
		{E06BFB86-31B4-44CD-8976-901EB7DD1AA9}.Debug|x64.ActiveCfg = Debug|Any CPU
		{E06BFB86-31B4-44CD-8976-901EB7DD1AA9}.Debug|x64.Build.0 = Debug|Any CPU
		{E06BFB86-31B4-44CD-8976-901EB7DD1AA9}.Debug|x86.ActiveCfg = Debug|Any CPU
		{E06BFB86-31B4-44CD-8976-901EB7DD1AA9}.Debug|x86.Build.0 = Debug|Any CPU
		{E06BFB86-31B4-44CD-8976-901EB7DD1AA9}.DELUXEWORKSTEST|Any CPU.ActiveCfg = Debug|Any CPU
		{E06BFB86-31B4-44CD-8976-901EB7DD1AA9}.DELUXEWORKSTEST|Any CPU.Build.0 = Debug|Any CPU
		{E06BFB86-31B4-44CD-8976-901EB7DD1AA9}.DELUXEWORKSTEST|x64.ActiveCfg = Debug|Any CPU
		{E06BFB86-31B4-44CD-8976-901EB7DD1AA9}.DELUXEWORKSTEST|x64.Build.0 = Debug|Any CPU
		{E06BFB86-31B4-44CD-8976-901EB7DD1AA9}.DELUXEWORKSTEST|x86.ActiveCfg = Debug|Any CPU
		{E06BFB86-31B4-44CD-8976-901EB7DD1AA9}.DELUXEWORKSTEST|x86.Build.0 = Debug|Any CPU
		{E06BFB86-31B4-44CD-8976-901EB7DD1AA9}.Release|Any CPU.ActiveCfg = Release|Any CPU
		{E06BFB86-31B4-44CD-8976-901EB7DD1AA9}.Release|Any CPU.Build.0 = Release|Any CPU
		{E06BFB86-31B4-44CD-8976-901EB7DD1AA9}.Release|x64.ActiveCfg = Release|Any CPU
		{E06BFB86-31B4-44CD-8976-901EB7DD1AA9}.Release|x64.Build.0 = Release|Any CPU
		{E06BFB86-31B4-44CD-8976-901EB7DD1AA9}.Release|x86.ActiveCfg = Release|Any CPU
		{E06BFB86-31B4-44CD-8976-901EB7DD1AA9}.Release|x86.Build.0 = Release|Any CPU
		{46C6FA8C-3E0F-4BC8-8B4D-68AB9A7C69AF}.Debug|Any CPU.ActiveCfg = Debug|Any CPU
		{46C6FA8C-3E0F-4BC8-8B4D-68AB9A7C69AF}.Debug|Any CPU.Build.0 = Debug|Any CPU
		{46C6FA8C-3E0F-4BC8-8B4D-68AB9A7C69AF}.Debug|x64.ActiveCfg = Debug|Any CPU
		{46C6FA8C-3E0F-4BC8-8B4D-68AB9A7C69AF}.Debug|x64.Build.0 = Debug|Any CPU
		{46C6FA8C-3E0F-4BC8-8B4D-68AB9A7C69AF}.Debug|x86.ActiveCfg = Debug|Any CPU
		{46C6FA8C-3E0F-4BC8-8B4D-68AB9A7C69AF}.Debug|x86.Build.0 = Debug|Any CPU
		{46C6FA8C-3E0F-4BC8-8B4D-68AB9A7C69AF}.DELUXEWORKSTEST|Any CPU.ActiveCfg = Debug|Any CPU
		{46C6FA8C-3E0F-4BC8-8B4D-68AB9A7C69AF}.DELUXEWORKSTEST|Any CPU.Build.0 = Debug|Any CPU
		{46C6FA8C-3E0F-4BC8-8B4D-68AB9A7C69AF}.DELUXEWORKSTEST|x64.ActiveCfg = Debug|Any CPU
		{46C6FA8C-3E0F-4BC8-8B4D-68AB9A7C69AF}.DELUXEWORKSTEST|x64.Build.0 = Debug|Any CPU
		{46C6FA8C-3E0F-4BC8-8B4D-68AB9A7C69AF}.DELUXEWORKSTEST|x86.ActiveCfg = Debug|Any CPU
		{46C6FA8C-3E0F-4BC8-8B4D-68AB9A7C69AF}.DELUXEWORKSTEST|x86.Build.0 = Debug|Any CPU
		{46C6FA8C-3E0F-4BC8-8B4D-68AB9A7C69AF}.Release|Any CPU.ActiveCfg = Release|Any CPU
		{46C6FA8C-3E0F-4BC8-8B4D-68AB9A7C69AF}.Release|Any CPU.Build.0 = Release|Any CPU
		{46C6FA8C-3E0F-4BC8-8B4D-68AB9A7C69AF}.Release|x64.ActiveCfg = Release|Any CPU
		{46C6FA8C-3E0F-4BC8-8B4D-68AB9A7C69AF}.Release|x64.Build.0 = Release|Any CPU
		{46C6FA8C-3E0F-4BC8-8B4D-68AB9A7C69AF}.Release|x86.ActiveCfg = Release|Any CPU
		{46C6FA8C-3E0F-4BC8-8B4D-68AB9A7C69AF}.Release|x86.Build.0 = Release|Any CPU
		{F4819ABF-3CD4-4158-BF86-8FE4D3F6A7A6}.Debug|Any CPU.ActiveCfg = Debug|Any CPU
		{F4819ABF-3CD4-4158-BF86-8FE4D3F6A7A6}.Debug|Any CPU.Build.0 = Debug|Any CPU
		{F4819ABF-3CD4-4158-BF86-8FE4D3F6A7A6}.Debug|x64.ActiveCfg = Debug|Any CPU
		{F4819ABF-3CD4-4158-BF86-8FE4D3F6A7A6}.Debug|x64.Build.0 = Debug|Any CPU
		{F4819ABF-3CD4-4158-BF86-8FE4D3F6A7A6}.Debug|x86.ActiveCfg = Debug|Any CPU
		{F4819ABF-3CD4-4158-BF86-8FE4D3F6A7A6}.Debug|x86.Build.0 = Debug|Any CPU
		{F4819ABF-3CD4-4158-BF86-8FE4D3F6A7A6}.DELUXEWORKSTEST|Any CPU.ActiveCfg = Debug|Any CPU
		{F4819ABF-3CD4-4158-BF86-8FE4D3F6A7A6}.DELUXEWORKSTEST|Any CPU.Build.0 = Debug|Any CPU
		{F4819ABF-3CD4-4158-BF86-8FE4D3F6A7A6}.DELUXEWORKSTEST|x64.ActiveCfg = Debug|Any CPU
		{F4819ABF-3CD4-4158-BF86-8FE4D3F6A7A6}.DELUXEWORKSTEST|x64.Build.0 = Debug|Any CPU
		{F4819ABF-3CD4-4158-BF86-8FE4D3F6A7A6}.DELUXEWORKSTEST|x86.ActiveCfg = Debug|Any CPU
		{F4819ABF-3CD4-4158-BF86-8FE4D3F6A7A6}.DELUXEWORKSTEST|x86.Build.0 = Debug|Any CPU
		{F4819ABF-3CD4-4158-BF86-8FE4D3F6A7A6}.Release|Any CPU.ActiveCfg = Release|Any CPU
		{F4819ABF-3CD4-4158-BF86-8FE4D3F6A7A6}.Release|Any CPU.Build.0 = Release|Any CPU
		{F4819ABF-3CD4-4158-BF86-8FE4D3F6A7A6}.Release|x64.ActiveCfg = Release|Any CPU
		{F4819ABF-3CD4-4158-BF86-8FE4D3F6A7A6}.Release|x64.Build.0 = Release|Any CPU
		{F4819ABF-3CD4-4158-BF86-8FE4D3F6A7A6}.Release|x86.ActiveCfg = Release|Any CPU
		{F4819ABF-3CD4-4158-BF86-8FE4D3F6A7A6}.Release|x86.Build.0 = Release|Any CPU
		{7905642F-4630-4D16-AF40-CB1FB70D516F}.Debug|Any CPU.ActiveCfg = Debug|Any CPU
		{7905642F-4630-4D16-AF40-CB1FB70D516F}.Debug|Any CPU.Build.0 = Debug|Any CPU
		{7905642F-4630-4D16-AF40-CB1FB70D516F}.Debug|x64.ActiveCfg = Debug|Any CPU
		{7905642F-4630-4D16-AF40-CB1FB70D516F}.Debug|x64.Build.0 = Debug|Any CPU
		{7905642F-4630-4D16-AF40-CB1FB70D516F}.Debug|x86.ActiveCfg = Debug|Any CPU
		{7905642F-4630-4D16-AF40-CB1FB70D516F}.Debug|x86.Build.0 = Debug|Any CPU
		{7905642F-4630-4D16-AF40-CB1FB70D516F}.DELUXEWORKSTEST|Any CPU.ActiveCfg = Debug|Any CPU
		{7905642F-4630-4D16-AF40-CB1FB70D516F}.DELUXEWORKSTEST|Any CPU.Build.0 = Debug|Any CPU
		{7905642F-4630-4D16-AF40-CB1FB70D516F}.DELUXEWORKSTEST|x64.ActiveCfg = Debug|Any CPU
		{7905642F-4630-4D16-AF40-CB1FB70D516F}.DELUXEWORKSTEST|x64.Build.0 = Debug|Any CPU
		{7905642F-4630-4D16-AF40-CB1FB70D516F}.DELUXEWORKSTEST|x86.ActiveCfg = Debug|Any CPU
		{7905642F-4630-4D16-AF40-CB1FB70D516F}.DELUXEWORKSTEST|x86.Build.0 = Debug|Any CPU
		{7905642F-4630-4D16-AF40-CB1FB70D516F}.Release|Any CPU.ActiveCfg = Release|Any CPU
		{7905642F-4630-4D16-AF40-CB1FB70D516F}.Release|Any CPU.Build.0 = Release|Any CPU
		{7905642F-4630-4D16-AF40-CB1FB70D516F}.Release|x64.ActiveCfg = Release|Any CPU
		{7905642F-4630-4D16-AF40-CB1FB70D516F}.Release|x64.Build.0 = Release|Any CPU
		{7905642F-4630-4D16-AF40-CB1FB70D516F}.Release|x86.ActiveCfg = Release|Any CPU
		{7905642F-4630-4D16-AF40-CB1FB70D516F}.Release|x86.Build.0 = Release|Any CPU
		{52DC8F09-0267-4F33-A19B-F5D75C2A70D8}.Debug|Any CPU.ActiveCfg = Debug|Any CPU
		{52DC8F09-0267-4F33-A19B-F5D75C2A70D8}.Debug|Any CPU.Build.0 = Debug|Any CPU
		{52DC8F09-0267-4F33-A19B-F5D75C2A70D8}.Debug|x64.ActiveCfg = Debug|Any CPU
		{52DC8F09-0267-4F33-A19B-F5D75C2A70D8}.Debug|x64.Build.0 = Debug|Any CPU
		{52DC8F09-0267-4F33-A19B-F5D75C2A70D8}.Debug|x86.ActiveCfg = Debug|Any CPU
		{52DC8F09-0267-4F33-A19B-F5D75C2A70D8}.Debug|x86.Build.0 = Debug|Any CPU
		{52DC8F09-0267-4F33-A19B-F5D75C2A70D8}.DELUXEWORKSTEST|Any CPU.ActiveCfg = Debug|Any CPU
		{52DC8F09-0267-4F33-A19B-F5D75C2A70D8}.DELUXEWORKSTEST|Any CPU.Build.0 = Debug|Any CPU
		{52DC8F09-0267-4F33-A19B-F5D75C2A70D8}.DELUXEWORKSTEST|x64.ActiveCfg = Debug|Any CPU
		{52DC8F09-0267-4F33-A19B-F5D75C2A70D8}.DELUXEWORKSTEST|x64.Build.0 = Debug|Any CPU
		{52DC8F09-0267-4F33-A19B-F5D75C2A70D8}.DELUXEWORKSTEST|x86.ActiveCfg = Debug|Any CPU
		{52DC8F09-0267-4F33-A19B-F5D75C2A70D8}.DELUXEWORKSTEST|x86.Build.0 = Debug|Any CPU
		{52DC8F09-0267-4F33-A19B-F5D75C2A70D8}.Release|Any CPU.ActiveCfg = Release|Any CPU
		{52DC8F09-0267-4F33-A19B-F5D75C2A70D8}.Release|Any CPU.Build.0 = Release|Any CPU
		{52DC8F09-0267-4F33-A19B-F5D75C2A70D8}.Release|x64.ActiveCfg = Release|Any CPU
		{52DC8F09-0267-4F33-A19B-F5D75C2A70D8}.Release|x64.Build.0 = Release|Any CPU
		{52DC8F09-0267-4F33-A19B-F5D75C2A70D8}.Release|x86.ActiveCfg = Release|Any CPU
		{52DC8F09-0267-4F33-A19B-F5D75C2A70D8}.Release|x86.Build.0 = Release|Any CPU
	EndGlobalSection
	GlobalSection(SolutionProperties) = preSolution
		HideSolutionNode = FALSE
	EndGlobalSection
	GlobalSection(TeamFoundationVersionControl) = preSolution
		SccNumberOfProjects = 14
		SccEnterpriseProvider = {4CA58AB2-18FA-4F8D-95D4-32DDF27D184C}
		SccTeamFoundationServer = http://10.1.56.70:8080/tfs/pptsv2.0
		SccProjectUniqueName0 = ..\\..\\MCS.Library\\MCS.Library.P.csproj
		SccProjectName0 = ../../MCS.Library
		SccAuxPath0 = http://10.1.56.70:8080/tfs/pptsv2.0
		SccLocalPath0 = ..\\..\\MCS.Library
		SccProvider0 = {4CA58AB2-18FA-4F8D-95D4-32DDF27D184C}
		SccProjectUniqueName1 = ..\\..\\MCS.Library.Data\\MCS.Library.Data.P.csproj
		SccProjectName1 = ../../MCS.Library.Data
		SccAuxPath1 = http://10.1.56.70:8080/tfs/pptsv2.0
		SccLocalPath1 = ..\\..\\MCS.Library.Data
		SccProvider1 = {4CA58AB2-18FA-4F8D-95D4-32DDF27D184C}
		SccProjectUniqueName2 = ..\\..\\MCS.Library.Compression\\MCS.Library.Compression.P.csproj
		SccProjectName2 = ../../MCS.Library.Compression
		SccAuxPath2 = http://10.1.56.70:8080/tfs/pptsv2.0
		SccLocalPath2 = ..\\..\\MCS.Library.Compression
		SccProvider2 = {4CA58AB2-18FA-4F8D-95D4-32DDF27D184C}
		SccProjectUniqueName3 = ..\\..\\MCS.Library.Office\\MCS.Library.Office.P.csproj
		SccProjectName3 = ../../MCS.Library.Office
		SccAuxPath3 = http://10.1.56.70:8080/tfs/pptsv2.0
		SccLocalPath3 = ..\\..\\MCS.Library.Office
		SccProvider3 = {4CA58AB2-18FA-4F8D-95D4-32DDF27D184C}
		SccProjectUniqueName4 = ..\\..\\MCS.Library.Office.OpenXml.Excel\\MCS.Library.Office.OpenXml.Excel.P.csproj
		SccProjectName4 = ../../MCS.Library.Office.OpenXml.Excel
		SccAuxPath4 = http://10.1.56.70:8080/tfs/pptsv2.0
		SccLocalPath4 = ..\\..\\MCS.Library.Office.OpenXml.Excel
		SccProvider4 = {4CA58AB2-18FA-4F8D-95D4-32DDF27D184C}
		SccProjectUniqueName5 = ..\\..\\MCS.Library.OGUPermission\\MCS.Library.OGUPermission.P.csproj
		SccProjectName5 = ../../MCS.Library.OGUPermission
		SccAuxPath5 = http://10.1.56.70:8080/tfs/pptsv2.0
		SccLocalPath5 = ..\\..\\MCS.Library.OGUPermission
		SccProvider5 = {4CA58AB2-18FA-4F8D-95D4-32DDF27D184C}
		SccProjectUniqueName6 = ..\\..\\MCS.Web.Library.Script.Json\\MCS.Web.Library.Script.Json.P.csproj
		SccProjectName6 = ../../MCS.Web.Library.Script.Json
		SccAuxPath6 = http://10.1.56.70:8080/tfs/pptsv2.0
		SccLocalPath6 = ..\\..\\MCS.Web.Library.Script.Json
		SccProvider6 = {4CA58AB2-18FA-4F8D-95D4-32DDF27D184C}
		SccProjectUniqueName7 = ..\\..\\MCS.Library.Passport\\MCS.Library.Passport.P.csproj
		SccProjectName7 = ../../MCS.Library.Passport
		SccAuxPath7 = http://10.1.56.70:8080/tfs/pptsv2.0
		SccLocalPath7 = ..\\..\\MCS.Library.Passport
		SccProvider7 = {4CA58AB2-18FA-4F8D-95D4-32DDF27D184C}
		SccProjectUniqueName8 = ..\\..\\MCS.Library.ADHelper\\MCS.Library.ADHelper.P.csproj
		SccProjectName8 = ../../MCS.Library.ADHelper
		SccAuxPath8 = http://10.1.56.70:8080/tfs/pptsv2.0
		SccLocalPath8 = ..\\..\\MCS.Library.ADHelper
		SccProvider8 = {4CA58AB2-18FA-4F8D-95D4-32DDF27D184C}
		SccProjectUniqueName9 = ..\\..\\MCS.Web.Responsive.Library\\MCS.Web.Responsive.Library.P.csproj
		SccProjectName9 = ../../MCS.Web.Responsive.Library
		SccAuxPath9 = http://10.1.56.70:8080/tfs/pptsv2.0
		SccLocalPath9 = ..\\..\\MCS.Web.Responsive.Library
		SccProvider9 = {4CA58AB2-18FA-4F8D-95D4-32DDF27D184C}
		SccProjectUniqueName10 = ..\\..\\MCS.Library.SOA.DataObjects.Schemas.Client\\MCS.Library.SOA.DataObjects.Schemas.Client.P.csproj
		SccProjectName10 = ../../MCS.Library.SOA.DataObjects.Schemas.Client
		SccAuxPath10 = http://10.1.56.70:8080/tfs/pptsv2.0
		SccLocalPath10 = ..\\..\\MCS.Library.SOA.DataObjects.Schemas.Client
		SccProvider10 = {4CA58AB2-18FA-4F8D-95D4-32DDF27D184C}
		SccProjectUniqueName11 = ..\\..\\MCS.Library.SOA.DataObjects.Security.AUClient\\MCS.Library.SOA.DataObjects.Security.AUClient.P.csproj
		SccProjectName11 = ../../MCS.Library.SOA.DataObjects.Security.AUClient
		SccAuxPath11 = http://10.1.56.70:8080/tfs/pptsv2.0
		SccLocalPath11 = ..\\..\\MCS.Library.SOA.DataObjects.Security.AUClient
		SccProvider11 = {4CA58AB2-18FA-4F8D-95D4-32DDF27D184C}
		SccProjectUniqueName12 = ..\\..\\MCS.Library.WcfExtensions\\MCS.Library.WcfExtensions.P.csproj
		SccProjectName12 = ../../MCS.Library.WcfExtensions
		SccAuxPath12 = http://10.1.56.70:8080/tfs/pptsv2.0
		SccLocalPath12 = ..\\..\\MCS.Library.WcfExtensions
		SccProvider12 = {4CA58AB2-18FA-4F8D-95D4-32DDF27D184C}
		SccProjectUniqueName13 = ..\\..\\MCS.Library.SOA.DataObjects\\MCS.Library.SOA.DataObjects.P.csproj
		SccProjectName13 = ../../MCS.Library.SOA.DataObjects
		SccAuxPath13 = http://10.1.56.70:8080/tfs/pptsv2.0
		SccLocalPath13 = ..\\..\\MCS.Library.SOA.DataObjects
		SccProvider13 = {4CA58AB2-18FA-4F8D-95D4-32DDF27D184C}
	EndGlobalSection
EndGlobal
