
Microsoft Visual Studio Solution File, Format Version 12.00
# Visual Studio 14
VisualStudioVersion = 14.0.24720.0
MinimumVisualStudioVersion = 10.0.40219.1
Project("{FAE04EC0-301F-11D3-BF4B-00C04F79EFBC}") = "PPTS.Contracts.Orders", "..\..\PPTSFramework\PPTS.Contracts.Orders\PPTS.Contracts.Orders.csproj", "{B1A3B8A8-28E8-40C4-B6EC-8C4E8A2DA0D6}"
EndProject
Project("{2150E333-8FDC-42A3-9474-1A3956D46DE8}") = "Contracts", "Contracts", "{3C99362D-BECE-4ED8-B7C8-3C6975902954}"
EndProject
Project("{2150E333-8FDC-42A3-9474-1A3956D46DE8}") = "Data", "Data", "{F2252201-D14A-46DC-83B7-CBB5884A0ED8}"
EndProject
Project("{FAE04EC0-301F-11D3-BF4B-00C04F79EFBC}") = "PPTS.Data.Orders", "..\..\PPTSFramework\PPTS.Data.Orders\PPTS.Data.Orders.csproj", "{8B8AB24B-A8F7-420C-834E-52517F178D30}"
EndProject
Project("{FAE04EC0-301F-11D3-BF4B-00C04F79EFBC}") = "PPTS.Data.Orders.Entities", "..\..\PPTSFramework\PPTS.Data.Orders.Entities\PPTS.Data.Orders.Entities.csproj", "{773946A6-B352-4F33-9FB3-065B88EA6E43}"
EndProject
Project("{2150E333-8FDC-42A3-9474-1A3956D46DE8}") = "MCS", "MCS", "{7B051852-BE97-4E9A-B600-92FF1EBF83A9}"
EndProject
Project("{FAE04EC0-301F-11D3-BF4B-00C04F79EFBC}") = "MCS.Library.Data.Test", "..\..\Framework\TestProjects\MCS.Library.Data.Test\MCS.Library.Data.Test.csproj", "{C6044B60-B88A-4067-8941-A7AC37D331D6}"
EndProject
Project("{2150E333-8FDC-42A3-9474-1A3956D46DE8}") = "Service.Test", "Service.Test", "{29BAE105-BE49-4EB5-8B4D-76F3FC64AEE2}"
EndProject
Project("{FAE04EC0-301F-11D3-BF4B-00C04F79EFBC}") = "MCS.Library", "..\..\Framework\MCS.Library\MCS.Library.csproj", "{4077B0B7-062A-4F6D-8A45-A180A2ED3215}"
EndProject
Project("{FAE04EC0-301F-11D3-BF4B-00C04F79EFBC}") = "MCS.Library.Data", "..\..\Framework\MCS.Library.Data\MCS.Library.Data.csproj", "{4313DE1E-738F-477D-B7FD-B237E9116670}"
EndProject
Project("{2150E333-8FDC-42A3-9474-1A3956D46DE8}") = "Data.Test", "Data.Test", "{2F104647-85CF-4E8A-A3F9-51DA59B08ECD}"
EndProject
Project("{FAE04EC0-301F-11D3-BF4B-00C04F79EFBC}") = "PPTS.Data.Orders.Test", "..\..\PPTSFramework\TestProjects\PPTS.Data.Orders.Test\PPTS.Data.Orders.Test.csproj", "{3DA10ADA-4F8F-48DF-B61B-054D3AED4D52}"
EndProject
Project("{FAE04EC0-301F-11D3-BF4B-00C04F79EFBC}") = "PPTS.Services.Orders", "PPTS.Services.Orders.csproj", "{3FC0C600-72A6-4296-AA6D-4A5DA28500AA}"
EndProject
Project("{FAE04EC0-301F-11D3-BF4B-00C04F79EFBC}") = "PPTS.Contracts.Proxies", "..\..\PPTSFramework\PPTS.Contracts.Proxies\PPTS.Contracts.Proxies.csproj", "{BBA0226B-81A6-4684-AA60-14133456E9CC}"
EndProject
Project("{FAE04EC0-301F-11D3-BF4B-00C04F79EFBC}") = "PPTS.Contracts.Proxies.Test", "..\..\PPTSFramework\TestProjects\PPTS.Contracts.Proxies.Test\PPTS.Contracts.Proxies.Test.csproj", "{202258C1-7ACA-46D3-ACB8-831F949A4ECC}"
EndProject
Global
	GlobalSection(SolutionConfigurationPlatforms) = preSolution
		Debug|Any CPU = Debug|Any CPU
		Debug|x64 = Debug|x64
		Debug|x86 = Debug|x86
		DELUXEWORKSTEST|Any CPU = DELUXEWORKSTEST|Any CPU
		DELUXEWORKSTEST|x64 = DELUXEWORKSTEST|x64
		DELUXEWORKSTEST|x86 = DELUXEWORKSTEST|x86
		Release|Any CPU = Release|Any CPU
		Release|x64 = Release|x64
		Release|x86 = Release|x86
	EndGlobalSection
	GlobalSection(ProjectConfigurationPlatforms) = postSolution
		{B1A3B8A8-28E8-40C4-B6EC-8C4E8A2DA0D6}.Debug|Any CPU.ActiveCfg = Debug|Any CPU
		{B1A3B8A8-28E8-40C4-B6EC-8C4E8A2DA0D6}.Debug|Any CPU.Build.0 = Debug|Any CPU
		{B1A3B8A8-28E8-40C4-B6EC-8C4E8A2DA0D6}.Debug|x64.ActiveCfg = Debug|Any CPU
		{B1A3B8A8-28E8-40C4-B6EC-8C4E8A2DA0D6}.Debug|x64.Build.0 = Debug|Any CPU
		{B1A3B8A8-28E8-40C4-B6EC-8C4E8A2DA0D6}.Debug|x86.ActiveCfg = Debug|Any CPU
		{B1A3B8A8-28E8-40C4-B6EC-8C4E8A2DA0D6}.Debug|x86.Build.0 = Debug|Any CPU
		{B1A3B8A8-28E8-40C4-B6EC-8C4E8A2DA0D6}.DELUXEWORKSTEST|Any CPU.ActiveCfg = Debug|Any CPU
		{B1A3B8A8-28E8-40C4-B6EC-8C4E8A2DA0D6}.DELUXEWORKSTEST|Any CPU.Build.0 = Debug|Any CPU
		{B1A3B8A8-28E8-40C4-B6EC-8C4E8A2DA0D6}.DELUXEWORKSTEST|x64.ActiveCfg = Debug|Any CPU
		{B1A3B8A8-28E8-40C4-B6EC-8C4E8A2DA0D6}.DELUXEWORKSTEST|x64.Build.0 = Debug|Any CPU
		{B1A3B8A8-28E8-40C4-B6EC-8C4E8A2DA0D6}.DELUXEWORKSTEST|x86.ActiveCfg = Debug|Any CPU
		{B1A3B8A8-28E8-40C4-B6EC-8C4E8A2DA0D6}.DELUXEWORKSTEST|x86.Build.0 = Debug|Any CPU
		{B1A3B8A8-28E8-40C4-B6EC-8C4E8A2DA0D6}.Release|Any CPU.ActiveCfg = Release|Any CPU
		{B1A3B8A8-28E8-40C4-B6EC-8C4E8A2DA0D6}.Release|Any CPU.Build.0 = Release|Any CPU
		{B1A3B8A8-28E8-40C4-B6EC-8C4E8A2DA0D6}.Release|x64.ActiveCfg = Release|Any CPU
		{B1A3B8A8-28E8-40C4-B6EC-8C4E8A2DA0D6}.Release|x64.Build.0 = Release|Any CPU
		{B1A3B8A8-28E8-40C4-B6EC-8C4E8A2DA0D6}.Release|x86.ActiveCfg = Release|Any CPU
		{B1A3B8A8-28E8-40C4-B6EC-8C4E8A2DA0D6}.Release|x86.Build.0 = Release|Any CPU
		{8B8AB24B-A8F7-420C-834E-52517F178D30}.Debug|Any CPU.ActiveCfg = Debug|Any CPU
		{8B8AB24B-A8F7-420C-834E-52517F178D30}.Debug|Any CPU.Build.0 = Debug|Any CPU
		{8B8AB24B-A8F7-420C-834E-52517F178D30}.Debug|x64.ActiveCfg = Debug|Any CPU
		{8B8AB24B-A8F7-420C-834E-52517F178D30}.Debug|x64.Build.0 = Debug|Any CPU
		{8B8AB24B-A8F7-420C-834E-52517F178D30}.Debug|x86.ActiveCfg = Debug|Any CPU
		{8B8AB24B-A8F7-420C-834E-52517F178D30}.Debug|x86.Build.0 = Debug|Any CPU
		{8B8AB24B-A8F7-420C-834E-52517F178D30}.DELUXEWORKSTEST|Any CPU.ActiveCfg = Debug|Any CPU
		{8B8AB24B-A8F7-420C-834E-52517F178D30}.DELUXEWORKSTEST|Any CPU.Build.0 = Debug|Any CPU
		{8B8AB24B-A8F7-420C-834E-52517F178D30}.DELUXEWORKSTEST|x64.ActiveCfg = Debug|Any CPU
		{8B8AB24B-A8F7-420C-834E-52517F178D30}.DELUXEWORKSTEST|x64.Build.0 = Debug|Any CPU
		{8B8AB24B-A8F7-420C-834E-52517F178D30}.DELUXEWORKSTEST|x86.ActiveCfg = Debug|Any CPU
		{8B8AB24B-A8F7-420C-834E-52517F178D30}.DELUXEWORKSTEST|x86.Build.0 = Debug|Any CPU
		{8B8AB24B-A8F7-420C-834E-52517F178D30}.Release|Any CPU.ActiveCfg = Release|Any CPU
		{8B8AB24B-A8F7-420C-834E-52517F178D30}.Release|Any CPU.Build.0 = Release|Any CPU
		{8B8AB24B-A8F7-420C-834E-52517F178D30}.Release|x64.ActiveCfg = Release|Any CPU
		{8B8AB24B-A8F7-420C-834E-52517F178D30}.Release|x64.Build.0 = Release|Any CPU
		{8B8AB24B-A8F7-420C-834E-52517F178D30}.Release|x86.ActiveCfg = Release|Any CPU
		{8B8AB24B-A8F7-420C-834E-52517F178D30}.Release|x86.Build.0 = Release|Any CPU
		{773946A6-B352-4F33-9FB3-065B88EA6E43}.Debug|Any CPU.ActiveCfg = Debug|Any CPU
		{773946A6-B352-4F33-9FB3-065B88EA6E43}.Debug|Any CPU.Build.0 = Debug|Any CPU
		{773946A6-B352-4F33-9FB3-065B88EA6E43}.Debug|x64.ActiveCfg = Debug|Any CPU
		{773946A6-B352-4F33-9FB3-065B88EA6E43}.Debug|x64.Build.0 = Debug|Any CPU
		{773946A6-B352-4F33-9FB3-065B88EA6E43}.Debug|x86.ActiveCfg = Debug|Any CPU
		{773946A6-B352-4F33-9FB3-065B88EA6E43}.Debug|x86.Build.0 = Debug|Any CPU
		{773946A6-B352-4F33-9FB3-065B88EA6E43}.DELUXEWORKSTEST|Any CPU.ActiveCfg = Debug|Any CPU
		{773946A6-B352-4F33-9FB3-065B88EA6E43}.DELUXEWORKSTEST|Any CPU.Build.0 = Debug|Any CPU
		{773946A6-B352-4F33-9FB3-065B88EA6E43}.DELUXEWORKSTEST|x64.ActiveCfg = Debug|Any CPU
		{773946A6-B352-4F33-9FB3-065B88EA6E43}.DELUXEWORKSTEST|x64.Build.0 = Debug|Any CPU
		{773946A6-B352-4F33-9FB3-065B88EA6E43}.DELUXEWORKSTEST|x86.ActiveCfg = Debug|Any CPU
		{773946A6-B352-4F33-9FB3-065B88EA6E43}.DELUXEWORKSTEST|x86.Build.0 = Debug|Any CPU
		{773946A6-B352-4F33-9FB3-065B88EA6E43}.Release|Any CPU.ActiveCfg = Release|Any CPU
		{773946A6-B352-4F33-9FB3-065B88EA6E43}.Release|Any CPU.Build.0 = Release|Any CPU
		{773946A6-B352-4F33-9FB3-065B88EA6E43}.Release|x64.ActiveCfg = Release|Any CPU
		{773946A6-B352-4F33-9FB3-065B88EA6E43}.Release|x64.Build.0 = Release|Any CPU
		{773946A6-B352-4F33-9FB3-065B88EA6E43}.Release|x86.ActiveCfg = Release|Any CPU
		{773946A6-B352-4F33-9FB3-065B88EA6E43}.Release|x86.Build.0 = Release|Any CPU
		{C6044B60-B88A-4067-8941-A7AC37D331D6}.Debug|Any CPU.ActiveCfg = Debug|Any CPU
		{C6044B60-B88A-4067-8941-A7AC37D331D6}.Debug|Any CPU.Build.0 = Debug|Any CPU
		{C6044B60-B88A-4067-8941-A7AC37D331D6}.Debug|x64.ActiveCfg = Debug|Any CPU
		{C6044B60-B88A-4067-8941-A7AC37D331D6}.Debug|x64.Build.0 = Debug|Any CPU
		{C6044B60-B88A-4067-8941-A7AC37D331D6}.Debug|x86.ActiveCfg = Debug|Any CPU
		{C6044B60-B88A-4067-8941-A7AC37D331D6}.Debug|x86.Build.0 = Debug|Any CPU
		{C6044B60-B88A-4067-8941-A7AC37D331D6}.DELUXEWORKSTEST|Any CPU.ActiveCfg = Debug|Any CPU
		{C6044B60-B88A-4067-8941-A7AC37D331D6}.DELUXEWORKSTEST|Any CPU.Build.0 = Debug|Any CPU
		{C6044B60-B88A-4067-8941-A7AC37D331D6}.DELUXEWORKSTEST|x64.ActiveCfg = Debug|Any CPU
		{C6044B60-B88A-4067-8941-A7AC37D331D6}.DELUXEWORKSTEST|x64.Build.0 = Debug|Any CPU
		{C6044B60-B88A-4067-8941-A7AC37D331D6}.DELUXEWORKSTEST|x86.ActiveCfg = Debug|Any CPU
		{C6044B60-B88A-4067-8941-A7AC37D331D6}.DELUXEWORKSTEST|x86.Build.0 = Debug|Any CPU
		{C6044B60-B88A-4067-8941-A7AC37D331D6}.Release|Any CPU.ActiveCfg = Release|Any CPU
		{C6044B60-B88A-4067-8941-A7AC37D331D6}.Release|Any CPU.Build.0 = Release|Any CPU
		{C6044B60-B88A-4067-8941-A7AC37D331D6}.Release|x64.ActiveCfg = Release|Any CPU
		{C6044B60-B88A-4067-8941-A7AC37D331D6}.Release|x64.Build.0 = Release|Any CPU
		{C6044B60-B88A-4067-8941-A7AC37D331D6}.Release|x86.ActiveCfg = Release|Any CPU
		{C6044B60-B88A-4067-8941-A7AC37D331D6}.Release|x86.Build.0 = Release|Any CPU
		{4077B0B7-062A-4F6D-8A45-A180A2ED3215}.Debug|Any CPU.ActiveCfg = Debug|Any CPU
		{4077B0B7-062A-4F6D-8A45-A180A2ED3215}.Debug|Any CPU.Build.0 = Debug|Any CPU
		{4077B0B7-062A-4F6D-8A45-A180A2ED3215}.Debug|x64.ActiveCfg = Debug|x64
		{4077B0B7-062A-4F6D-8A45-A180A2ED3215}.Debug|x64.Build.0 = Debug|x64
		{4077B0B7-062A-4F6D-8A45-A180A2ED3215}.Debug|x86.ActiveCfg = Debug|x86
		{4077B0B7-062A-4F6D-8A45-A180A2ED3215}.Debug|x86.Build.0 = Debug|x86
		{4077B0B7-062A-4F6D-8A45-A180A2ED3215}.DELUXEWORKSTEST|Any CPU.ActiveCfg = DELUXEWORKSTEST|Any CPU
		{4077B0B7-062A-4F6D-8A45-A180A2ED3215}.DELUXEWORKSTEST|Any CPU.Build.0 = DELUXEWORKSTEST|Any CPU
		{4077B0B7-062A-4F6D-8A45-A180A2ED3215}.DELUXEWORKSTEST|x64.ActiveCfg = DELUXEWORKSTEST|x64
		{4077B0B7-062A-4F6D-8A45-A180A2ED3215}.DELUXEWORKSTEST|x64.Build.0 = DELUXEWORKSTEST|x64
		{4077B0B7-062A-4F6D-8A45-A180A2ED3215}.DELUXEWORKSTEST|x86.ActiveCfg = DELUXEWORKSTEST|x86
		{4077B0B7-062A-4F6D-8A45-A180A2ED3215}.DELUXEWORKSTEST|x86.Build.0 = DELUXEWORKSTEST|x86
		{4077B0B7-062A-4F6D-8A45-A180A2ED3215}.Release|Any CPU.ActiveCfg = Release|Any CPU
		{4077B0B7-062A-4F6D-8A45-A180A2ED3215}.Release|Any CPU.Build.0 = Release|Any CPU
		{4077B0B7-062A-4F6D-8A45-A180A2ED3215}.Release|x64.ActiveCfg = Release|x64
		{4077B0B7-062A-4F6D-8A45-A180A2ED3215}.Release|x64.Build.0 = Release|x64
		{4077B0B7-062A-4F6D-8A45-A180A2ED3215}.Release|x86.ActiveCfg = Release|x86
		{4077B0B7-062A-4F6D-8A45-A180A2ED3215}.Release|x86.Build.0 = Release|x86
		{4313DE1E-738F-477D-B7FD-B237E9116670}.Debug|Any CPU.ActiveCfg = Debug|Any CPU
		{4313DE1E-738F-477D-B7FD-B237E9116670}.Debug|Any CPU.Build.0 = Debug|Any CPU
		{4313DE1E-738F-477D-B7FD-B237E9116670}.Debug|x64.ActiveCfg = Debug|Any CPU
		{4313DE1E-738F-477D-B7FD-B237E9116670}.Debug|x64.Build.0 = Debug|Any CPU
		{4313DE1E-738F-477D-B7FD-B237E9116670}.Debug|x86.ActiveCfg = Debug|Any CPU
		{4313DE1E-738F-477D-B7FD-B237E9116670}.Debug|x86.Build.0 = Debug|Any CPU
		{4313DE1E-738F-477D-B7FD-B237E9116670}.DELUXEWORKSTEST|Any CPU.ActiveCfg = DELUXEWORKSTEST|Any CPU
		{4313DE1E-738F-477D-B7FD-B237E9116670}.DELUXEWORKSTEST|Any CPU.Build.0 = DELUXEWORKSTEST|Any CPU
		{4313DE1E-738F-477D-B7FD-B237E9116670}.DELUXEWORKSTEST|x64.ActiveCfg = DELUXEWORKSTEST|Any CPU
		{4313DE1E-738F-477D-B7FD-B237E9116670}.DELUXEWORKSTEST|x64.Build.0 = DELUXEWORKSTEST|Any CPU
		{4313DE1E-738F-477D-B7FD-B237E9116670}.DELUXEWORKSTEST|x86.ActiveCfg = DELUXEWORKSTEST|Any CPU
		{4313DE1E-738F-477D-B7FD-B237E9116670}.DELUXEWORKSTEST|x86.Build.0 = DELUXEWORKSTEST|Any CPU
		{4313DE1E-738F-477D-B7FD-B237E9116670}.Release|Any CPU.ActiveCfg = Release|Any CPU
		{4313DE1E-738F-477D-B7FD-B237E9116670}.Release|Any CPU.Build.0 = Release|Any CPU
		{4313DE1E-738F-477D-B7FD-B237E9116670}.Release|x64.ActiveCfg = Release|Any CPU
		{4313DE1E-738F-477D-B7FD-B237E9116670}.Release|x64.Build.0 = Release|Any CPU
		{4313DE1E-738F-477D-B7FD-B237E9116670}.Release|x86.ActiveCfg = Release|Any CPU
		{4313DE1E-738F-477D-B7FD-B237E9116670}.Release|x86.Build.0 = Release|Any CPU
		{3DA10ADA-4F8F-48DF-B61B-054D3AED4D52}.Debug|Any CPU.ActiveCfg = Debug|Any CPU
		{3DA10ADA-4F8F-48DF-B61B-054D3AED4D52}.Debug|Any CPU.Build.0 = Debug|Any CPU
		{3DA10ADA-4F8F-48DF-B61B-054D3AED4D52}.Debug|x64.ActiveCfg = Debug|Any CPU
		{3DA10ADA-4F8F-48DF-B61B-054D3AED4D52}.Debug|x64.Build.0 = Debug|Any CPU
		{3DA10ADA-4F8F-48DF-B61B-054D3AED4D52}.Debug|x86.ActiveCfg = Debug|Any CPU
		{3DA10ADA-4F8F-48DF-B61B-054D3AED4D52}.Debug|x86.Build.0 = Debug|Any CPU
		{3DA10ADA-4F8F-48DF-B61B-054D3AED4D52}.DELUXEWORKSTEST|Any CPU.ActiveCfg = Debug|Any CPU
		{3DA10ADA-4F8F-48DF-B61B-054D3AED4D52}.DELUXEWORKSTEST|Any CPU.Build.0 = Debug|Any CPU
		{3DA10ADA-4F8F-48DF-B61B-054D3AED4D52}.DELUXEWORKSTEST|x64.ActiveCfg = Debug|Any CPU
		{3DA10ADA-4F8F-48DF-B61B-054D3AED4D52}.DELUXEWORKSTEST|x64.Build.0 = Debug|Any CPU
		{3DA10ADA-4F8F-48DF-B61B-054D3AED4D52}.DELUXEWORKSTEST|x86.ActiveCfg = Debug|Any CPU
		{3DA10ADA-4F8F-48DF-B61B-054D3AED4D52}.DELUXEWORKSTEST|x86.Build.0 = Debug|Any CPU
		{3DA10ADA-4F8F-48DF-B61B-054D3AED4D52}.Release|Any CPU.ActiveCfg = Release|Any CPU
		{3DA10ADA-4F8F-48DF-B61B-054D3AED4D52}.Release|Any CPU.Build.0 = Release|Any CPU
		{3DA10ADA-4F8F-48DF-B61B-054D3AED4D52}.Release|x64.ActiveCfg = Release|Any CPU
		{3DA10ADA-4F8F-48DF-B61B-054D3AED4D52}.Release|x64.Build.0 = Release|Any CPU
		{3DA10ADA-4F8F-48DF-B61B-054D3AED4D52}.Release|x86.ActiveCfg = Release|Any CPU
		{3DA10ADA-4F8F-48DF-B61B-054D3AED4D52}.Release|x86.Build.0 = Release|Any CPU
		{3FC0C600-72A6-4296-AA6D-4A5DA28500AA}.Debug|Any CPU.ActiveCfg = Debug|Any CPU
		{3FC0C600-72A6-4296-AA6D-4A5DA28500AA}.Debug|Any CPU.Build.0 = Debug|Any CPU
		{3FC0C600-72A6-4296-AA6D-4A5DA28500AA}.Debug|x64.ActiveCfg = Debug|Any CPU
		{3FC0C600-72A6-4296-AA6D-4A5DA28500AA}.Debug|x64.Build.0 = Debug|Any CPU
		{3FC0C600-72A6-4296-AA6D-4A5DA28500AA}.Debug|x86.ActiveCfg = Debug|Any CPU
		{3FC0C600-72A6-4296-AA6D-4A5DA28500AA}.Debug|x86.Build.0 = Debug|Any CPU
		{3FC0C600-72A6-4296-AA6D-4A5DA28500AA}.DELUXEWORKSTEST|Any CPU.ActiveCfg = Debug|Any CPU
		{3FC0C600-72A6-4296-AA6D-4A5DA28500AA}.DELUXEWORKSTEST|Any CPU.Build.0 = Debug|Any CPU
		{3FC0C600-72A6-4296-AA6D-4A5DA28500AA}.DELUXEWORKSTEST|x64.ActiveCfg = Debug|Any CPU
		{3FC0C600-72A6-4296-AA6D-4A5DA28500AA}.DELUXEWORKSTEST|x64.Build.0 = Debug|Any CPU
		{3FC0C600-72A6-4296-AA6D-4A5DA28500AA}.DELUXEWORKSTEST|x86.ActiveCfg = Debug|Any CPU
		{3FC0C600-72A6-4296-AA6D-4A5DA28500AA}.DELUXEWORKSTEST|x86.Build.0 = Debug|Any CPU
		{3FC0C600-72A6-4296-AA6D-4A5DA28500AA}.Release|Any CPU.ActiveCfg = Release|Any CPU
		{3FC0C600-72A6-4296-AA6D-4A5DA28500AA}.Release|Any CPU.Build.0 = Release|Any CPU
		{3FC0C600-72A6-4296-AA6D-4A5DA28500AA}.Release|x64.ActiveCfg = Release|Any CPU
		{3FC0C600-72A6-4296-AA6D-4A5DA28500AA}.Release|x64.Build.0 = Release|Any CPU
		{3FC0C600-72A6-4296-AA6D-4A5DA28500AA}.Release|x86.ActiveCfg = Release|Any CPU
		{3FC0C600-72A6-4296-AA6D-4A5DA28500AA}.Release|x86.Build.0 = Release|Any CPU
		{BBA0226B-81A6-4684-AA60-14133456E9CC}.Debug|Any CPU.ActiveCfg = Debug|Any CPU
		{BBA0226B-81A6-4684-AA60-14133456E9CC}.Debug|Any CPU.Build.0 = Debug|Any CPU
		{BBA0226B-81A6-4684-AA60-14133456E9CC}.Debug|x64.ActiveCfg = Debug|Any CPU
		{BBA0226B-81A6-4684-AA60-14133456E9CC}.Debug|x64.Build.0 = Debug|Any CPU
		{BBA0226B-81A6-4684-AA60-14133456E9CC}.Debug|x86.ActiveCfg = Debug|Any CPU
		{BBA0226B-81A6-4684-AA60-14133456E9CC}.Debug|x86.Build.0 = Debug|Any CPU
		{BBA0226B-81A6-4684-AA60-14133456E9CC}.DELUXEWORKSTEST|Any CPU.ActiveCfg = Debug|Any CPU
		{BBA0226B-81A6-4684-AA60-14133456E9CC}.DELUXEWORKSTEST|Any CPU.Build.0 = Debug|Any CPU
		{BBA0226B-81A6-4684-AA60-14133456E9CC}.DELUXEWORKSTEST|x64.ActiveCfg = Debug|Any CPU
		{BBA0226B-81A6-4684-AA60-14133456E9CC}.DELUXEWORKSTEST|x64.Build.0 = Debug|Any CPU
		{BBA0226B-81A6-4684-AA60-14133456E9CC}.DELUXEWORKSTEST|x86.ActiveCfg = Debug|Any CPU
		{BBA0226B-81A6-4684-AA60-14133456E9CC}.DELUXEWORKSTEST|x86.Build.0 = Debug|Any CPU
		{BBA0226B-81A6-4684-AA60-14133456E9CC}.Release|Any CPU.ActiveCfg = Release|Any CPU
		{BBA0226B-81A6-4684-AA60-14133456E9CC}.Release|Any CPU.Build.0 = Release|Any CPU
		{BBA0226B-81A6-4684-AA60-14133456E9CC}.Release|x64.ActiveCfg = Release|Any CPU
		{BBA0226B-81A6-4684-AA60-14133456E9CC}.Release|x64.Build.0 = Release|Any CPU
		{BBA0226B-81A6-4684-AA60-14133456E9CC}.Release|x86.ActiveCfg = Release|Any CPU
		{BBA0226B-81A6-4684-AA60-14133456E9CC}.Release|x86.Build.0 = Release|Any CPU
		{202258C1-7ACA-46D3-ACB8-831F949A4ECC}.Debug|Any CPU.ActiveCfg = Debug|Any CPU
		{202258C1-7ACA-46D3-ACB8-831F949A4ECC}.Debug|Any CPU.Build.0 = Debug|Any CPU
		{202258C1-7ACA-46D3-ACB8-831F949A4ECC}.Debug|x64.ActiveCfg = Debug|Any CPU
		{202258C1-7ACA-46D3-ACB8-831F949A4ECC}.Debug|x64.Build.0 = Debug|Any CPU
		{202258C1-7ACA-46D3-ACB8-831F949A4ECC}.Debug|x86.ActiveCfg = Debug|Any CPU
		{202258C1-7ACA-46D3-ACB8-831F949A4ECC}.Debug|x86.Build.0 = Debug|Any CPU
		{202258C1-7ACA-46D3-ACB8-831F949A4ECC}.DELUXEWORKSTEST|Any CPU.ActiveCfg = Debug|Any CPU
		{202258C1-7ACA-46D3-ACB8-831F949A4ECC}.DELUXEWORKSTEST|Any CPU.Build.0 = Debug|Any CPU
		{202258C1-7ACA-46D3-ACB8-831F949A4ECC}.DELUXEWORKSTEST|x64.ActiveCfg = Debug|Any CPU
		{202258C1-7ACA-46D3-ACB8-831F949A4ECC}.DELUXEWORKSTEST|x64.Build.0 = Debug|Any CPU
		{202258C1-7ACA-46D3-ACB8-831F949A4ECC}.DELUXEWORKSTEST|x86.ActiveCfg = Debug|Any CPU
		{202258C1-7ACA-46D3-ACB8-831F949A4ECC}.DELUXEWORKSTEST|x86.Build.0 = Debug|Any CPU
		{202258C1-7ACA-46D3-ACB8-831F949A4ECC}.Release|Any CPU.ActiveCfg = Release|Any CPU
		{202258C1-7ACA-46D3-ACB8-831F949A4ECC}.Release|Any CPU.Build.0 = Release|Any CPU
		{202258C1-7ACA-46D3-ACB8-831F949A4ECC}.Release|x64.ActiveCfg = Release|Any CPU
		{202258C1-7ACA-46D3-ACB8-831F949A4ECC}.Release|x64.Build.0 = Release|Any CPU
		{202258C1-7ACA-46D3-ACB8-831F949A4ECC}.Release|x86.ActiveCfg = Release|Any CPU
		{202258C1-7ACA-46D3-ACB8-831F949A4ECC}.Release|x86.Build.0 = Release|Any CPU
	EndGlobalSection
	GlobalSection(SolutionProperties) = preSolution
		HideSolutionNode = FALSE
	EndGlobalSection
	GlobalSection(NestedProjects) = preSolution
		{B1A3B8A8-28E8-40C4-B6EC-8C4E8A2DA0D6} = {3C99362D-BECE-4ED8-B7C8-3C6975902954}
		{8B8AB24B-A8F7-420C-834E-52517F178D30} = {F2252201-D14A-46DC-83B7-CBB5884A0ED8}
		{773946A6-B352-4F33-9FB3-065B88EA6E43} = {F2252201-D14A-46DC-83B7-CBB5884A0ED8}
		{C6044B60-B88A-4067-8941-A7AC37D331D6} = {7B051852-BE97-4E9A-B600-92FF1EBF83A9}
		{4077B0B7-062A-4F6D-8A45-A180A2ED3215} = {7B051852-BE97-4E9A-B600-92FF1EBF83A9}
		{4313DE1E-738F-477D-B7FD-B237E9116670} = {7B051852-BE97-4E9A-B600-92FF1EBF83A9}
		{3DA10ADA-4F8F-48DF-B61B-054D3AED4D52} = {2F104647-85CF-4E8A-A3F9-51DA59B08ECD}
		{BBA0226B-81A6-4684-AA60-14133456E9CC} = {3C99362D-BECE-4ED8-B7C8-3C6975902954}
		{202258C1-7ACA-46D3-ACB8-831F949A4ECC} = {29BAE105-BE49-4EB5-8B4D-76F3FC64AEE2}
	EndGlobalSection
	GlobalSection(TeamFoundationVersionControl) = preSolution
		SccNumberOfProjects = 11
		SccEnterpriseProvider = {4CA58AB2-18FA-4F8D-95D4-32DDF27D184C}
		SccTeamFoundationServer = http://10.1.56.70:8080/tfs/pptsv2.0
		SccProjectUniqueName0 = ..\\..\\PPTSFramework\\PPTS.Data.Orders\\PPTS.Data.Orders.csproj
		SccProjectTopLevelParentUniqueName0 = PPTS.Services.Orders.sln
		SccProjectName0 = ../../PPTSFramework/PPTS.Data.Orders
		SccLocalPath0 = ..\\..\\PPTSFramework\\PPTS.Data.Orders
		SccProjectUniqueName1 = ..\\..\\PPTSFramework\\PPTS.Data.Orders.Entities\\PPTS.Data.Orders.Entities.csproj
		SccProjectTopLevelParentUniqueName1 = PPTS.Services.Orders.sln
		SccProjectName1 = ../../PPTSFramework/PPTS.Data.Orders.Entities
		SccLocalPath1 = ..\\..\\PPTSFramework\\PPTS.Data.Orders.Entities
		SccProjectUniqueName2 = ..\\..\\Framework\\TestProjects\\MCS.Library.Data.Test\\MCS.Library.Data.Test.csproj
		SccProjectTopLevelParentUniqueName2 = PPTS.Services.Orders.sln
		SccProjectName2 = ../../Framework/TestProjects/MCS.Library.Data.Test
		SccLocalPath2 = ..\\..\\Framework\\TestProjects\\MCS.Library.Data.Test
		SccProjectUniqueName3 = ..\\..\\Framework\\MCS.Library\\MCS.Library.csproj
		SccProjectTopLevelParentUniqueName3 = PPTS.Services.Orders.sln
		SccProjectName3 = ../../Framework/MCS.Library
		SccLocalPath3 = ..\\..\\Framework\\MCS.Library
		SccProjectUniqueName4 = ..\\..\\Framework\\MCS.Library.Data\\MCS.Library.Data.csproj
		SccProjectTopLevelParentUniqueName4 = PPTS.Services.Orders.sln
		SccProjectName4 = ../../Framework/MCS.Library.Data
		SccLocalPath4 = ..\\..\\Framework\\MCS.Library.Data
		SccProjectUniqueName5 = ..\\..\\PPTSFramework\\PPTS.Contracts.Proxies\\PPTS.Contracts.Proxies.csproj
		SccProjectTopLevelParentUniqueName5 = PPTS.Services.Orders.sln
		SccProjectName5 = ../../PPTSFramework/PPTS.Contracts.Proxies
		SccLocalPath5 = ..\\..\\PPTSFramework\\PPTS.Contracts.Proxies
		SccProjectUniqueName6 = ..\\..\\PPTSFramework\\TestProjects\\PPTS.Contracts.Proxies.Test\\PPTS.Contracts.Proxies.Test.csproj
		SccProjectTopLevelParentUniqueName6 = PPTS.Services.Orders.sln
		SccProjectName6 = ../../PPTSFramework/TestProjects/PPTS.Contracts.Proxies.Test
		SccLocalPath6 = ..\\..\\PPTSFramework\\TestProjects\\PPTS.Contracts.Proxies.Test
		SccLocalPath7 = .
		SccProjectUniqueName8 = ..\\..\\PPTSFramework\\PPTS.Contracts.Orders\\PPTS.Contracts.Orders.csproj
		SccProjectTopLevelParentUniqueName8 = PPTS.Services.Orders.sln
		SccProjectName8 = ../../PPTSFramework/PPTS.Contracts.Orders
		SccLocalPath8 = ..\\..\\PPTSFramework\\PPTS.Contracts.Orders
		SccProjectUniqueName9 = ..\\..\\PPTSFramework\\TestProjects\\PPTS.Data.Orders.Test\\PPTS.Data.Orders.Test.csproj
		SccProjectTopLevelParentUniqueName9 = PPTS.Services.Orders.sln
		SccProjectName9 = ../../PPTSFramework/TestProjects/PPTS.Data.Orders.Test
		SccLocalPath9 = ..\\..\\PPTSFramework\\TestProjects\\PPTS.Data.Orders.Test
		SccProjectUniqueName10 = PPTS.Services.Orders.csproj
		SccLocalPath10 = .
	EndGlobalSection
EndGlobal
