Microsoft Visual Studio Solution File, Format Version 12.00
# Visual Studio 14
VisualStudioVersion = 14.0.25123.0
MinimumVisualStudioVersion = 10.0.40219.1
Project("{FAE04EC0-301F-11D3-BF4B-00C04F79EFBC}") = "WfDemoService", "WfDemoService.csproj", "{FDEC4315-DC8F-4BE2-B04E-53D6783783E6}"
EndProject
Global
	GlobalSection(SolutionConfigurationPlatforms) = preSolution
		Debug|Any CPU = Debug|Any CPU
		Debug|Mixed Platforms = Debug|Mixed Platforms
		Debug|x86 = Debug|x86
		Release|Any CPU = Release|Any CPU
		Release|Mixed Platforms = Release|Mixed Platforms
		Release|x86 = Release|x86
	EndGlobalSection
	GlobalSection(ProjectConfigurationPlatforms) = postSolution
		{FDEC4315-DC8F-4BE2-B04E-53D6783783E6}.Debug|Any CPU.ActiveCfg = Debug|Any CPU
		{FDEC4315-DC8F-4BE2-B04E-53D6783783E6}.Debug|Any CPU.Build.0 = Debug|Any CPU
		{FDEC4315-DC8F-4BE2-B04E-53D6783783E6}.Debug|Mixed Platforms.ActiveCfg = Debug|Any CPU
		{FDEC4315-DC8F-4BE2-B04E-53D6783783E6}.Debug|Mixed Platforms.Build.0 = Debug|Any CPU
		{FDEC4315-DC8F-4BE2-B04E-53D6783783E6}.Debug|x86.ActiveCfg = Debug|Any CPU
		{FDEC4315-DC8F-4BE2-B04E-53D6783783E6}.Release|Any CPU.ActiveCfg = Release|Any CPU
		{FDEC4315-DC8F-4BE2-B04E-53D6783783E6}.Release|Any CPU.Build.0 = Release|Any CPU
		{FDEC4315-DC8F-4BE2-B04E-53D6783783E6}.Release|Mixed Platforms.ActiveCfg = Release|Any CPU
		{FDEC4315-DC8F-4BE2-B04E-53D6783783E6}.Release|Mixed Platforms.Build.0 = Release|Any CPU
		{FDEC4315-DC8F-4BE2-B04E-53D6783783E6}.Release|x86.ActiveCfg = Release|Any CPU
	EndGlobalSection
	GlobalSection(SolutionProperties) = preSolution
		HideSolutionNode = FALSE
	EndGlobalSection
	GlobalSection(TeamFoundationVersionControl) = preSolution
		SccNumberOfProjects = 2
		SccEnterpriseProvider = {4CA58AB2-18FA-4F8D-95D4-32DDF27D184C}
		SccTeamFoundationServer = http://10.1.56.70:8080/tfs/pptsv2.0
		SccLocalPath0 = .
		SccProjectUniqueName1 = WfDemoService.csproj
		SccLocalPath1 = .
	EndGlobalSection
EndGlobal
