
Microsoft Visual Studio Solution File, Format Version 12.00
# Visual Studio 14
VisualStudioVersion = 14.0.24720.0
MinimumVisualStudioVersion = 10.0.40219.1
Project("{FAE04EC0-301F-11D3-BF4B-00C04F79EFBC}") = "PPTS.Services.Customers", "PPTS.Services.Customers.csproj", "{629FAB95-44C7-4C50-9DB8-99D73B3B4C33}"
EndProject
Project("{FAE04EC0-301F-11D3-BF4B-00C04F79EFBC}") = "PPTS.Contracts.Customers", "..\..\PPTSFramework\PPTS.Contracts.Customers\PPTS.Contracts.Customers.csproj", "{CD80ECC2-5DF8-4518-8632-73493A116AAE}"
EndProject
Project("{FAE04EC0-301F-11D3-BF4B-00C04F79EFBC}") = "PPTS.Contracts.Proxies", "..\..\PPTSFramework\PPTS.Contracts.Proxies\PPTS.Contracts.Proxies.csproj", "{BBA0226B-81A6-4684-AA60-14133456E9CC}"
EndProject
Project("{FAE04EC0-301F-11D3-BF4B-00C04F79EFBC}") = "PPTS.Contracts.Proxies.Test", "..\..\PPTSFramework\TestProjects\PPTS.Contracts.Proxies.Test\PPTS.Contracts.Proxies.Test.csproj", "{202258C1-7ACA-46D3-ACB8-831F949A4ECC}"
EndProject
Project("{2150E333-8FDC-42A3-9474-1A3956D46DE8}") = "Service.Test", "Service.Test", "{ED9F2507-A50E-4EDD-B7FC-6846A4C0B0C0}"
EndProject
Project("{2150E333-8FDC-42A3-9474-1A3956D46DE8}") = "Data", "Data", "{C437F07A-FD6F-4C16-B5EF-4CA1DBCF27C1}"
EndProject
Project("{2150E333-8FDC-42A3-9474-1A3956D46DE8}") = "MCS", "MCS", "{60D9F0A0-A8B0-48A7-89F5-7C2DD2389706}"
EndProject
Project("{2150E333-8FDC-42A3-9474-1A3956D46DE8}") = "Contracts", "Contracts", "{6F7E284D-63FD-4A0B-AD0A-93772DFBA5D4}"
EndProject
Project("{FAE04EC0-301F-11D3-BF4B-00C04F79EFBC}") = "PPTS.Data.Customers", "..\..\PPTSFramework\PPTS.Data.Customers\PPTS.Data.Customers.csproj", "{96802A24-2E16-4B0E-83BE-AC8A54E19155}"
EndProject
Project("{FAE04EC0-301F-11D3-BF4B-00C04F79EFBC}") = "PPTS.Data.Customers.Entities", "..\..\PPTSFramework\PPTS.Data.Customers.Entities\PPTS.Data.Customers.Entities.csproj", "{33E530F9-6028-4884-BF6A-4F01CCAF4A84}"
EndProject
Project("{FAE04EC0-301F-11D3-BF4B-00C04F79EFBC}") = "MCS.Library", "..\..\Framework\MCS.Library\MCS.Library.csproj", "{4077B0B7-062A-4F6D-8A45-A180A2ED3215}"
EndProject
Project("{FAE04EC0-301F-11D3-BF4B-00C04F79EFBC}") = "MCS.Library.Data", "..\..\Framework\MCS.Library.Data\MCS.Library.Data.csproj", "{4313DE1E-738F-477D-B7FD-B237E9116670}"
EndProject
Global
	GlobalSection(SolutionConfigurationPlatforms) = preSolution
		Debug|Any CPU = Debug|Any CPU
		Debug|x64 = Debug|x64
		Debug|x86 = Debug|x86
		DELUXEWORKSTEST|Any CPU = DELUXEWORKSTEST|Any CPU
		DELUXEWORKSTEST|x64 = DELUXEWORKSTEST|x64
		DELUXEWORKSTEST|x86 = DELUXEWORKSTEST|x86
		Release|Any CPU = Release|Any CPU
		Release|x64 = Release|x64
		Release|x86 = Release|x86
	EndGlobalSection
	GlobalSection(ProjectConfigurationPlatforms) = postSolution
		{629FAB95-44C7-4C50-9DB8-99D73B3B4C33}.Debug|Any CPU.ActiveCfg = Debug|Any CPU
		{629FAB95-44C7-4C50-9DB8-99D73B3B4C33}.Debug|Any CPU.Build.0 = Debug|Any CPU
		{629FAB95-44C7-4C50-9DB8-99D73B3B4C33}.Debug|x64.ActiveCfg = Debug|Any CPU
		{629FAB95-44C7-4C50-9DB8-99D73B3B4C33}.Debug|x64.Build.0 = Debug|Any CPU
		{629FAB95-44C7-4C50-9DB8-99D73B3B4C33}.Debug|x86.ActiveCfg = Debug|Any CPU
		{629FAB95-44C7-4C50-9DB8-99D73B3B4C33}.Debug|x86.Build.0 = Debug|Any CPU
		{629FAB95-44C7-4C50-9DB8-99D73B3B4C33}.DELUXEWORKSTEST|Any CPU.ActiveCfg = Debug|Any CPU
		{629FAB95-44C7-4C50-9DB8-99D73B3B4C33}.DELUXEWORKSTEST|Any CPU.Build.0 = Debug|Any CPU
		{629FAB95-44C7-4C50-9DB8-99D73B3B4C33}.DELUXEWORKSTEST|x64.ActiveCfg = Debug|Any CPU
		{629FAB95-44C7-4C50-9DB8-99D73B3B4C33}.DELUXEWORKSTEST|x64.Build.0 = Debug|Any CPU
		{629FAB95-44C7-4C50-9DB8-99D73B3B4C33}.DELUXEWORKSTEST|x86.ActiveCfg = Debug|Any CPU
		{629FAB95-44C7-4C50-9DB8-99D73B3B4C33}.DELUXEWORKSTEST|x86.Build.0 = Debug|Any CPU
		{629FAB95-44C7-4C50-9DB8-99D73B3B4C33}.Release|Any CPU.ActiveCfg = Release|Any CPU
		{629FAB95-44C7-4C50-9DB8-99D73B3B4C33}.Release|Any CPU.Build.0 = Release|Any CPU
		{629FAB95-44C7-4C50-9DB8-99D73B3B4C33}.Release|x64.ActiveCfg = Release|Any CPU
		{629FAB95-44C7-4C50-9DB8-99D73B3B4C33}.Release|x64.Build.0 = Release|Any CPU
		{629FAB95-44C7-4C50-9DB8-99D73B3B4C33}.Release|x86.ActiveCfg = Release|Any CPU
		{629FAB95-44C7-4C50-9DB8-99D73B3B4C33}.Release|x86.Build.0 = Release|Any CPU
		{CD80ECC2-5DF8-4518-8632-73493A116AAE}.Debug|Any CPU.ActiveCfg = Debug|Any CPU
		{CD80ECC2-5DF8-4518-8632-73493A116AAE}.Debug|Any CPU.Build.0 = Debug|Any CPU
		{CD80ECC2-5DF8-4518-8632-73493A116AAE}.Debug|x64.ActiveCfg = Debug|Any CPU
		{CD80ECC2-5DF8-4518-8632-73493A116AAE}.Debug|x64.Build.0 = Debug|Any CPU
		{CD80ECC2-5DF8-4518-8632-73493A116AAE}.Debug|x86.ActiveCfg = Debug|Any CPU
		{CD80ECC2-5DF8-4518-8632-73493A116AAE}.Debug|x86.Build.0 = Debug|Any CPU
		{CD80ECC2-5DF8-4518-8632-73493A116AAE}.DELUXEWORKSTEST|Any CPU.ActiveCfg = Debug|Any CPU
		{CD80ECC2-5DF8-4518-8632-73493A116AAE}.DELUXEWORKSTEST|Any CPU.Build.0 = Debug|Any CPU
		{CD80ECC2-5DF8-4518-8632-73493A116AAE}.DELUXEWORKSTEST|x64.ActiveCfg = Debug|Any CPU
		{CD80ECC2-5DF8-4518-8632-73493A116AAE}.DELUXEWORKSTEST|x64.Build.0 = Debug|Any CPU
		{CD80ECC2-5DF8-4518-8632-73493A116AAE}.DELUXEWORKSTEST|x86.ActiveCfg = Debug|Any CPU
		{CD80ECC2-5DF8-4518-8632-73493A116AAE}.DELUXEWORKSTEST|x86.Build.0 = Debug|Any CPU
		{CD80ECC2-5DF8-4518-8632-73493A116AAE}.Release|Any CPU.ActiveCfg = Release|Any CPU
		{CD80ECC2-5DF8-4518-8632-73493A116AAE}.Release|Any CPU.Build.0 = Release|Any CPU
		{CD80ECC2-5DF8-4518-8632-73493A116AAE}.Release|x64.ActiveCfg = Release|Any CPU
		{CD80ECC2-5DF8-4518-8632-73493A116AAE}.Release|x64.Build.0 = Release|Any CPU
		{CD80ECC2-5DF8-4518-8632-73493A116AAE}.Release|x86.ActiveCfg = Release|Any CPU
		{CD80ECC2-5DF8-4518-8632-73493A116AAE}.Release|x86.Build.0 = Release|Any CPU
		{BBA0226B-81A6-4684-AA60-14133456E9CC}.Debug|Any CPU.ActiveCfg = Debug|Any CPU
		{BBA0226B-81A6-4684-AA60-14133456E9CC}.Debug|Any CPU.Build.0 = Debug|Any CPU
		{BBA0226B-81A6-4684-AA60-14133456E9CC}.Debug|x64.ActiveCfg = Debug|Any CPU
		{BBA0226B-81A6-4684-AA60-14133456E9CC}.Debug|x64.Build.0 = Debug|Any CPU
		{BBA0226B-81A6-4684-AA60-14133456E9CC}.Debug|x86.ActiveCfg = Debug|Any CPU
		{BBA0226B-81A6-4684-AA60-14133456E9CC}.Debug|x86.Build.0 = Debug|Any CPU
		{BBA0226B-81A6-4684-AA60-14133456E9CC}.DELUXEWORKSTEST|Any CPU.ActiveCfg = Debug|Any CPU
		{BBA0226B-81A6-4684-AA60-14133456E9CC}.DELUXEWORKSTEST|Any CPU.Build.0 = Debug|Any CPU
		{BBA0226B-81A6-4684-AA60-14133456E9CC}.DELUXEWORKSTEST|x64.ActiveCfg = Debug|Any CPU
		{BBA0226B-81A6-4684-AA60-14133456E9CC}.DELUXEWORKSTEST|x64.Build.0 = Debug|Any CPU
		{BBA0226B-81A6-4684-AA60-14133456E9CC}.DELUXEWORKSTEST|x86.ActiveCfg = Debug|Any CPU
		{BBA0226B-81A6-4684-AA60-14133456E9CC}.DELUXEWORKSTEST|x86.Build.0 = Debug|Any CPU
		{BBA0226B-81A6-4684-AA60-14133456E9CC}.Release|Any CPU.ActiveCfg = Release|Any CPU
		{BBA0226B-81A6-4684-AA60-14133456E9CC}.Release|Any CPU.Build.0 = Release|Any CPU
		{BBA0226B-81A6-4684-AA60-14133456E9CC}.Release|x64.ActiveCfg = Release|Any CPU
		{BBA0226B-81A6-4684-AA60-14133456E9CC}.Release|x64.Build.0 = Release|Any CPU
		{BBA0226B-81A6-4684-AA60-14133456E9CC}.Release|x86.ActiveCfg = Release|Any CPU
		{BBA0226B-81A6-4684-AA60-14133456E9CC}.Release|x86.Build.0 = Release|Any CPU
		{202258C1-7ACA-46D3-ACB8-831F949A4ECC}.Debug|Any CPU.ActiveCfg = Debug|Any CPU
		{202258C1-7ACA-46D3-ACB8-831F949A4ECC}.Debug|Any CPU.Build.0 = Debug|Any CPU
		{202258C1-7ACA-46D3-ACB8-831F949A4ECC}.Debug|x64.ActiveCfg = Debug|Any CPU
		{202258C1-7ACA-46D3-ACB8-831F949A4ECC}.Debug|x64.Build.0 = Debug|Any CPU
		{202258C1-7ACA-46D3-ACB8-831F949A4ECC}.Debug|x86.ActiveCfg = Debug|Any CPU
		{202258C1-7ACA-46D3-ACB8-831F949A4ECC}.Debug|x86.Build.0 = Debug|Any CPU
		{202258C1-7ACA-46D3-ACB8-831F949A4ECC}.DELUXEWORKSTEST|Any CPU.ActiveCfg = Debug|Any CPU
		{202258C1-7ACA-46D3-ACB8-831F949A4ECC}.DELUXEWORKSTEST|Any CPU.Build.0 = Debug|Any CPU
		{202258C1-7ACA-46D3-ACB8-831F949A4ECC}.DELUXEWORKSTEST|x64.ActiveCfg = Debug|Any CPU
		{202258C1-7ACA-46D3-ACB8-831F949A4ECC}.DELUXEWORKSTEST|x64.Build.0 = Debug|Any CPU
		{202258C1-7ACA-46D3-ACB8-831F949A4ECC}.DELUXEWORKSTEST|x86.ActiveCfg = Debug|Any CPU
		{202258C1-7ACA-46D3-ACB8-831F949A4ECC}.DELUXEWORKSTEST|x86.Build.0 = Debug|Any CPU
		{202258C1-7ACA-46D3-ACB8-831F949A4ECC}.Release|Any CPU.ActiveCfg = Release|Any CPU
		{202258C1-7ACA-46D3-ACB8-831F949A4ECC}.Release|Any CPU.Build.0 = Release|Any CPU
		{202258C1-7ACA-46D3-ACB8-831F949A4ECC}.Release|x64.ActiveCfg = Release|Any CPU
		{202258C1-7ACA-46D3-ACB8-831F949A4ECC}.Release|x64.Build.0 = Release|Any CPU
		{202258C1-7ACA-46D3-ACB8-831F949A4ECC}.Release|x86.ActiveCfg = Release|Any CPU
		{202258C1-7ACA-46D3-ACB8-831F949A4ECC}.Release|x86.Build.0 = Release|Any CPU
		{96802A24-2E16-4B0E-83BE-AC8A54E19155}.Debug|Any CPU.ActiveCfg = Debug|Any CPU
		{96802A24-2E16-4B0E-83BE-AC8A54E19155}.Debug|Any CPU.Build.0 = Debug|Any CPU
		{96802A24-2E16-4B0E-83BE-AC8A54E19155}.Debug|x64.ActiveCfg = Debug|Any CPU
		{96802A24-2E16-4B0E-83BE-AC8A54E19155}.Debug|x64.Build.0 = Debug|Any CPU
		{96802A24-2E16-4B0E-83BE-AC8A54E19155}.Debug|x86.ActiveCfg = Debug|Any CPU
		{96802A24-2E16-4B0E-83BE-AC8A54E19155}.Debug|x86.Build.0 = Debug|Any CPU
		{96802A24-2E16-4B0E-83BE-AC8A54E19155}.DELUXEWORKSTEST|Any CPU.ActiveCfg = Debug|Any CPU
		{96802A24-2E16-4B0E-83BE-AC8A54E19155}.DELUXEWORKSTEST|Any CPU.Build.0 = Debug|Any CPU
		{96802A24-2E16-4B0E-83BE-AC8A54E19155}.DELUXEWORKSTEST|x64.ActiveCfg = Debug|Any CPU
		{96802A24-2E16-4B0E-83BE-AC8A54E19155}.DELUXEWORKSTEST|x64.Build.0 = Debug|Any CPU
		{96802A24-2E16-4B0E-83BE-AC8A54E19155}.DELUXEWORKSTEST|x86.ActiveCfg = Debug|Any CPU
		{96802A24-2E16-4B0E-83BE-AC8A54E19155}.DELUXEWORKSTEST|x86.Build.0 = Debug|Any CPU
		{96802A24-2E16-4B0E-83BE-AC8A54E19155}.Release|Any CPU.ActiveCfg = Release|Any CPU
		{96802A24-2E16-4B0E-83BE-AC8A54E19155}.Release|Any CPU.Build.0 = Release|Any CPU
		{96802A24-2E16-4B0E-83BE-AC8A54E19155}.Release|x64.ActiveCfg = Release|Any CPU
		{96802A24-2E16-4B0E-83BE-AC8A54E19155}.Release|x64.Build.0 = Release|Any CPU
		{96802A24-2E16-4B0E-83BE-AC8A54E19155}.Release|x86.ActiveCfg = Release|Any CPU
		{96802A24-2E16-4B0E-83BE-AC8A54E19155}.Release|x86.Build.0 = Release|Any CPU
		{33E530F9-6028-4884-BF6A-4F01CCAF4A84}.Debug|Any CPU.ActiveCfg = Debug|Any CPU
		{33E530F9-6028-4884-BF6A-4F01CCAF4A84}.Debug|Any CPU.Build.0 = Debug|Any CPU
		{33E530F9-6028-4884-BF6A-4F01CCAF4A84}.Debug|x64.ActiveCfg = Debug|Any CPU
		{33E530F9-6028-4884-BF6A-4F01CCAF4A84}.Debug|x64.Build.0 = Debug|Any CPU
		{33E530F9-6028-4884-BF6A-4F01CCAF4A84}.Debug|x86.ActiveCfg = Debug|Any CPU
		{33E530F9-6028-4884-BF6A-4F01CCAF4A84}.Debug|x86.Build.0 = Debug|Any CPU
		{33E530F9-6028-4884-BF6A-4F01CCAF4A84}.DELUXEWORKSTEST|Any CPU.ActiveCfg = Debug|Any CPU
		{33E530F9-6028-4884-BF6A-4F01CCAF4A84}.DELUXEWORKSTEST|Any CPU.Build.0 = Debug|Any CPU
		{33E530F9-6028-4884-BF6A-4F01CCAF4A84}.DELUXEWORKSTEST|x64.ActiveCfg = Debug|Any CPU
		{33E530F9-6028-4884-BF6A-4F01CCAF4A84}.DELUXEWORKSTEST|x64.Build.0 = Debug|Any CPU
		{33E530F9-6028-4884-BF6A-4F01CCAF4A84}.DELUXEWORKSTEST|x86.ActiveCfg = Debug|Any CPU
		{33E530F9-6028-4884-BF6A-4F01CCAF4A84}.DELUXEWORKSTEST|x86.Build.0 = Debug|Any CPU
		{33E530F9-6028-4884-BF6A-4F01CCAF4A84}.Release|Any CPU.ActiveCfg = Release|Any CPU
		{33E530F9-6028-4884-BF6A-4F01CCAF4A84}.Release|Any CPU.Build.0 = Release|Any CPU
		{33E530F9-6028-4884-BF6A-4F01CCAF4A84}.Release|x64.ActiveCfg = Release|Any CPU
		{33E530F9-6028-4884-BF6A-4F01CCAF4A84}.Release|x64.Build.0 = Release|Any CPU
		{33E530F9-6028-4884-BF6A-4F01CCAF4A84}.Release|x86.ActiveCfg = Release|Any CPU
		{33E530F9-6028-4884-BF6A-4F01CCAF4A84}.Release|x86.Build.0 = Release|Any CPU
		{4077B0B7-062A-4F6D-8A45-A180A2ED3215}.Debug|Any CPU.ActiveCfg = Debug|Any CPU
		{4077B0B7-062A-4F6D-8A45-A180A2ED3215}.Debug|Any CPU.Build.0 = Debug|Any CPU
		{4077B0B7-062A-4F6D-8A45-A180A2ED3215}.Debug|x64.ActiveCfg = Debug|x64
		{4077B0B7-062A-4F6D-8A45-A180A2ED3215}.Debug|x64.Build.0 = Debug|x64
		{4077B0B7-062A-4F6D-8A45-A180A2ED3215}.Debug|x86.ActiveCfg = Debug|x86
		{4077B0B7-062A-4F6D-8A45-A180A2ED3215}.Debug|x86.Build.0 = Debug|x86
		{4077B0B7-062A-4F6D-8A45-A180A2ED3215}.DELUXEWORKSTEST|Any CPU.ActiveCfg = DELUXEWORKSTEST|Any CPU
		{4077B0B7-062A-4F6D-8A45-A180A2ED3215}.DELUXEWORKSTEST|Any CPU.Build.0 = DELUXEWORKSTEST|Any CPU
		{4077B0B7-062A-4F6D-8A45-A180A2ED3215}.DELUXEWORKSTEST|x64.ActiveCfg = DELUXEWORKSTEST|x64
		{4077B0B7-062A-4F6D-8A45-A180A2ED3215}.DELUXEWORKSTEST|x64.Build.0 = DELUXEWORKSTEST|x64
		{4077B0B7-062A-4F6D-8A45-A180A2ED3215}.DELUXEWORKSTEST|x86.ActiveCfg = DELUXEWORKSTEST|x86
		{4077B0B7-062A-4F6D-8A45-A180A2ED3215}.DELUXEWORKSTEST|x86.Build.0 = DELUXEWORKSTEST|x86
		{4077B0B7-062A-4F6D-8A45-A180A2ED3215}.Release|Any CPU.ActiveCfg = Release|Any CPU
		{4077B0B7-062A-4F6D-8A45-A180A2ED3215}.Release|Any CPU.Build.0 = Release|Any CPU
		{4077B0B7-062A-4F6D-8A45-A180A2ED3215}.Release|x64.ActiveCfg = Release|x64
		{4077B0B7-062A-4F6D-8A45-A180A2ED3215}.Release|x64.Build.0 = Release|x64
		{4077B0B7-062A-4F6D-8A45-A180A2ED3215}.Release|x86.ActiveCfg = Release|x86
		{4077B0B7-062A-4F6D-8A45-A180A2ED3215}.Release|x86.Build.0 = Release|x86
		{4313DE1E-738F-477D-B7FD-B237E9116670}.Debug|Any CPU.ActiveCfg = Debug|Any CPU
		{4313DE1E-738F-477D-B7FD-B237E9116670}.Debug|Any CPU.Build.0 = Debug|Any CPU
		{4313DE1E-738F-477D-B7FD-B237E9116670}.Debug|x64.ActiveCfg = Debug|Any CPU
		{4313DE1E-738F-477D-B7FD-B237E9116670}.Debug|x64.Build.0 = Debug|Any CPU
		{4313DE1E-738F-477D-B7FD-B237E9116670}.Debug|x86.ActiveCfg = Debug|Any CPU
		{4313DE1E-738F-477D-B7FD-B237E9116670}.Debug|x86.Build.0 = Debug|Any CPU
		{4313DE1E-738F-477D-B7FD-B237E9116670}.DELUXEWORKSTEST|Any CPU.ActiveCfg = DELUXEWORKSTEST|Any CPU
		{4313DE1E-738F-477D-B7FD-B237E9116670}.DELUXEWORKSTEST|Any CPU.Build.0 = DELUXEWORKSTEST|Any CPU
		{4313DE1E-738F-477D-B7FD-B237E9116670}.DELUXEWORKSTEST|x64.ActiveCfg = DELUXEWORKSTEST|Any CPU
		{4313DE1E-738F-477D-B7FD-B237E9116670}.DELUXEWORKSTEST|x64.Build.0 = DELUXEWORKSTEST|Any CPU
		{4313DE1E-738F-477D-B7FD-B237E9116670}.DELUXEWORKSTEST|x86.ActiveCfg = DELUXEWORKSTEST|Any CPU
		{4313DE1E-738F-477D-B7FD-B237E9116670}.DELUXEWORKSTEST|x86.Build.0 = DELUXEWORKSTEST|Any CPU
		{4313DE1E-738F-477D-B7FD-B237E9116670}.Release|Any CPU.ActiveCfg = Release|Any CPU
		{4313DE1E-738F-477D-B7FD-B237E9116670}.Release|Any CPU.Build.0 = Release|Any CPU
		{4313DE1E-738F-477D-B7FD-B237E9116670}.Release|x64.ActiveCfg = Release|Any CPU
		{4313DE1E-738F-477D-B7FD-B237E9116670}.Release|x64.Build.0 = Release|Any CPU
		{4313DE1E-738F-477D-B7FD-B237E9116670}.Release|x86.ActiveCfg = Release|Any CPU
		{4313DE1E-738F-477D-B7FD-B237E9116670}.Release|x86.Build.0 = Release|Any CPU
	EndGlobalSection
	GlobalSection(SolutionProperties) = preSolution
		HideSolutionNode = FALSE
	EndGlobalSection
	GlobalSection(NestedProjects) = preSolution
		{CD80ECC2-5DF8-4518-8632-73493A116AAE} = {6F7E284D-63FD-4A0B-AD0A-93772DFBA5D4}
		{BBA0226B-81A6-4684-AA60-14133456E9CC} = {6F7E284D-63FD-4A0B-AD0A-93772DFBA5D4}
		{202258C1-7ACA-46D3-ACB8-831F949A4ECC} = {ED9F2507-A50E-4EDD-B7FC-6846A4C0B0C0}
		{96802A24-2E16-4B0E-83BE-AC8A54E19155} = {C437F07A-FD6F-4C16-B5EF-4CA1DBCF27C1}
		{33E530F9-6028-4884-BF6A-4F01CCAF4A84} = {C437F07A-FD6F-4C16-B5EF-4CA1DBCF27C1}
		{4077B0B7-062A-4F6D-8A45-A180A2ED3215} = {60D9F0A0-A8B0-48A7-89F5-7C2DD2389706}
		{4313DE1E-738F-477D-B7FD-B237E9116670} = {60D9F0A0-A8B0-48A7-89F5-7C2DD2389706}
	EndGlobalSection
	GlobalSection(TeamFoundationVersionControl) = preSolution
		SccNumberOfProjects = 9
		SccEnterpriseProvider = {4CA58AB2-18FA-4F8D-95D4-32DDF27D184C}
		SccTeamFoundationServer = http://10.1.56.70:8080/tfs/pptsv2.0
		SccLocalPath0 = .
		SccProjectUniqueName1 = PPTS.Services.Customers.csproj
		SccLocalPath1 = .
		SccProjectUniqueName2 = ..\\..\\PPTSFramework\\PPTS.Contracts.Customers\\PPTS.Contracts.Customers.csproj
		SccProjectTopLevelParentUniqueName2 = PPTS.Services.Customers.sln
		SccProjectName2 = ../../PPTSFramework/PPTS.Contracts.Customers
		SccLocalPath2 = ..\\..\\PPTSFramework\\PPTS.Contracts.Customers
		SccProjectUniqueName3 = ..\\..\\PPTSFramework\\PPTS.Contracts.Proxies\\PPTS.Contracts.Proxies.csproj
		SccProjectTopLevelParentUniqueName3 = PPTS.Services.Customers.sln
		SccProjectName3 = ../../PPTSFramework/PPTS.Contracts.Proxies
		SccLocalPath3 = ..\\..\\PPTSFramework\\PPTS.Contracts.Proxies
		SccProjectUniqueName4 = ..\\..\\PPTSFramework\\TestProjects\\PPTS.Contracts.Proxies.Test\\PPTS.Contracts.Proxies.Test.csproj
		SccProjectTopLevelParentUniqueName4 = PPTS.Services.Customers.sln
		SccProjectName4 = ../../PPTSFramework/TestProjects/PPTS.Contracts.Proxies.Test
		SccLocalPath4 = ..\\..\\PPTSFramework\\TestProjects\\PPTS.Contracts.Proxies.Test
		SccProjectUniqueName5 = ..\\..\\PPTSFramework\\PPTS.Data.Customers\\PPTS.Data.Customers.csproj
		SccProjectTopLevelParentUniqueName5 = PPTS.Services.Customers.sln
		SccProjectName5 = ../../PPTSFramework/PPTS.Data.Customers
		SccLocalPath5 = ..\\..\\PPTSFramework\\PPTS.Data.Customers
		SccProjectUniqueName6 = ..\\..\\PPTSFramework\\PPTS.Data.Customers.Entities\\PPTS.Data.Customers.Entities.csproj
		SccProjectTopLevelParentUniqueName6 = PPTS.Services.Customers.sln
		SccProjectName6 = ../../PPTSFramework/PPTS.Data.Customers.Entities
		SccLocalPath6 = ..\\..\\PPTSFramework\\PPTS.Data.Customers.Entities
		SccProjectUniqueName7 = ..\\..\\Framework\\MCS.Library\\MCS.Library.csproj
		SccProjectTopLevelParentUniqueName7 = PPTS.Services.Customers.sln
		SccProjectName7 = ../../Framework/MCS.Library
		SccLocalPath7 = ..\\..\\Framework\\MCS.Library
		SccProjectUniqueName8 = ..\\..\\Framework\\MCS.Library.Data\\MCS.Library.Data.csproj
		SccProjectTopLevelParentUniqueName8 = PPTS.Services.Customers.sln
		SccProjectName8 = ../../Framework/MCS.Library.Data
		SccLocalPath8 = ..\\..\\Framework\\MCS.Library.Data
	EndGlobalSection
EndGlobal
