
Microsoft Visual Studio Solution File, Format Version 12.00
# Visual Studio 14
VisualStudioVersion = 14.0.24720.0
MinimumVisualStudioVersion = 10.0.40219.1
Project("{FAE04EC0-301F-11D3-BF4B-00C04F79EFBC}") = "PPTS.Data.Common", "..\PPTSFramework\PPTS.Data.Common\PPTS.Data.Common.csproj", "{0414177E-283E-4E91-8032-37228B715F16}"
	ProjectSection(ProjectDependencies) = postProject
		{FAE1D0A1-6BF2-47A1-8C62-109F00A15E86} = {FAE1D0A1-6BF2-47A1-8C62-109F00A15E86}
	EndProjectSection
EndProject
Project("{FAE04EC0-301F-11D3-BF4B-00C04F79EFBC}") = "PPTS.Data.Customers", "..\PPTSFramework\PPTS.Data.Customers\PPTS.Data.Customers.csproj", "{96802A24-2E16-4B0E-83BE-AC8A54E19155}"
	ProjectSection(ProjectDependencies) = postProject
		{33E530F9-6028-4884-BF6A-4F01CCAF4A84} = {33E530F9-6028-4884-BF6A-4F01CCAF4A84}
	EndProjectSection
EndProject
Project("{FAE04EC0-301F-11D3-BF4B-00C04F79EFBC}") = "PPTS.Data.Orders", "..\PPTSFramework\PPTS.Data.Orders\PPTS.Data.Orders.csproj", "{8B8AB24B-A8F7-420C-834E-52517F178D30}"
	ProjectSection(ProjectDependencies) = postProject
		{773946A6-B352-4F33-9FB3-065B88EA6E43} = {773946A6-B352-4F33-9FB3-065B88EA6E43}
	EndProjectSection
EndProject
Project("{FAE04EC0-301F-11D3-BF4B-00C04F79EFBC}") = "PPTS.Data.Products", "..\PPTSFramework\PPTS.Data.Products\PPTS.Data.Products.csproj", "{FC0E93D0-1D5C-4BDC-95CA-D77052D2F9D2}"
	ProjectSection(ProjectDependencies) = postProject
		{CD75B059-A826-4A7A-847B-CB6C29533063} = {CD75B059-A826-4A7A-847B-CB6C29533063}
	EndProjectSection
EndProject
Project("{FAE04EC0-301F-11D3-BF4B-00C04F79EFBC}") = "PPTS.Web.MVC.Library", "..\PPTSFramework\PPTS.Web.MVC.Library\PPTS.Web.MVC.Library.csproj", "{3AC762A7-49D7-4CCD-AB46-62FE9F88A766}"
EndProject
Project("{FAE04EC0-301F-11D3-BF4B-00C04F79EFBC}") = "PPTS.WebAPI.Customers", "PPTS.WebAPI.Customers\PPTS.WebAPI.Customers.csproj", "{CE7CE1AF-FBD4-4187-9091-211E51BC1517}"
	ProjectSection(ProjectDependencies) = postProject
		{96802A24-2E16-4B0E-83BE-AC8A54E19155} = {96802A24-2E16-4B0E-83BE-AC8A54E19155}
		{8B8AB24B-A8F7-420C-834E-52517F178D30} = {8B8AB24B-A8F7-420C-834E-52517F178D30}
		{0414177E-283E-4E91-8032-37228B715F16} = {0414177E-283E-4E91-8032-37228B715F16}
		{FC0E93D0-1D5C-4BDC-95CA-D77052D2F9D2} = {FC0E93D0-1D5C-4BDC-95CA-D77052D2F9D2}
	EndProjectSection
EndProject
Project("{FAE04EC0-301F-11D3-BF4B-00C04F79EFBC}") = "PPTS.Portal", "PPTS.Portal\PPTS.Portal.csproj", "{CF87C51B-3D83-4C79-8FDD-FF5FC6D5C869}"
EndProject
Project("{FAE04EC0-301F-11D3-BF4B-00C04F79EFBC}") = "PPTS.Data.Common.Entities", "..\PPTSFramework\PPTS.Data.Common.Entities\PPTS.Data.Common.Entities.csproj", "{FAE1D0A1-6BF2-47A1-8C62-109F00A15E86}"
EndProject
Project("{FAE04EC0-301F-11D3-BF4B-00C04F79EFBC}") = "PPTS.Data.Customers.Entities", "..\PPTSFramework\PPTS.Data.Customers.Entities\PPTS.Data.Customers.Entities.csproj", "{33E530F9-6028-4884-BF6A-4F01CCAF4A84}"
EndProject
Project("{FAE04EC0-301F-11D3-BF4B-00C04F79EFBC}") = "PPTS.Data.Orders.Entities", "..\PPTSFramework\PPTS.Data.Orders.Entities\PPTS.Data.Orders.Entities.csproj", "{773946A6-B352-4F33-9FB3-065B88EA6E43}"
EndProject
Project("{FAE04EC0-301F-11D3-BF4B-00C04F79EFBC}") = "PPTS.Data.Products.Entities", "..\PPTSFramework\PPTS.Data.Products.Entities\PPTS.Data.Products.Entities.csproj", "{CD75B059-A826-4A7A-847B-CB6C29533063}"
EndProject
Project("{FAE04EC0-301F-11D3-BF4B-00C04F79EFBC}") = "MCS.Web.Component", "..\MCSWebApp\MCS.Web.Component\MCS.Web.Component.csproj", "{FBEDBD75-FCF5-4FD7-AEA7-1F814D2E68DD}"
EndProject
Project("{FAE04EC0-301F-11D3-BF4B-00C04F79EFBC}") = "PPTS.Contracts.Products", "..\PPTSFramework\PPTS.Contracts.Products\PPTS.Contracts.Products.csproj", "{50DE2332-47F5-4CAF-9391-336ED0EFE0B2}"
EndProject
Project("{FAE04EC0-301F-11D3-BF4B-00C04F79EFBC}") = "PPTS.Contracts.Proxies", "..\PPTSFramework\PPTS.Contracts.Proxies\PPTS.Contracts.Proxies.csproj", "{BBA0226B-81A6-4684-AA60-14133456E9CC}"
EndProject
Project("{FAE04EC0-301F-11D3-BF4B-00C04F79EFBC}") = "PPTS.Services.Products", "PPTS.Services.Products\PPTS.Services.Products.csproj", "{718E329E-5435-4225-863D-036ED3C67851}"
EndProject
Project("{2150E333-8FDC-42A3-9474-1A3956D46DE8}") = "Entity", "Entity", "{0000B1E5-EE27-491A-AF54-2A6C6C312DCC}"
EndProject
Project("{FAE04EC0-301F-11D3-BF4B-00C04F79EFBC}") = "PPTS.Contracts.Orders", "..\PPTSFramework\PPTS.Contracts.Orders\PPTS.Contracts.Orders.csproj", "{B1A3B8A8-28E8-40C4-B6EC-8C4E8A2DA0D6}"
EndProject
Project("{FAE04EC0-301F-11D3-BF4B-00C04F79EFBC}") = "PPTS.Services.Orders", "PPTS.Services.Orders\PPTS.Services.Orders.csproj", "{3FC0C600-72A6-4296-AA6D-4A5DA28500AA}"
EndProject
Project("{FAE04EC0-301F-11D3-BF4B-00C04F79EFBC}") = "PPTS.WebAPI.Products", "PPTS.WebAPI.Products\PPTS.WebAPI.Products.csproj", "{0EFFF8CB-44E8-48F6-B8C2-782E0077C70B}"
EndProject
Project("{FAE04EC0-301F-11D3-BF4B-00C04F79EFBC}") = "PPTS.WebAPI.Orders", "PPTS.WebAPI.Orders\PPTS.WebAPI.Orders.csproj", "{6A483A50-C71F-4312-A2ED-49B10AF30D90}"
EndProject
Project("{FAE04EC0-301F-11D3-BF4B-00C04F79EFBC}") = "PPTS.Contracts.UnionPay", "..\PPTSFramework\PPTS.Contracts.UnionPay\PPTS.Contracts.UnionPay.csproj", "{4EF8FEDB-ECFC-407B-877B-1B2A4982D6B3}"
EndProject
Project("{FAE04EC0-301F-11D3-BF4B-00C04F79EFBC}") = "PPTS.Services.Customers", "PPTS.Services.Customers\PPTS.Services.Customers.csproj", "{629FAB95-44C7-4C50-9DB8-99D73B3B4C33}"
EndProject
Project("{FAE04EC0-301F-11D3-BF4B-00C04F79EFBC}") = "PPTS.WebAPI.Common", "PPTS.WebAPI.Common\PPTS.WebAPI.Common.csproj", "{EC005DE8-1DCB-4936-B6B3-E4DC70C319F2}"
EndProject
Project("{2150E333-8FDC-42A3-9474-1A3956D46DE8}") = "WCF Service", "WCF Service", "{7647E727-F4B4-4749-89F0-6904A11C8794}"
EndProject
Project("{2150E333-8FDC-42A3-9474-1A3956D46DE8}") = "WEB", "WEB", "{ADB1181E-9353-4BCC-A19B-D0FD554854CC}"
EndProject
Global
	GlobalSection(SolutionConfigurationPlatforms) = preSolution
		Debug|Any CPU = Debug|Any CPU
		DELUXEWORKSTEST|Any CPU = DELUXEWORKSTEST|Any CPU
		Release|Any CPU = Release|Any CPU
	EndGlobalSection
	GlobalSection(ProjectConfigurationPlatforms) = postSolution
		{0414177E-283E-4E91-8032-37228B715F16}.Debug|Any CPU.ActiveCfg = Debug|Any CPU
		{0414177E-283E-4E91-8032-37228B715F16}.Debug|Any CPU.Build.0 = Debug|Any CPU
		{0414177E-283E-4E91-8032-37228B715F16}.DELUXEWORKSTEST|Any CPU.ActiveCfg = Debug|Any CPU
		{0414177E-283E-4E91-8032-37228B715F16}.DELUXEWORKSTEST|Any CPU.Build.0 = Debug|Any CPU
		{0414177E-283E-4E91-8032-37228B715F16}.Release|Any CPU.ActiveCfg = Release|Any CPU
		{0414177E-283E-4E91-8032-37228B715F16}.Release|Any CPU.Build.0 = Release|Any CPU
		{96802A24-2E16-4B0E-83BE-AC8A54E19155}.Debug|Any CPU.ActiveCfg = Debug|Any CPU
		{96802A24-2E16-4B0E-83BE-AC8A54E19155}.Debug|Any CPU.Build.0 = Debug|Any CPU
		{96802A24-2E16-4B0E-83BE-AC8A54E19155}.DELUXEWORKSTEST|Any CPU.ActiveCfg = Debug|Any CPU
		{96802A24-2E16-4B0E-83BE-AC8A54E19155}.DELUXEWORKSTEST|Any CPU.Build.0 = Debug|Any CPU
		{96802A24-2E16-4B0E-83BE-AC8A54E19155}.Release|Any CPU.ActiveCfg = Release|Any CPU
		{96802A24-2E16-4B0E-83BE-AC8A54E19155}.Release|Any CPU.Build.0 = Release|Any CPU
		{8B8AB24B-A8F7-420C-834E-52517F178D30}.Debug|Any CPU.ActiveCfg = Debug|Any CPU
		{8B8AB24B-A8F7-420C-834E-52517F178D30}.Debug|Any CPU.Build.0 = Debug|Any CPU
		{8B8AB24B-A8F7-420C-834E-52517F178D30}.DELUXEWORKSTEST|Any CPU.ActiveCfg = Debug|Any CPU
		{8B8AB24B-A8F7-420C-834E-52517F178D30}.DELUXEWORKSTEST|Any CPU.Build.0 = Debug|Any CPU
		{8B8AB24B-A8F7-420C-834E-52517F178D30}.Release|Any CPU.ActiveCfg = Release|Any CPU
		{8B8AB24B-A8F7-420C-834E-52517F178D30}.Release|Any CPU.Build.0 = Release|Any CPU
		{FC0E93D0-1D5C-4BDC-95CA-D77052D2F9D2}.Debug|Any CPU.ActiveCfg = Debug|Any CPU
		{FC0E93D0-1D5C-4BDC-95CA-D77052D2F9D2}.Debug|Any CPU.Build.0 = Debug|Any CPU
		{FC0E93D0-1D5C-4BDC-95CA-D77052D2F9D2}.DELUXEWORKSTEST|Any CPU.ActiveCfg = Debug|Any CPU
		{FC0E93D0-1D5C-4BDC-95CA-D77052D2F9D2}.DELUXEWORKSTEST|Any CPU.Build.0 = Debug|Any CPU
		{FC0E93D0-1D5C-4BDC-95CA-D77052D2F9D2}.Release|Any CPU.ActiveCfg = Release|Any CPU
		{FC0E93D0-1D5C-4BDC-95CA-D77052D2F9D2}.Release|Any CPU.Build.0 = Release|Any CPU
		{3AC762A7-49D7-4CCD-AB46-62FE9F88A766}.Debug|Any CPU.ActiveCfg = Debug|Any CPU
		{3AC762A7-49D7-4CCD-AB46-62FE9F88A766}.Debug|Any CPU.Build.0 = Debug|Any CPU
		{3AC762A7-49D7-4CCD-AB46-62FE9F88A766}.DELUXEWORKSTEST|Any CPU.ActiveCfg = Debug|Any CPU
		{3AC762A7-49D7-4CCD-AB46-62FE9F88A766}.DELUXEWORKSTEST|Any CPU.Build.0 = Debug|Any CPU
		{3AC762A7-49D7-4CCD-AB46-62FE9F88A766}.Release|Any CPU.ActiveCfg = Release|Any CPU
		{3AC762A7-49D7-4CCD-AB46-62FE9F88A766}.Release|Any CPU.Build.0 = Release|Any CPU
		{CE7CE1AF-FBD4-4187-9091-211E51BC1517}.Debug|Any CPU.ActiveCfg = Debug|Any CPU
		{CE7CE1AF-FBD4-4187-9091-211E51BC1517}.Debug|Any CPU.Build.0 = Debug|Any CPU
		{CE7CE1AF-FBD4-4187-9091-211E51BC1517}.DELUXEWORKSTEST|Any CPU.ActiveCfg = Debug|Any CPU
		{CE7CE1AF-FBD4-4187-9091-211E51BC1517}.DELUXEWORKSTEST|Any CPU.Build.0 = Debug|Any CPU
		{CE7CE1AF-FBD4-4187-9091-211E51BC1517}.Release|Any CPU.ActiveCfg = Release|Any CPU
		{CE7CE1AF-FBD4-4187-9091-211E51BC1517}.Release|Any CPU.Build.0 = Release|Any CPU
		{CF87C51B-3D83-4C79-8FDD-FF5FC6D5C869}.Debug|Any CPU.ActiveCfg = Debug|Any CPU
		{CF87C51B-3D83-4C79-8FDD-FF5FC6D5C869}.Debug|Any CPU.Build.0 = Debug|Any CPU
		{CF87C51B-3D83-4C79-8FDD-FF5FC6D5C869}.DELUXEWORKSTEST|Any CPU.ActiveCfg = Debug|Any CPU
		{CF87C51B-3D83-4C79-8FDD-FF5FC6D5C869}.DELUXEWORKSTEST|Any CPU.Build.0 = Debug|Any CPU
		{CF87C51B-3D83-4C79-8FDD-FF5FC6D5C869}.Release|Any CPU.ActiveCfg = Release|Any CPU
		{CF87C51B-3D83-4C79-8FDD-FF5FC6D5C869}.Release|Any CPU.Build.0 = Release|Any CPU
		{FAE1D0A1-6BF2-47A1-8C62-109F00A15E86}.Debug|Any CPU.ActiveCfg = Debug|Any CPU
		{FAE1D0A1-6BF2-47A1-8C62-109F00A15E86}.Debug|Any CPU.Build.0 = Debug|Any CPU
		{FAE1D0A1-6BF2-47A1-8C62-109F00A15E86}.DELUXEWORKSTEST|Any CPU.ActiveCfg = Debug|Any CPU
		{FAE1D0A1-6BF2-47A1-8C62-109F00A15E86}.DELUXEWORKSTEST|Any CPU.Build.0 = Debug|Any CPU
		{FAE1D0A1-6BF2-47A1-8C62-109F00A15E86}.Release|Any CPU.ActiveCfg = Release|Any CPU
		{FAE1D0A1-6BF2-47A1-8C62-109F00A15E86}.Release|Any CPU.Build.0 = Release|Any CPU
		{33E530F9-6028-4884-BF6A-4F01CCAF4A84}.Debug|Any CPU.ActiveCfg = Debug|Any CPU
		{33E530F9-6028-4884-BF6A-4F01CCAF4A84}.Debug|Any CPU.Build.0 = Debug|Any CPU
		{33E530F9-6028-4884-BF6A-4F01CCAF4A84}.DELUXEWORKSTEST|Any CPU.ActiveCfg = Debug|Any CPU
		{33E530F9-6028-4884-BF6A-4F01CCAF4A84}.DELUXEWORKSTEST|Any CPU.Build.0 = Debug|Any CPU
		{33E530F9-6028-4884-BF6A-4F01CCAF4A84}.Release|Any CPU.ActiveCfg = Release|Any CPU
		{33E530F9-6028-4884-BF6A-4F01CCAF4A84}.Release|Any CPU.Build.0 = Release|Any CPU
		{773946A6-B352-4F33-9FB3-065B88EA6E43}.Debug|Any CPU.ActiveCfg = Debug|Any CPU
		{773946A6-B352-4F33-9FB3-065B88EA6E43}.Debug|Any CPU.Build.0 = Debug|Any CPU
		{773946A6-B352-4F33-9FB3-065B88EA6E43}.DELUXEWORKSTEST|Any CPU.ActiveCfg = Debug|Any CPU
		{773946A6-B352-4F33-9FB3-065B88EA6E43}.DELUXEWORKSTEST|Any CPU.Build.0 = Debug|Any CPU
		{773946A6-B352-4F33-9FB3-065B88EA6E43}.Release|Any CPU.ActiveCfg = Release|Any CPU
		{773946A6-B352-4F33-9FB3-065B88EA6E43}.Release|Any CPU.Build.0 = Release|Any CPU
		{CD75B059-A826-4A7A-847B-CB6C29533063}.Debug|Any CPU.ActiveCfg = Debug|Any CPU
		{CD75B059-A826-4A7A-847B-CB6C29533063}.Debug|Any CPU.Build.0 = Debug|Any CPU
		{CD75B059-A826-4A7A-847B-CB6C29533063}.DELUXEWORKSTEST|Any CPU.ActiveCfg = Debug|Any CPU
		{CD75B059-A826-4A7A-847B-CB6C29533063}.DELUXEWORKSTEST|Any CPU.Build.0 = Debug|Any CPU
		{CD75B059-A826-4A7A-847B-CB6C29533063}.Release|Any CPU.ActiveCfg = Release|Any CPU
		{CD75B059-A826-4A7A-847B-CB6C29533063}.Release|Any CPU.Build.0 = Release|Any CPU
		{FBEDBD75-FCF5-4FD7-AEA7-1F814D2E68DD}.Debug|Any CPU.ActiveCfg = Debug|Any CPU
		{FBEDBD75-FCF5-4FD7-AEA7-1F814D2E68DD}.Debug|Any CPU.Build.0 = Debug|Any CPU
		{FBEDBD75-FCF5-4FD7-AEA7-1F814D2E68DD}.DELUXEWORKSTEST|Any CPU.ActiveCfg = Debug|Any CPU
		{FBEDBD75-FCF5-4FD7-AEA7-1F814D2E68DD}.DELUXEWORKSTEST|Any CPU.Build.0 = Debug|Any CPU
		{FBEDBD75-FCF5-4FD7-AEA7-1F814D2E68DD}.Release|Any CPU.ActiveCfg = Release|Any CPU
		{FBEDBD75-FCF5-4FD7-AEA7-1F814D2E68DD}.Release|Any CPU.Build.0 = Release|Any CPU
		{50DE2332-47F5-4CAF-9391-336ED0EFE0B2}.Debug|Any CPU.ActiveCfg = Debug|Any CPU
		{50DE2332-47F5-4CAF-9391-336ED0EFE0B2}.Debug|Any CPU.Build.0 = Debug|Any CPU
		{50DE2332-47F5-4CAF-9391-336ED0EFE0B2}.DELUXEWORKSTEST|Any CPU.ActiveCfg = Debug|Any CPU
		{50DE2332-47F5-4CAF-9391-336ED0EFE0B2}.DELUXEWORKSTEST|Any CPU.Build.0 = Debug|Any CPU
		{50DE2332-47F5-4CAF-9391-336ED0EFE0B2}.Release|Any CPU.ActiveCfg = Release|Any CPU
		{50DE2332-47F5-4CAF-9391-336ED0EFE0B2}.Release|Any CPU.Build.0 = Release|Any CPU
		{BBA0226B-81A6-4684-AA60-14133456E9CC}.Debug|Any CPU.ActiveCfg = Debug|Any CPU
		{BBA0226B-81A6-4684-AA60-14133456E9CC}.Debug|Any CPU.Build.0 = Debug|Any CPU
		{BBA0226B-81A6-4684-AA60-14133456E9CC}.DELUXEWORKSTEST|Any CPU.ActiveCfg = Debug|Any CPU
		{BBA0226B-81A6-4684-AA60-14133456E9CC}.DELUXEWORKSTEST|Any CPU.Build.0 = Debug|Any CPU
		{BBA0226B-81A6-4684-AA60-14133456E9CC}.Release|Any CPU.ActiveCfg = Release|Any CPU
		{BBA0226B-81A6-4684-AA60-14133456E9CC}.Release|Any CPU.Build.0 = Release|Any CPU
		{718E329E-5435-4225-863D-036ED3C67851}.Debug|Any CPU.ActiveCfg = Debug|Any CPU
		{718E329E-5435-4225-863D-036ED3C67851}.Debug|Any CPU.Build.0 = Debug|Any CPU
		{718E329E-5435-4225-863D-036ED3C67851}.DELUXEWORKSTEST|Any CPU.ActiveCfg = Debug|Any CPU
		{718E329E-5435-4225-863D-036ED3C67851}.DELUXEWORKSTEST|Any CPU.Build.0 = Debug|Any CPU
		{718E329E-5435-4225-863D-036ED3C67851}.Release|Any CPU.ActiveCfg = Release|Any CPU
		{718E329E-5435-4225-863D-036ED3C67851}.Release|Any CPU.Build.0 = Release|Any CPU
		{B1A3B8A8-28E8-40C4-B6EC-8C4E8A2DA0D6}.Debug|Any CPU.ActiveCfg = Debug|Any CPU
		{B1A3B8A8-28E8-40C4-B6EC-8C4E8A2DA0D6}.Debug|Any CPU.Build.0 = Debug|Any CPU
		{B1A3B8A8-28E8-40C4-B6EC-8C4E8A2DA0D6}.DELUXEWORKSTEST|Any CPU.ActiveCfg = Debug|Any CPU
		{B1A3B8A8-28E8-40C4-B6EC-8C4E8A2DA0D6}.DELUXEWORKSTEST|Any CPU.Build.0 = Debug|Any CPU
		{B1A3B8A8-28E8-40C4-B6EC-8C4E8A2DA0D6}.Release|Any CPU.ActiveCfg = Release|Any CPU
		{B1A3B8A8-28E8-40C4-B6EC-8C4E8A2DA0D6}.Release|Any CPU.Build.0 = Release|Any CPU
		{3FC0C600-72A6-4296-AA6D-4A5DA28500AA}.Debug|Any CPU.ActiveCfg = Debug|Any CPU
		{3FC0C600-72A6-4296-AA6D-4A5DA28500AA}.Debug|Any CPU.Build.0 = Debug|Any CPU
		{3FC0C600-72A6-4296-AA6D-4A5DA28500AA}.DELUXEWORKSTEST|Any CPU.ActiveCfg = Debug|Any CPU
		{3FC0C600-72A6-4296-AA6D-4A5DA28500AA}.DELUXEWORKSTEST|Any CPU.Build.0 = Debug|Any CPU
		{3FC0C600-72A6-4296-AA6D-4A5DA28500AA}.Release|Any CPU.ActiveCfg = Release|Any CPU
		{3FC0C600-72A6-4296-AA6D-4A5DA28500AA}.Release|Any CPU.Build.0 = Release|Any CPU
		{0EFFF8CB-44E8-48F6-B8C2-782E0077C70B}.Debug|Any CPU.ActiveCfg = Debug|Any CPU
		{0EFFF8CB-44E8-48F6-B8C2-782E0077C70B}.Debug|Any CPU.Build.0 = Debug|Any CPU
		{0EFFF8CB-44E8-48F6-B8C2-782E0077C70B}.DELUXEWORKSTEST|Any CPU.ActiveCfg = Debug|Any CPU
		{0EFFF8CB-44E8-48F6-B8C2-782E0077C70B}.DELUXEWORKSTEST|Any CPU.Build.0 = Debug|Any CPU
		{0EFFF8CB-44E8-48F6-B8C2-782E0077C70B}.Release|Any CPU.ActiveCfg = Release|Any CPU
		{0EFFF8CB-44E8-48F6-B8C2-782E0077C70B}.Release|Any CPU.Build.0 = Release|Any CPU
		{6A483A50-C71F-4312-A2ED-49B10AF30D90}.Debug|Any CPU.ActiveCfg = Debug|Any CPU
		{6A483A50-C71F-4312-A2ED-49B10AF30D90}.Debug|Any CPU.Build.0 = Debug|Any CPU
		{6A483A50-C71F-4312-A2ED-49B10AF30D90}.DELUXEWORKSTEST|Any CPU.ActiveCfg = Debug|Any CPU
		{6A483A50-C71F-4312-A2ED-49B10AF30D90}.DELUXEWORKSTEST|Any CPU.Build.0 = Debug|Any CPU
		{6A483A50-C71F-4312-A2ED-49B10AF30D90}.Release|Any CPU.ActiveCfg = Release|Any CPU
		{6A483A50-C71F-4312-A2ED-49B10AF30D90}.Release|Any CPU.Build.0 = Release|Any CPU
		{4EF8FEDB-ECFC-407B-877B-1B2A4982D6B3}.Debug|Any CPU.ActiveCfg = Debug|Any CPU
		{4EF8FEDB-ECFC-407B-877B-1B2A4982D6B3}.Debug|Any CPU.Build.0 = Debug|Any CPU
		{4EF8FEDB-ECFC-407B-877B-1B2A4982D6B3}.DELUXEWORKSTEST|Any CPU.ActiveCfg = Debug|Any CPU
		{4EF8FEDB-ECFC-407B-877B-1B2A4982D6B3}.DELUXEWORKSTEST|Any CPU.Build.0 = Debug|Any CPU
		{4EF8FEDB-ECFC-407B-877B-1B2A4982D6B3}.Release|Any CPU.ActiveCfg = Release|Any CPU
		{4EF8FEDB-ECFC-407B-877B-1B2A4982D6B3}.Release|Any CPU.Build.0 = Release|Any CPU
		{629FAB95-44C7-4C50-9DB8-99D73B3B4C33}.Debug|Any CPU.ActiveCfg = Debug|Any CPU
		{629FAB95-44C7-4C50-9DB8-99D73B3B4C33}.Debug|Any CPU.Build.0 = Debug|Any CPU
		{629FAB95-44C7-4C50-9DB8-99D73B3B4C33}.DELUXEWORKSTEST|Any CPU.ActiveCfg = Debug|Any CPU
		{629FAB95-44C7-4C50-9DB8-99D73B3B4C33}.DELUXEWORKSTEST|Any CPU.Build.0 = Debug|Any CPU
		{629FAB95-44C7-4C50-9DB8-99D73B3B4C33}.Release|Any CPU.ActiveCfg = Release|Any CPU
		{629FAB95-44C7-4C50-9DB8-99D73B3B4C33}.Release|Any CPU.Build.0 = Release|Any CPU
		{EC005DE8-1DCB-4936-B6B3-E4DC70C319F2}.Debug|Any CPU.ActiveCfg = Debug|Any CPU
		{EC005DE8-1DCB-4936-B6B3-E4DC70C319F2}.Debug|Any CPU.Build.0 = Debug|Any CPU
		{EC005DE8-1DCB-4936-B6B3-E4DC70C319F2}.DELUXEWORKSTEST|Any CPU.ActiveCfg = Debug|Any CPU
		{EC005DE8-1DCB-4936-B6B3-E4DC70C319F2}.DELUXEWORKSTEST|Any CPU.Build.0 = Debug|Any CPU
		{EC005DE8-1DCB-4936-B6B3-E4DC70C319F2}.Release|Any CPU.ActiveCfg = Release|Any CPU
		{EC005DE8-1DCB-4936-B6B3-E4DC70C319F2}.Release|Any CPU.Build.0 = Release|Any CPU
	EndGlobalSection
	GlobalSection(SolutionProperties) = preSolution
		HideSolutionNode = FALSE
	EndGlobalSection
	GlobalSection(NestedProjects) = preSolution
		{CE7CE1AF-FBD4-4187-9091-211E51BC1517} = {ADB1181E-9353-4BCC-A19B-D0FD554854CC}
		{CF87C51B-3D83-4C79-8FDD-FF5FC6D5C869} = {ADB1181E-9353-4BCC-A19B-D0FD554854CC}
		{FAE1D0A1-6BF2-47A1-8C62-109F00A15E86} = {0000B1E5-EE27-491A-AF54-2A6C6C312DCC}
		{33E530F9-6028-4884-BF6A-4F01CCAF4A84} = {0000B1E5-EE27-491A-AF54-2A6C6C312DCC}
		{773946A6-B352-4F33-9FB3-065B88EA6E43} = {0000B1E5-EE27-491A-AF54-2A6C6C312DCC}
		{CD75B059-A826-4A7A-847B-CB6C29533063} = {0000B1E5-EE27-491A-AF54-2A6C6C312DCC}
		{50DE2332-47F5-4CAF-9391-336ED0EFE0B2} = {0000B1E5-EE27-491A-AF54-2A6C6C312DCC}
		{BBA0226B-81A6-4684-AA60-14133456E9CC} = {0000B1E5-EE27-491A-AF54-2A6C6C312DCC}
		{718E329E-5435-4225-863D-036ED3C67851} = {7647E727-F4B4-4749-89F0-6904A11C8794}
		{B1A3B8A8-28E8-40C4-B6EC-8C4E8A2DA0D6} = {0000B1E5-EE27-491A-AF54-2A6C6C312DCC}
		{3FC0C600-72A6-4296-AA6D-4A5DA28500AA} = {7647E727-F4B4-4749-89F0-6904A11C8794}
		{0EFFF8CB-44E8-48F6-B8C2-782E0077C70B} = {ADB1181E-9353-4BCC-A19B-D0FD554854CC}
		{6A483A50-C71F-4312-A2ED-49B10AF30D90} = {ADB1181E-9353-4BCC-A19B-D0FD554854CC}
		{4EF8FEDB-ECFC-407B-877B-1B2A4982D6B3} = {0000B1E5-EE27-491A-AF54-2A6C6C312DCC}
		{629FAB95-44C7-4C50-9DB8-99D73B3B4C33} = {7647E727-F4B4-4749-89F0-6904A11C8794}
		{EC005DE8-1DCB-4936-B6B3-E4DC70C319F2} = {ADB1181E-9353-4BCC-A19B-D0FD554854CC}
	EndGlobalSection
	GlobalSection(TeamFoundationVersionControl) = preSolution
		SccNumberOfProjects = 23
		SccEnterpriseProvider = {4CA58AB2-18FA-4F8D-95D4-32DDF27D184C}
		SccTeamFoundationServer = http://10.1.56.70:8080/tfs/pptsv2.0
		SccLocalPath0 = .
		SccProjectUniqueName1 = ..\\PPTSFramework\\PPTS.Data.Common\\PPTS.Data.Common.csproj
		SccProjectName1 = ../PPTSFramework/PPTS.Data.Common
		SccLocalPath1 = ..\\PPTSFramework\\PPTS.Data.Common
		SccProjectUniqueName2 = ..\\PPTSFramework\\PPTS.Data.Customers\\PPTS.Data.Customers.csproj
		SccProjectName2 = ../PPTSFramework/PPTS.Data.Customers
		SccLocalPath2 = ..\\PPTSFramework\\PPTS.Data.Customers
		SccProjectUniqueName3 = ..\\PPTSFramework\\PPTS.Data.Orders\\PPTS.Data.Orders.csproj
		SccProjectName3 = ../PPTSFramework/PPTS.Data.Orders
		SccLocalPath3 = ..\\PPTSFramework\\PPTS.Data.Orders
		SccProjectUniqueName4 = ..\\PPTSFramework\\PPTS.Data.Products\\PPTS.Data.Products.csproj
		SccProjectName4 = ../PPTSFramework/PPTS.Data.Products
		SccLocalPath4 = ..\\PPTSFramework\\PPTS.Data.Products
		SccProjectUniqueName5 = ..\\PPTSFramework\\PPTS.Web.MVC.Library\\PPTS.Web.MVC.Library.csproj
		SccProjectName5 = ../PPTSFramework/PPTS.Web.MVC.Library
		SccLocalPath5 = ..\\PPTSFramework\\PPTS.Web.MVC.Library
		SccProjectUniqueName6 = PPTS.WebAPI.Customers\\PPTS.WebAPI.Customers.csproj
		SccProjectTopLevelParentUniqueName6 = PPTSWebApp.sln
		SccProjectName6 = PPTS.WebAPI.Customers
		SccLocalPath6 = PPTS.WebAPI.Customers
		SccProjectUniqueName7 = PPTS.Portal\\PPTS.Portal.csproj
		SccProjectTopLevelParentUniqueName7 = PPTSWebApp.sln
		SccProjectName7 = PPTS.Portal
		SccLocalPath7 = PPTS.Portal
		SccProjectUniqueName8 = ..\\PPTSFramework\\PPTS.Data.Common.Entities\\PPTS.Data.Common.Entities.csproj
		SccProjectTopLevelParentUniqueName8 = PPTSWebApp.sln
		SccProjectName8 = ../PPTSFramework/PPTS.Data.Common.Entities
		SccLocalPath8 = ..\\PPTSFramework\\PPTS.Data.Common.Entities
		SccProjectUniqueName9 = ..\\PPTSFramework\\PPTS.Data.Customers.Entities\\PPTS.Data.Customers.Entities.csproj
		SccProjectTopLevelParentUniqueName9 = PPTSWebApp.sln
		SccProjectName9 = ../PPTSFramework/PPTS.Data.Customers.Entities
		SccLocalPath9 = ..\\PPTSFramework\\PPTS.Data.Customers.Entities
		SccProjectUniqueName10 = ..\\PPTSFramework\\PPTS.Data.Orders.Entities\\PPTS.Data.Orders.Entities.csproj
		SccProjectTopLevelParentUniqueName10 = PPTSWebApp.sln
		SccProjectName10 = ../PPTSFramework/PPTS.Data.Orders.Entities
		SccLocalPath10 = ..\\PPTSFramework\\PPTS.Data.Orders.Entities
		SccProjectUniqueName11 = ..\\PPTSFramework\\PPTS.Data.Products.Entities\\PPTS.Data.Products.Entities.csproj
		SccProjectTopLevelParentUniqueName11 = PPTSWebApp.sln
		SccProjectName11 = ../PPTSFramework/PPTS.Data.Products.Entities
		SccLocalPath11 = ..\\PPTSFramework\\PPTS.Data.Products.Entities
		SccProjectUniqueName12 = ..\\MCSWebApp\\MCS.Web.Component\\MCS.Web.Component.csproj
		SccProjectName12 = ../MCSWebApp/MCS.Web.Component
		SccLocalPath12 = ..\\MCSWebApp\\MCS.Web.Component
		SccProjectUniqueName13 = ..\\PPTSFramework\\PPTS.Contracts.Products\\PPTS.Contracts.Products.csproj
		SccProjectTopLevelParentUniqueName13 = PPTSWebApp.sln
		SccProjectName13 = ../PPTSFramework/PPTS.Contracts.Products
		SccLocalPath13 = ..\\PPTSFramework\\PPTS.Contracts.Products
		SccProjectUniqueName14 = ..\\PPTSFramework\\PPTS.Contracts.Proxies\\PPTS.Contracts.Proxies.csproj
		SccProjectTopLevelParentUniqueName14 = PPTSWebApp.sln
		SccProjectName14 = ../PPTSFramework/PPTS.Contracts.Proxies
		SccLocalPath14 = ..\\PPTSFramework\\PPTS.Contracts.Proxies
		SccProjectUniqueName15 = PPTS.Services.Products\\PPTS.Services.Products.csproj
		SccProjectTopLevelParentUniqueName15 = PPTSWebApp.sln
		SccProjectName15 = PPTS.Services.Products
		SccLocalPath15 = PPTS.Services.Products
		SccProjectUniqueName16 = ..\\PPTSFramework\\PPTS.Contracts.Orders\\PPTS.Contracts.Orders.csproj
		SccProjectTopLevelParentUniqueName16 = PPTSWebApp.sln
		SccProjectName16 = ../PPTSFramework/PPTS.Contracts.Orders
		SccLocalPath16 = ..\\PPTSFramework\\PPTS.Contracts.Orders
		SccProjectUniqueName17 = PPTS.Services.Orders\\PPTS.Services.Orders.csproj
		SccProjectTopLevelParentUniqueName17 = PPTSWebApp.sln
		SccProjectName17 = PPTS.Services.Orders
		SccLocalPath17 = PPTS.Services.Orders
		SccProjectUniqueName18 = PPTS.WebAPI.Products\\PPTS.WebAPI.Products.csproj
		SccProjectTopLevelParentUniqueName18 = PPTSWebApp.sln
		SccProjectName18 = PPTS.WebAPI.Products
		SccLocalPath18 = PPTS.WebAPI.Products
		SccProjectUniqueName19 = PPTS.WebAPI.Orders\\PPTS.WebAPI.Orders.csproj
		SccProjectTopLevelParentUniqueName19 = PPTSWebApp.sln
		SccProjectName19 = PPTS.WebAPI.Orders
		SccLocalPath19 = PPTS.WebAPI.Orders
		SccProjectUniqueName20 = ..\\PPTSFramework\\PPTS.Contracts.UnionPay\\PPTS.Contracts.UnionPay.csproj
		SccProjectTopLevelParentUniqueName20 = PPTSWebApp.sln
		SccProjectName20 = ../PPTSFramework/PPTS.Contracts.UnionPay
		SccLocalPath20 = ..\\PPTSFramework\\PPTS.Contracts.UnionPay
		SccProjectUniqueName21 = PPTS.Services.Customers\\PPTS.Services.Customers.csproj
		SccProjectTopLevelParentUniqueName21 = PPTSWebApp.sln
		SccProjectName21 = PPTS.Services.Customers
		SccLocalPath21 = PPTS.Services.Customers
		SccProjectUniqueName22 = PPTS.WebAPI.Common\\PPTS.WebAPI.Common.csproj
		SccProjectTopLevelParentUniqueName22 = PPTSWebApp.sln
		SccProjectName22 = PPTS.WebAPI.Common
		SccLocalPath22 = PPTS.WebAPI.Common
	EndGlobalSection
EndGlobal
